
Microsoft Visual Studio Solution File, Format Version 12.00
# Visual Studio Version 17
VisualStudioVersion = 17.0.31903.59
MinimumVisualStudioVersion = 10.0.40219.1
Project("{2150E333-8FDC-42A3-9474-1A3956D46DE8}") = "01", "01", "{703D84F4-A167-4DA6-942E-29B494913CD6}"
EndProject
Project("{9A19103F-16F7-4668-BE54-9A1E7A4F7556}") = "App", "S701\App.csproj", "{6ED14718-C805-4673-83BB-A642CFFB0AAA}"
EndProject
Project("{2150E333-8FDC-42A3-9474-1A3956D46DE8}") = "02", "02", "{9C62EC0D-AF24-4CF0-8D9E-0B71921E4248}"
EndProject
Project("{9A19103F-16F7-4668-BE54-9A1E7A4F7556}") = "App", "S702\App.csproj", "{D1239814-6135-4D65-B420-8DCFA8EC99DE}"
EndProject
Project("{2150E333-8FDC-42A3-9474-1A3956D46DE8}") = "03", "03", "{99379CF5-D2C6-42E9-BB46-7AF30F39F385}"
EndProject
Project("{9A19103F-16F7-4668-BE54-9A1E7A4F7556}") = "App", "S703\App.csproj", "{BEFEE448-6347-46EB-91BE-8B78AD6BF1A9}"
EndProject
Project("{2150E333-8FDC-42A3-9474-1A3956D46DE8}") = "04", "04", "{98468A92-8C47-4281-BFFA-BA3FABD81B22}"
EndProject
Project("{9A19103F-16F7-4668-BE54-9A1E7A4F7556}") = "App", "S704\App.csproj", "{DDF6835B-A545-4A85-8C42-FA53CF1ACC24}"
EndProject
Project("{2150E333-8FDC-42A3-9474-1A3956D46DE8}") = "05", "05", "{AE2E8A0A-8B88-4159-A422-7440EBAEBAD4}"
EndProject
Project("{9A19103F-16F7-4668-BE54-9A1E7A4F7556}") = "App", "S705\App.csproj", "{2F35CC98-3F96-4348-8EF0-2EA91AB9B44E}"
EndProject
Project("{2150E333-8FDC-42A3-9474-1A3956D46DE8}") = "06", "06", "{D00B7C48-0FF5-4A13-9789-F394AC897885}"
EndProject
Project("{9A19103F-16F7-4668-BE54-9A1E7A4F7556}") = "App", "S706\App.csproj", "{BC05BD07-C35E-4A52-9BC5-121D20853161}"
EndProject
Project("{2150E333-8FDC-42A3-9474-1A3956D46DE8}") = "07", "07", "{89C48D57-25AA-4C75-AE57-3A1E9B5F675D}"
EndProject
Project("{9A19103F-16F7-4668-BE54-9A1E7A4F7556}") = "App", "S707\App.csproj", "{A307CC39-9BB6-4FEE-A5D3-D766340E6126}"
EndProject
Project("{2150E333-8FDC-42A3-9474-1A3956D46DE8}") = "08", "08", "{7859D36A-CC99-49E4-9A0A-DE632CBDB125}"
EndProject
Project("{9A19103F-16F7-4668-BE54-9A1E7A4F7556}") = "App", "S708\App.csproj", "{EB1DA953-C631-4A80-A43B-7B2CBE0A57E8}"
EndProject
Project("{2150E333-8FDC-42A3-9474-1A3956D46DE8}") = "09", "09", "{F5C656A3-3247-4093-934B-9DFF18D42D4A}"
EndProject
Project("{9A19103F-16F7-4668-BE54-9A1E7A4F7556}") = "App", "S709\App.csproj", "{F978DCC1-41FF-4875-B87C-BA4A295D1B70}"
EndProject
Project("{2150E333-8FDC-42A3-9474-1A3956D46DE8}") = "10", "10", "{E0DFE332-EAFD-4A54-B159-30DFB1AD025B}"
EndProject
Project("{9A19103F-16F7-4668-BE54-9A1E7A4F7556}") = "App", "S710\App.csproj", "{7FD4C6B9-082C-44F7-A0E2-6260CDD6A6CB}"
EndProject
Project("{2150E333-8FDC-42A3-9474-1A3956D46DE8}") = "11", "11", "{56043A29-8357-4CA1-A101-9215EEE007AF}"
EndProject
Project("{9A19103F-16F7-4668-BE54-9A1E7A4F7556}") = "App", "S711\App.csproj", "{249B5D55-5AF6-4A7B-8B5C-4FC013CF8BA5}"
EndProject
Project("{2150E333-8FDC-42A3-9474-1A3956D46DE8}") = "12", "12", "{D0731880-1609-47DE-8345-E9692067E0AE}"
EndProject
Project("{9A19103F-16F7-4668-BE54-9A1E7A4F7556}") = "App", "S712\App.csproj", "{F392BD62-048F-45FD-B1BB-93713C2F5D97}"
EndProject
Project("{2150E333-8FDC-42A3-9474-1A3956D46DE8}") = "13", "13", "{C8182A21-917C-4B4A-BDEA-615AC0D09B40}"
EndProject
Project("{9A19103F-16F7-4668-BE54-9A1E7A4F7556}") = "App", "S713\App.csproj", "{21A832A9-59BE-4560-899A-399685624225}"
EndProject
Global
	GlobalSection(SolutionConfigurationPlatforms) = preSolution
		Debug|Any CPU = Debug|Any CPU
		Release|Any CPU = Release|Any CPU
	EndGlobalSection
	GlobalSection(ProjectConfigurationPlatforms) = postSolution
		{6ED14718-C805-4673-83BB-A642CFFB0AAA}.Debug|Any CPU.ActiveCfg = Debug|Any CPU
		{6ED14718-C805-4673-83BB-A642CFFB0AAA}.Debug|Any CPU.Build.0 = Debug|Any CPU
		{6ED14718-C805-4673-83BB-A642CFFB0AAA}.Release|Any CPU.ActiveCfg = Release|Any CPU
		{6ED14718-C805-4673-83BB-A642CFFB0AAA}.Release|Any CPU.Build.0 = Release|Any CPU
		{D1239814-6135-4D65-B420-8DCFA8EC99DE}.Debug|Any CPU.ActiveCfg = Debug|Any CPU
		{D1239814-6135-4D65-B420-8DCFA8EC99DE}.Debug|Any CPU.Build.0 = Debug|Any CPU
		{D1239814-6135-4D65-B420-8DCFA8EC99DE}.Release|Any CPU.ActiveCfg = Release|Any CPU
		{D1239814-6135-4D65-B420-8DCFA8EC99DE}.Release|Any CPU.Build.0 = Release|Any CPU
		{BEFEE448-6347-46EB-91BE-8B78AD6BF1A9}.Debug|Any CPU.ActiveCfg = Debug|Any CPU
		{BEFEE448-6347-46EB-91BE-8B78AD6BF1A9}.Debug|Any CPU.Build.0 = Debug|Any CPU
		{BEFEE448-6347-46EB-91BE-8B78AD6BF1A9}.Release|Any CPU.ActiveCfg = Release|Any CPU
		{BEFEE448-6347-46EB-91BE-8B78AD6BF1A9}.Release|Any CPU.Build.0 = Release|Any CPU
		{DDF6835B-A545-4A85-8C42-FA53CF1ACC24}.Debug|Any CPU.ActiveCfg = Debug|Any CPU
		{DDF6835B-A545-4A85-8C42-FA53CF1ACC24}.Debug|Any CPU.Build.0 = Debug|Any CPU
		{DDF6835B-A545-4A85-8C42-FA53CF1ACC24}.Release|Any CPU.ActiveCfg = Release|Any CPU
		{DDF6835B-A545-4A85-8C42-FA53CF1ACC24}.Release|Any CPU.Build.0 = Release|Any CPU
		{2F35CC98-3F96-4348-8EF0-2EA91AB9B44E}.Debug|Any CPU.ActiveCfg = Debug|Any CPU
		{2F35CC98-3F96-4348-8EF0-2EA91AB9B44E}.Debug|Any CPU.Build.0 = Debug|Any CPU
		{2F35CC98-3F96-4348-8EF0-2EA91AB9B44E}.Release|Any CPU.ActiveCfg = Release|Any CPU
		{2F35CC98-3F96-4348-8EF0-2EA91AB9B44E}.Release|Any CPU.Build.0 = Release|Any CPU
		{BC05BD07-C35E-4A52-9BC5-121D20853161}.Debug|Any CPU.ActiveCfg = Debug|Any CPU
		{BC05BD07-C35E-4A52-9BC5-121D20853161}.Debug|Any CPU.Build.0 = Debug|Any CPU
		{BC05BD07-C35E-4A52-9BC5-121D20853161}.Release|Any CPU.ActiveCfg = Release|Any CPU
		{BC05BD07-C35E-4A52-9BC5-121D20853161}.Release|Any CPU.Build.0 = Release|Any CPU
		{A307CC39-9BB6-4FEE-A5D3-D766340E6126}.Debug|Any CPU.ActiveCfg = Debug|Any CPU
		{A307CC39-9BB6-4FEE-A5D3-D766340E6126}.Debug|Any CPU.Build.0 = Debug|Any CPU
		{A307CC39-9BB6-4FEE-A5D3-D766340E6126}.Release|Any CPU.ActiveCfg = Release|Any CPU
		{A307CC39-9BB6-4FEE-A5D3-D766340E6126}.Release|Any CPU.Build.0 = Release|Any CPU
		{EB1DA953-C631-4A80-A43B-7B2CBE0A57E8}.Debug|Any CPU.ActiveCfg = Debug|Any CPU
		{EB1DA953-C631-4A80-A43B-7B2CBE0A57E8}.Debug|Any CPU.Build.0 = Debug|Any CPU
		{EB1DA953-C631-4A80-A43B-7B2CBE0A57E8}.Release|Any CPU.ActiveCfg = Release|Any CPU
		{EB1DA953-C631-4A80-A43B-7B2CBE0A57E8}.Release|Any CPU.Build.0 = Release|Any CPU
		{F978DCC1-41FF-4875-B87C-BA4A295D1B70}.Debug|Any CPU.ActiveCfg = Debug|Any CPU
		{F978DCC1-41FF-4875-B87C-BA4A295D1B70}.Debug|Any CPU.Build.0 = Debug|Any CPU
		{F978DCC1-41FF-4875-B87C-BA4A295D1B70}.Release|Any CPU.ActiveCfg = Release|Any CPU
		{F978DCC1-41FF-4875-B87C-BA4A295D1B70}.Release|Any CPU.Build.0 = Release|Any CPU
		{7FD4C6B9-082C-44F7-A0E2-6260CDD6A6CB}.Debug|Any CPU.ActiveCfg = Debug|Any CPU
		{7FD4C6B9-082C-44F7-A0E2-6260CDD6A6CB}.Debug|Any CPU.Build.0 = Debug|Any CPU
		{7FD4C6B9-082C-44F7-A0E2-6260CDD6A6CB}.Release|Any CPU.ActiveCfg = Release|Any CPU
		{7FD4C6B9-082C-44F7-A0E2-6260CDD6A6CB}.Release|Any CPU.Build.0 = Release|Any CPU
		{249B5D55-5AF6-4A7B-8B5C-4FC013CF8BA5}.Debug|Any CPU.ActiveCfg = Debug|Any CPU
		{249B5D55-5AF6-4A7B-8B5C-4FC013CF8BA5}.Debug|Any CPU.Build.0 = Debug|Any CPU
		{249B5D55-5AF6-4A7B-8B5C-4FC013CF8BA5}.Release|Any CPU.ActiveCfg = Release|Any CPU
		{249B5D55-5AF6-4A7B-8B5C-4FC013CF8BA5}.Release|Any CPU.Build.0 = Release|Any CPU
		{F392BD62-048F-45FD-B1BB-93713C2F5D97}.Debug|Any CPU.ActiveCfg = Debug|Any CPU
		{F392BD62-048F-45FD-B1BB-93713C2F5D97}.Debug|Any CPU.Build.0 = Debug|Any CPU
		{F392BD62-048F-45FD-B1BB-93713C2F5D97}.Release|Any CPU.ActiveCfg = Release|Any CPU
		{F392BD62-048F-45FD-B1BB-93713C2F5D97}.Release|Any CPU.Build.0 = Release|Any CPU
		{21A832A9-59BE-4560-899A-399685624225}.Debug|Any CPU.ActiveCfg = Debug|Any CPU
		{21A832A9-59BE-4560-899A-399685624225}.Debug|Any CPU.Build.0 = Debug|Any CPU
		{21A832A9-59BE-4560-899A-399685624225}.Release|Any CPU.ActiveCfg = Release|Any CPU
		{21A832A9-59BE-4560-899A-399685624225}.Release|Any CPU.Build.0 = Release|Any CPU
	EndGlobalSection
	GlobalSection(SolutionProperties) = preSolution
		HideSolutionNode = FALSE
	EndGlobalSection
	GlobalSection(NestedProjects) = preSolution
		{6ED14718-C805-4673-83BB-A642CFFB0AAA} = {703D84F4-A167-4DA6-942E-29B494913CD6}
		{D1239814-6135-4D65-B420-8DCFA8EC99DE} = {9C62EC0D-AF24-4CF0-8D9E-0B71921E4248}
		{BEFEE448-6347-46EB-91BE-8B78AD6BF1A9} = {99379CF5-D2C6-42E9-BB46-7AF30F39F385}
		{DDF6835B-A545-4A85-8C42-FA53CF1ACC24} = {98468A92-8C47-4281-BFFA-BA3FABD81B22}
		{2F35CC98-3F96-4348-8EF0-2EA91AB9B44E} = {AE2E8A0A-8B88-4159-A422-7440EBAEBAD4}
		{BC05BD07-C35E-4A52-9BC5-121D20853161} = {D00B7C48-0FF5-4A13-9789-F394AC897885}
		{A307CC39-9BB6-4FEE-A5D3-D766340E6126} = {89C48D57-25AA-4C75-AE57-3A1E9B5F675D}
		{EB1DA953-C631-4A80-A43B-7B2CBE0A57E8} = {7859D36A-CC99-49E4-9A0A-DE632CBDB125}
		{F978DCC1-41FF-4875-B87C-BA4A295D1B70} = {F5C656A3-3247-4093-934B-9DFF18D42D4A}
		{7FD4C6B9-082C-44F7-A0E2-6260CDD6A6CB} = {E0DFE332-EAFD-4A54-B159-30DFB1AD025B}
		{249B5D55-5AF6-4A7B-8B5C-4FC013CF8BA5} = {56043A29-8357-4CA1-A101-9215EEE007AF}
		{F392BD62-048F-45FD-B1BB-93713C2F5D97} = {D0731880-1609-47DE-8345-E9692067E0AE}
		{21A832A9-59BE-4560-899A-399685624225} = {C8182A21-917C-4B4A-BDEA-615AC0D09B40}
	EndGlobalSection
	GlobalSection(ExtensibilityGlobals) = postSolution
		SolutionGuid = {EC3FCBE3-E76D-4127-B472-026A2C510F05}
	EndGlobalSection
EndGlobal
