
Microsoft Visual Studio Solution File, Format Version 12.00
# Visual Studio Version 17
VisualStudioVersion = 17.0.31903.59
MinimumVisualStudioVersion = 10.0.40219.1
Project("{2150E333-8FDC-42A3-9474-1A3956D46DE8}") = "01", "01", "{1606CE73-EC83-48BD-B032-86D8A57A9A45}"
EndProject
Project("{9A19103F-16F7-4668-BE54-9A1E7A4F7556}") = "App", "S1201\App.csproj", "{43838ADD-E383-48E1-BE1F-C36A43AB0084}"
EndProject
Project("{2150E333-8FDC-42A3-9474-1A3956D46DE8}") = "02", "02", "{6E118323-8638-40EF-A6CA-96BC516ED3AB}"
EndProject
Project("{9A19103F-16F7-4668-BE54-9A1E7A4F7556}") = "App", "S1202\App.csproj", "{63EF62F2-3472-48AF-B64F-43740A3A793D}"
EndProject
Project("{2150E333-8FDC-42A3-9474-1A3956D46DE8}") = "03", "03", "{B0A3A44C-B09D-4324-A8F8-FD3243C84CA6}"
EndProject
Project("{9A19103F-16F7-4668-BE54-9A1E7A4F7556}") = "App", "S1203\App.csproj", "{BE39D05D-C538-44FA-9EC1-621BED248977}"
EndProject
Project("{2150E333-8FDC-42A3-9474-1A3956D46DE8}") = "04", "04", "{11F17002-5F3B-435B-BDA2-3D1AD920DB86}"
EndProject
Project("{9A19103F-16F7-4668-BE54-9A1E7A4F7556}") = "App", "S1204\App.csproj", "{7D6AC315-FBA8-4623-94E3-447F2F134C67}"
EndProject
Project("{2150E333-8FDC-42A3-9474-1A3956D46DE8}") = "05", "05", "{F1AE05BF-D4F5-4420-83D2-71DF025AE286}"
EndProject
Project("{9A19103F-16F7-4668-BE54-9A1E7A4F7556}") = "App", "S1205\App.csproj", "{247FC672-F2B4-4AE9-8DDE-BFF8C58471B0}"
EndProject
Project("{2150E333-8FDC-42A3-9474-1A3956D46DE8}") = "06", "06", "{6C4DFB15-7F63-4D38-8FA2-197F6DDF2EC6}"
EndProject
Project("{9A19103F-16F7-4668-BE54-9A1E7A4F7556}") = "App", "S1206\App.csproj", "{35BE6E46-0AFF-41D3-BFBA-72DB35A06BEC}"
EndProject
Project("{2150E333-8FDC-42A3-9474-1A3956D46DE8}") = "07", "07", "{A717F74C-A8D1-4D62-A6E0-4638E49FD906}"
EndProject
Project("{9A19103F-16F7-4668-BE54-9A1E7A4F7556}") = "App", "S1207\App.csproj", "{EEC54F3F-D96C-4A0F-8DA1-EE0AE4D65194}"
EndProject
Project("{2150E333-8FDC-42A3-9474-1A3956D46DE8}") = "08", "08", "{146B4149-E2C7-4CA2-835E-F0C06B717932}"
EndProject
Project("{9A19103F-16F7-4668-BE54-9A1E7A4F7556}") = "App", "S1208\App.csproj", "{ED72F0AA-55D7-48B0-90C7-5601302F546D}"
EndProject
Project("{2150E333-8FDC-42A3-9474-1A3956D46DE8}") = "09", "09", "{E31FF849-09AA-421A-89B8-15BF322C0055}"
EndProject
Project("{9A19103F-16F7-4668-BE54-9A1E7A4F7556}") = "App", "S1209\App.csproj", "{D003B00A-4D63-4EFF-BA1A-24706E50980D}"
EndProject
Project("{2150E333-8FDC-42A3-9474-1A3956D46DE8}") = "10", "10", "{080B9F46-DEE1-4F99-BD7C-29E978AD0BAF}"
EndProject
Project("{9A19103F-16F7-4668-BE54-9A1E7A4F7556}") = "App", "S1210\App.csproj", "{AE2EABFD-6BDF-4D39-9A95-A994BBC88D2B}"
EndProject
Project("{2150E333-8FDC-42A3-9474-1A3956D46DE8}") = "11", "11", "{08BEA852-7E76-465F-A4A6-9F4C6BE59AAA}"
EndProject
Project("{9A19103F-16F7-4668-BE54-9A1E7A4F7556}") = "App", "S1211\App.csproj", "{B6D4B488-E64D-4B4F-9B11-EBF6CE2F2EB9}"
EndProject
Project("{2150E333-8FDC-42A3-9474-1A3956D46DE8}") = "12", "12", "{948B0B73-2160-4BA0-BBC0-2189461FF38B}"
EndProject
Project("{9A19103F-16F7-4668-BE54-9A1E7A4F7556}") = "App", "S1212\App.csproj", "{FACDAF2A-B1EA-4148-B64B-617E9EA045FB}"
EndProject
Project("{2150E333-8FDC-42A3-9474-1A3956D46DE8}") = "13", "13", "{26C41252-719B-46DF-B77B-B1E52B55203A}"
EndProject
Project("{9A19103F-16F7-4668-BE54-9A1E7A4F7556}") = "App", "S1213\App.csproj", "{BAC2E832-1BC4-4D75-8AF0-E19725663AB5}"
EndProject
Project("{2150E333-8FDC-42A3-9474-1A3956D46DE8}") = "14", "14", "{E512B185-20F2-4A73-9E85-667A6C29668B}"
EndProject
Project("{9A19103F-16F7-4668-BE54-9A1E7A4F7556}") = "App", "S1214\App.csproj", "{C9C5A47E-1F67-493D-89AF-5C5677FA5971}"
EndProject
Global
	GlobalSection(SolutionConfigurationPlatforms) = preSolution
		Debug|Any CPU = Debug|Any CPU
		Release|Any CPU = Release|Any CPU
	EndGlobalSection
	GlobalSection(ProjectConfigurationPlatforms) = postSolution
		{43838ADD-E383-48E1-BE1F-C36A43AB0084}.Debug|Any CPU.ActiveCfg = Debug|Any CPU
		{43838ADD-E383-48E1-BE1F-C36A43AB0084}.Debug|Any CPU.Build.0 = Debug|Any CPU
		{43838ADD-E383-48E1-BE1F-C36A43AB0084}.Release|Any CPU.ActiveCfg = Release|Any CPU
		{43838ADD-E383-48E1-BE1F-C36A43AB0084}.Release|Any CPU.Build.0 = Release|Any CPU
		{63EF62F2-3472-48AF-B64F-43740A3A793D}.Debug|Any CPU.ActiveCfg = Debug|Any CPU
		{63EF62F2-3472-48AF-B64F-43740A3A793D}.Debug|Any CPU.Build.0 = Debug|Any CPU
		{63EF62F2-3472-48AF-B64F-43740A3A793D}.Release|Any CPU.ActiveCfg = Release|Any CPU
		{63EF62F2-3472-48AF-B64F-43740A3A793D}.Release|Any CPU.Build.0 = Release|Any CPU
		{BE39D05D-C538-44FA-9EC1-621BED248977}.Debug|Any CPU.ActiveCfg = Debug|Any CPU
		{BE39D05D-C538-44FA-9EC1-621BED248977}.Debug|Any CPU.Build.0 = Debug|Any CPU
		{BE39D05D-C538-44FA-9EC1-621BED248977}.Release|Any CPU.ActiveCfg = Release|Any CPU
		{BE39D05D-C538-44FA-9EC1-621BED248977}.Release|Any CPU.Build.0 = Release|Any CPU
		{7D6AC315-FBA8-4623-94E3-447F2F134C67}.Debug|Any CPU.ActiveCfg = Debug|Any CPU
		{7D6AC315-FBA8-4623-94E3-447F2F134C67}.Debug|Any CPU.Build.0 = Debug|Any CPU
		{7D6AC315-FBA8-4623-94E3-447F2F134C67}.Release|Any CPU.ActiveCfg = Release|Any CPU
		{7D6AC315-FBA8-4623-94E3-447F2F134C67}.Release|Any CPU.Build.0 = Release|Any CPU
		{247FC672-F2B4-4AE9-8DDE-BFF8C58471B0}.Debug|Any CPU.ActiveCfg = Debug|Any CPU
		{247FC672-F2B4-4AE9-8DDE-BFF8C58471B0}.Debug|Any CPU.Build.0 = Debug|Any CPU
		{247FC672-F2B4-4AE9-8DDE-BFF8C58471B0}.Release|Any CPU.ActiveCfg = Release|Any CPU
		{247FC672-F2B4-4AE9-8DDE-BFF8C58471B0}.Release|Any CPU.Build.0 = Release|Any CPU
		{35BE6E46-0AFF-41D3-BFBA-72DB35A06BEC}.Debug|Any CPU.ActiveCfg = Debug|Any CPU
		{35BE6E46-0AFF-41D3-BFBA-72DB35A06BEC}.Debug|Any CPU.Build.0 = Debug|Any CPU
		{35BE6E46-0AFF-41D3-BFBA-72DB35A06BEC}.Release|Any CPU.ActiveCfg = Release|Any CPU
		{35BE6E46-0AFF-41D3-BFBA-72DB35A06BEC}.Release|Any CPU.Build.0 = Release|Any CPU
		{EEC54F3F-D96C-4A0F-8DA1-EE0AE4D65194}.Debug|Any CPU.ActiveCfg = Debug|Any CPU
		{EEC54F3F-D96C-4A0F-8DA1-EE0AE4D65194}.Debug|Any CPU.Build.0 = Debug|Any CPU
		{EEC54F3F-D96C-4A0F-8DA1-EE0AE4D65194}.Release|Any CPU.ActiveCfg = Release|Any CPU
		{EEC54F3F-D96C-4A0F-8DA1-EE0AE4D65194}.Release|Any CPU.Build.0 = Release|Any CPU
		{ED72F0AA-55D7-48B0-90C7-5601302F546D}.Debug|Any CPU.ActiveCfg = Debug|Any CPU
		{ED72F0AA-55D7-48B0-90C7-5601302F546D}.Debug|Any CPU.Build.0 = Debug|Any CPU
		{ED72F0AA-55D7-48B0-90C7-5601302F546D}.Release|Any CPU.ActiveCfg = Release|Any CPU
		{ED72F0AA-55D7-48B0-90C7-5601302F546D}.Release|Any CPU.Build.0 = Release|Any CPU
		{D003B00A-4D63-4EFF-BA1A-24706E50980D}.Debug|Any CPU.ActiveCfg = Debug|Any CPU
		{D003B00A-4D63-4EFF-BA1A-24706E50980D}.Debug|Any CPU.Build.0 = Debug|Any CPU
		{D003B00A-4D63-4EFF-BA1A-24706E50980D}.Release|Any CPU.ActiveCfg = Release|Any CPU
		{D003B00A-4D63-4EFF-BA1A-24706E50980D}.Release|Any CPU.Build.0 = Release|Any CPU
		{AE2EABFD-6BDF-4D39-9A95-A994BBC88D2B}.Debug|Any CPU.ActiveCfg = Debug|Any CPU
		{AE2EABFD-6BDF-4D39-9A95-A994BBC88D2B}.Debug|Any CPU.Build.0 = Debug|Any CPU
		{AE2EABFD-6BDF-4D39-9A95-A994BBC88D2B}.Release|Any CPU.ActiveCfg = Release|Any CPU
		{AE2EABFD-6BDF-4D39-9A95-A994BBC88D2B}.Release|Any CPU.Build.0 = Release|Any CPU
		{B6D4B488-E64D-4B4F-9B11-EBF6CE2F2EB9}.Debug|Any CPU.ActiveCfg = Debug|Any CPU
		{B6D4B488-E64D-4B4F-9B11-EBF6CE2F2EB9}.Debug|Any CPU.Build.0 = Debug|Any CPU
		{B6D4B488-E64D-4B4F-9B11-EBF6CE2F2EB9}.Release|Any CPU.ActiveCfg = Release|Any CPU
		{B6D4B488-E64D-4B4F-9B11-EBF6CE2F2EB9}.Release|Any CPU.Build.0 = Release|Any CPU
		{FACDAF2A-B1EA-4148-B64B-617E9EA045FB}.Debug|Any CPU.ActiveCfg = Debug|Any CPU
		{FACDAF2A-B1EA-4148-B64B-617E9EA045FB}.Debug|Any CPU.Build.0 = Debug|Any CPU
		{FACDAF2A-B1EA-4148-B64B-617E9EA045FB}.Release|Any CPU.ActiveCfg = Release|Any CPU
		{FACDAF2A-B1EA-4148-B64B-617E9EA045FB}.Release|Any CPU.Build.0 = Release|Any CPU
		{BAC2E832-1BC4-4D75-8AF0-E19725663AB5}.Debug|Any CPU.ActiveCfg = Debug|Any CPU
		{BAC2E832-1BC4-4D75-8AF0-E19725663AB5}.Debug|Any CPU.Build.0 = Debug|Any CPU
		{BAC2E832-1BC4-4D75-8AF0-E19725663AB5}.Release|Any CPU.ActiveCfg = Release|Any CPU
		{BAC2E832-1BC4-4D75-8AF0-E19725663AB5}.Release|Any CPU.Build.0 = Release|Any CPU
		{C9C5A47E-1F67-493D-89AF-5C5677FA5971}.Debug|Any CPU.ActiveCfg = Debug|Any CPU
		{C9C5A47E-1F67-493D-89AF-5C5677FA5971}.Debug|Any CPU.Build.0 = Debug|Any CPU
		{C9C5A47E-1F67-493D-89AF-5C5677FA5971}.Release|Any CPU.ActiveCfg = Release|Any CPU
		{C9C5A47E-1F67-493D-89AF-5C5677FA5971}.Release|Any CPU.Build.0 = Release|Any CPU
	EndGlobalSection
	GlobalSection(SolutionProperties) = preSolution
		HideSolutionNode = FALSE
	EndGlobalSection
	GlobalSection(NestedProjects) = preSolution
		{43838ADD-E383-48E1-BE1F-C36A43AB0084} = {1606CE73-EC83-48BD-B032-86D8A57A9A45}
		{63EF62F2-3472-48AF-B64F-43740A3A793D} = {6E118323-8638-40EF-A6CA-96BC516ED3AB}
		{BE39D05D-C538-44FA-9EC1-621BED248977} = {B0A3A44C-B09D-4324-A8F8-FD3243C84CA6}
		{7D6AC315-FBA8-4623-94E3-447F2F134C67} = {11F17002-5F3B-435B-BDA2-3D1AD920DB86}
		{247FC672-F2B4-4AE9-8DDE-BFF8C58471B0} = {F1AE05BF-D4F5-4420-83D2-71DF025AE286}
		{35BE6E46-0AFF-41D3-BFBA-72DB35A06BEC} = {6C4DFB15-7F63-4D38-8FA2-197F6DDF2EC6}
		{EEC54F3F-D96C-4A0F-8DA1-EE0AE4D65194} = {A717F74C-A8D1-4D62-A6E0-4638E49FD906}
		{ED72F0AA-55D7-48B0-90C7-5601302F546D} = {146B4149-E2C7-4CA2-835E-F0C06B717932}
		{D003B00A-4D63-4EFF-BA1A-24706E50980D} = {E31FF849-09AA-421A-89B8-15BF322C0055}
		{AE2EABFD-6BDF-4D39-9A95-A994BBC88D2B} = {080B9F46-DEE1-4F99-BD7C-29E978AD0BAF}
		{B6D4B488-E64D-4B4F-9B11-EBF6CE2F2EB9} = {08BEA852-7E76-465F-A4A6-9F4C6BE59AAA}
		{FACDAF2A-B1EA-4148-B64B-617E9EA045FB} = {948B0B73-2160-4BA0-BBC0-2189461FF38B}
		{BAC2E832-1BC4-4D75-8AF0-E19725663AB5} = {26C41252-719B-46DF-B77B-B1E52B55203A}
		{C9C5A47E-1F67-493D-89AF-5C5677FA5971} = {E512B185-20F2-4A73-9E85-667A6C29668B}
	EndGlobalSection
	GlobalSection(ExtensibilityGlobals) = postSolution
		SolutionGuid = {EC3FCBE3-E76D-4127-B472-026A2C510F05}
	EndGlobalSection
EndGlobal
