
Microsoft Visual Studio Solution File, Format Version 12.00
# Visual Studio Version 17
VisualStudioVersion = 17.0.31903.59
MinimumVisualStudioVersion = 10.0.40219.1
Project("{2150E333-8FDC-42A3-9474-1A3956D46DE8}") = "01", "01", "{11447E46-6A9C-4BD6-9AEE-9E13543ABF9E}"
EndProject
Project("{9A19103F-16F7-4668-BE54-9A1E7A4F7556}") = "App", "S301\App.csproj", "{306640FE-B5DF-46EB-A72B-51CCACCA7D67}"
EndProject
Project("{2150E333-8FDC-42A3-9474-1A3956D46DE8}") = "02", "02", "{B63D14BC-769C-4E7A-A16A-77FCB5CAD8A4}"
EndProject
Project("{9A19103F-16F7-4668-BE54-9A1E7A4F7556}") = "App", "S302\App.csproj", "{3A3A531E-F572-4467-9B31-906E512F71DF}"
EndProject
Project("{2150E333-8FDC-42A3-9474-1A3956D46DE8}") = "03", "03", "{8B539CF9-1C59-4B6F-8253-17C67E115709}"
EndProject
Project("{9A19103F-16F7-4668-BE54-9A1E7A4F7556}") = "App", "S303\App.csproj", "{C54F1D8B-9F78-4DB1-8766-F2D7462E5C57}"
EndProject
Project("{2150E333-8FDC-42A3-9474-1A3956D46DE8}") = "04", "04", "{CE9CED3E-8D84-4B03-910D-3AC1E222084A}"
EndProject
Project("{9A19103F-16F7-4668-BE54-9A1E7A4F7556}") = "App", "S304\App.csproj", "{0D88FE42-28FA-4AEB-B8FD-657C44670C1C}"
EndProject
Project("{2150E333-8FDC-42A3-9474-1A3956D46DE8}") = "05", "05", "{95981D54-F17F-4CC6-BF07-D8CB6FFB319F}"
EndProject
Project("{9A19103F-16F7-4668-BE54-9A1E7A4F7556}") = "App", "S305\App.csproj", "{5A9D0A6D-1A82-43B6-924B-4F5201CCB132}"
EndProject
Project("{2150E333-8FDC-42A3-9474-1A3956D46DE8}") = "06", "06", "{331A8708-CBD3-4640-95E1-60E93C718C86}"
EndProject
Project("{9A19103F-16F7-4668-BE54-9A1E7A4F7556}") = "App", "S306\App.csproj", "{59056AC0-95F8-47CA-8EFB-BA433AFFA8DE}"
EndProject
Project("{2150E333-8FDC-42A3-9474-1A3956D46DE8}") = "07", "07", "{5F3708A0-5F53-4230-BB62-FFA351ED6D44}"
EndProject
Project("{9A19103F-16F7-4668-BE54-9A1E7A4F7556}") = "App", "S307\App.csproj", "{9A180C3D-FFD5-493D-BA07-515D59D2790F}"
EndProject
Project("{2150E333-8FDC-42A3-9474-1A3956D46DE8}") = "08", "08", "{9587EBFC-3740-4403-881F-94C7E34E098F}"
EndProject
Project("{9A19103F-16F7-4668-BE54-9A1E7A4F7556}") = "App", "S308\App.csproj", "{BBF73B8B-7B36-4626-9815-3683A75B896C}"
EndProject
Project("{2150E333-8FDC-42A3-9474-1A3956D46DE8}") = "09", "09", "{D5BB2176-9912-4024-8523-7ADD38030163}"
EndProject
Project("{9A19103F-16F7-4668-BE54-9A1E7A4F7556}") = "App", "S309\App.csproj", "{FD2A1914-9251-4922-8020-1638D573180D}"
EndProject
Project("{2150E333-8FDC-42A3-9474-1A3956D46DE8}") = "10", "10", "{9B77A4E4-B9DF-4517-84BC-E5485F1CB9A2}"
EndProject
Project("{9A19103F-16F7-4668-BE54-9A1E7A4F7556}") = "App", "S310\App.csproj", "{BA97B7ED-3B96-4DD4-A021-39F85CBDF59D}"
EndProject
Project("{2150E333-8FDC-42A3-9474-1A3956D46DE8}") = "11", "11", "{B7F4F997-59B9-441B-A0FC-77A3DD829C13}"
EndProject
Project("{9A19103F-16F7-4668-BE54-9A1E7A4F7556}") = "App", "S311\App.csproj", "{60808B70-DFCC-487A-AF85-B835F5F155E6}"
EndProject
Project("{2150E333-8FDC-42A3-9474-1A3956D46DE8}") = "12", "12", "{6A92BA02-9BC0-4B13-A5F3-6789601696C6}"
EndProject
Project("{9A19103F-16F7-4668-BE54-9A1E7A4F7556}") = "App", "S312\App.csproj", "{2140A760-EA14-4E87-9E53-D6E7C765A429}"
EndProject
Project("{2150E333-8FDC-42A3-9474-1A3956D46DE8}") = "13", "13", "{3EBA9BB6-4ED3-46E7-849A-114764AA9221}"
EndProject
Project("{9A19103F-16F7-4668-BE54-9A1E7A4F7556}") = "App", "S313\App.csproj", "{3A52585B-90EF-42DD-B87E-9B67B8DDC517}"
EndProject
Project("{2150E333-8FDC-42A3-9474-1A3956D46DE8}") = "14", "14", "{648FF5D6-2385-4C57-B8CF-254F9151E5FC}"
EndProject
Project("{9A19103F-16F7-4668-BE54-9A1E7A4F7556}") = "App", "S314\App.csproj", "{A1BB4B7B-7FE1-49C4-8718-FE8912BAFAB1}"
EndProject
Project("{2150E333-8FDC-42A3-9474-1A3956D46DE8}") = "15", "15", "{A42678FA-CB35-4CB9-ADEB-3AB5D1EF7C43}"
EndProject
Project("{9A19103F-16F7-4668-BE54-9A1E7A4F7556}") = "App", "S315\App.csproj", "{DAD599A2-1C2A-4A2E-9474-247F260FA1C8}"
EndProject
Project("{2150E333-8FDC-42A3-9474-1A3956D46DE8}") = "16", "16", "{781715B7-D5FD-4E03-9E11-A9FF62188EE3}"
EndProject
Project("{9A19103F-16F7-4668-BE54-9A1E7A4F7556}") = "App", "S316\App.csproj", "{F2682DFB-365D-4F8F-B901-96A34032BBB9}"
EndProject
Global
	GlobalSection(SolutionConfigurationPlatforms) = preSolution
		Debug|Any CPU = Debug|Any CPU
		Release|Any CPU = Release|Any CPU
	EndGlobalSection
	GlobalSection(ProjectConfigurationPlatforms) = postSolution
		{306640FE-B5DF-46EB-A72B-51CCACCA7D67}.Debug|Any CPU.ActiveCfg = Debug|Any CPU
		{306640FE-B5DF-46EB-A72B-51CCACCA7D67}.Debug|Any CPU.Build.0 = Debug|Any CPU
		{306640FE-B5DF-46EB-A72B-51CCACCA7D67}.Release|Any CPU.ActiveCfg = Release|Any CPU
		{306640FE-B5DF-46EB-A72B-51CCACCA7D67}.Release|Any CPU.Build.0 = Release|Any CPU
		{3A3A531E-F572-4467-9B31-906E512F71DF}.Debug|Any CPU.ActiveCfg = Debug|Any CPU
		{3A3A531E-F572-4467-9B31-906E512F71DF}.Debug|Any CPU.Build.0 = Debug|Any CPU
		{3A3A531E-F572-4467-9B31-906E512F71DF}.Release|Any CPU.ActiveCfg = Release|Any CPU
		{3A3A531E-F572-4467-9B31-906E512F71DF}.Release|Any CPU.Build.0 = Release|Any CPU
		{C54F1D8B-9F78-4DB1-8766-F2D7462E5C57}.Debug|Any CPU.ActiveCfg = Debug|Any CPU
		{C54F1D8B-9F78-4DB1-8766-F2D7462E5C57}.Debug|Any CPU.Build.0 = Debug|Any CPU
		{C54F1D8B-9F78-4DB1-8766-F2D7462E5C57}.Release|Any CPU.ActiveCfg = Release|Any CPU
		{C54F1D8B-9F78-4DB1-8766-F2D7462E5C57}.Release|Any CPU.Build.0 = Release|Any CPU
		{0D88FE42-28FA-4AEB-B8FD-657C44670C1C}.Debug|Any CPU.ActiveCfg = Debug|Any CPU
		{0D88FE42-28FA-4AEB-B8FD-657C44670C1C}.Debug|Any CPU.Build.0 = Debug|Any CPU
		{0D88FE42-28FA-4AEB-B8FD-657C44670C1C}.Release|Any CPU.ActiveCfg = Release|Any CPU
		{0D88FE42-28FA-4AEB-B8FD-657C44670C1C}.Release|Any CPU.Build.0 = Release|Any CPU
		{5A9D0A6D-1A82-43B6-924B-4F5201CCB132}.Debug|Any CPU.ActiveCfg = Debug|Any CPU
		{5A9D0A6D-1A82-43B6-924B-4F5201CCB132}.Debug|Any CPU.Build.0 = Debug|Any CPU
		{5A9D0A6D-1A82-43B6-924B-4F5201CCB132}.Release|Any CPU.ActiveCfg = Release|Any CPU
		{5A9D0A6D-1A82-43B6-924B-4F5201CCB132}.Release|Any CPU.Build.0 = Release|Any CPU
		{59056AC0-95F8-47CA-8EFB-BA433AFFA8DE}.Debug|Any CPU.ActiveCfg = Debug|Any CPU
		{59056AC0-95F8-47CA-8EFB-BA433AFFA8DE}.Debug|Any CPU.Build.0 = Debug|Any CPU
		{59056AC0-95F8-47CA-8EFB-BA433AFFA8DE}.Release|Any CPU.ActiveCfg = Release|Any CPU
		{59056AC0-95F8-47CA-8EFB-BA433AFFA8DE}.Release|Any CPU.Build.0 = Release|Any CPU
		{9A180C3D-FFD5-493D-BA07-515D59D2790F}.Debug|Any CPU.ActiveCfg = Debug|Any CPU
		{9A180C3D-FFD5-493D-BA07-515D59D2790F}.Debug|Any CPU.Build.0 = Debug|Any CPU
		{9A180C3D-FFD5-493D-BA07-515D59D2790F}.Release|Any CPU.ActiveCfg = Release|Any CPU
		{9A180C3D-FFD5-493D-BA07-515D59D2790F}.Release|Any CPU.Build.0 = Release|Any CPU
		{BBF73B8B-7B36-4626-9815-3683A75B896C}.Debug|Any CPU.ActiveCfg = Debug|Any CPU
		{BBF73B8B-7B36-4626-9815-3683A75B896C}.Debug|Any CPU.Build.0 = Debug|Any CPU
		{BBF73B8B-7B36-4626-9815-3683A75B896C}.Release|Any CPU.ActiveCfg = Release|Any CPU
		{BBF73B8B-7B36-4626-9815-3683A75B896C}.Release|Any CPU.Build.0 = Release|Any CPU
		{FD2A1914-9251-4922-8020-1638D573180D}.Debug|Any CPU.ActiveCfg = Debug|Any CPU
		{FD2A1914-9251-4922-8020-1638D573180D}.Debug|Any CPU.Build.0 = Debug|Any CPU
		{FD2A1914-9251-4922-8020-1638D573180D}.Release|Any CPU.ActiveCfg = Release|Any CPU
		{FD2A1914-9251-4922-8020-1638D573180D}.Release|Any CPU.Build.0 = Release|Any CPU
		{BA97B7ED-3B96-4DD4-A021-39F85CBDF59D}.Debug|Any CPU.ActiveCfg = Debug|Any CPU
		{BA97B7ED-3B96-4DD4-A021-39F85CBDF59D}.Debug|Any CPU.Build.0 = Debug|Any CPU
		{BA97B7ED-3B96-4DD4-A021-39F85CBDF59D}.Release|Any CPU.ActiveCfg = Release|Any CPU
		{BA97B7ED-3B96-4DD4-A021-39F85CBDF59D}.Release|Any CPU.Build.0 = Release|Any CPU
		{60808B70-DFCC-487A-AF85-B835F5F155E6}.Debug|Any CPU.ActiveCfg = Debug|Any CPU
		{60808B70-DFCC-487A-AF85-B835F5F155E6}.Debug|Any CPU.Build.0 = Debug|Any CPU
		{60808B70-DFCC-487A-AF85-B835F5F155E6}.Release|Any CPU.ActiveCfg = Release|Any CPU
		{60808B70-DFCC-487A-AF85-B835F5F155E6}.Release|Any CPU.Build.0 = Release|Any CPU
		{2140A760-EA14-4E87-9E53-D6E7C765A429}.Debug|Any CPU.ActiveCfg = Debug|Any CPU
		{2140A760-EA14-4E87-9E53-D6E7C765A429}.Debug|Any CPU.Build.0 = Debug|Any CPU
		{2140A760-EA14-4E87-9E53-D6E7C765A429}.Release|Any CPU.ActiveCfg = Release|Any CPU
		{2140A760-EA14-4E87-9E53-D6E7C765A429}.Release|Any CPU.Build.0 = Release|Any CPU
		{3A52585B-90EF-42DD-B87E-9B67B8DDC517}.Debug|Any CPU.ActiveCfg = Debug|Any CPU
		{3A52585B-90EF-42DD-B87E-9B67B8DDC517}.Debug|Any CPU.Build.0 = Debug|Any CPU
		{3A52585B-90EF-42DD-B87E-9B67B8DDC517}.Release|Any CPU.ActiveCfg = Release|Any CPU
		{3A52585B-90EF-42DD-B87E-9B67B8DDC517}.Release|Any CPU.Build.0 = Release|Any CPU
		{A1BB4B7B-7FE1-49C4-8718-FE8912BAFAB1}.Debug|Any CPU.ActiveCfg = Debug|Any CPU
		{A1BB4B7B-7FE1-49C4-8718-FE8912BAFAB1}.Debug|Any CPU.Build.0 = Debug|Any CPU
		{A1BB4B7B-7FE1-49C4-8718-FE8912BAFAB1}.Release|Any CPU.ActiveCfg = Release|Any CPU
		{A1BB4B7B-7FE1-49C4-8718-FE8912BAFAB1}.Release|Any CPU.Build.0 = Release|Any CPU
		{DAD599A2-1C2A-4A2E-9474-247F260FA1C8}.Debug|Any CPU.ActiveCfg = Debug|Any CPU
		{DAD599A2-1C2A-4A2E-9474-247F260FA1C8}.Debug|Any CPU.Build.0 = Debug|Any CPU
		{DAD599A2-1C2A-4A2E-9474-247F260FA1C8}.Release|Any CPU.ActiveCfg = Release|Any CPU
		{DAD599A2-1C2A-4A2E-9474-247F260FA1C8}.Release|Any CPU.Build.0 = Release|Any CPU
		{F2682DFB-365D-4F8F-B901-96A34032BBB9}.Debug|Any CPU.ActiveCfg = Debug|Any CPU
		{F2682DFB-365D-4F8F-B901-96A34032BBB9}.Debug|Any CPU.Build.0 = Debug|Any CPU
		{F2682DFB-365D-4F8F-B901-96A34032BBB9}.Release|Any CPU.ActiveCfg = Release|Any CPU
		{F2682DFB-365D-4F8F-B901-96A34032BBB9}.Release|Any CPU.Build.0 = Release|Any CPU
	EndGlobalSection
	GlobalSection(SolutionProperties) = preSolution
		HideSolutionNode = FALSE
	EndGlobalSection
	GlobalSection(NestedProjects) = preSolution
		{306640FE-B5DF-46EB-A72B-51CCACCA7D67} = {11447E46-6A9C-4BD6-9AEE-9E13543ABF9E}
		{3A3A531E-F572-4467-9B31-906E512F71DF} = {B63D14BC-769C-4E7A-A16A-77FCB5CAD8A4}
		{C54F1D8B-9F78-4DB1-8766-F2D7462E5C57} = {8B539CF9-1C59-4B6F-8253-17C67E115709}
		{0D88FE42-28FA-4AEB-B8FD-657C44670C1C} = {CE9CED3E-8D84-4B03-910D-3AC1E222084A}
		{5A9D0A6D-1A82-43B6-924B-4F5201CCB132} = {95981D54-F17F-4CC6-BF07-D8CB6FFB319F}
		{59056AC0-95F8-47CA-8EFB-BA433AFFA8DE} = {331A8708-CBD3-4640-95E1-60E93C718C86}
		{9A180C3D-FFD5-493D-BA07-515D59D2790F} = {5F3708A0-5F53-4230-BB62-FFA351ED6D44}
		{BBF73B8B-7B36-4626-9815-3683A75B896C} = {9587EBFC-3740-4403-881F-94C7E34E098F}
		{FD2A1914-9251-4922-8020-1638D573180D} = {D5BB2176-9912-4024-8523-7ADD38030163}
		{BA97B7ED-3B96-4DD4-A021-39F85CBDF59D} = {9B77A4E4-B9DF-4517-84BC-E5485F1CB9A2}
		{60808B70-DFCC-487A-AF85-B835F5F155E6} = {B7F4F997-59B9-441B-A0FC-77A3DD829C13}
		{2140A760-EA14-4E87-9E53-D6E7C765A429} = {6A92BA02-9BC0-4B13-A5F3-6789601696C6}
		{3A52585B-90EF-42DD-B87E-9B67B8DDC517} = {3EBA9BB6-4ED3-46E7-849A-114764AA9221}
		{A1BB4B7B-7FE1-49C4-8718-FE8912BAFAB1} = {648FF5D6-2385-4C57-B8CF-254F9151E5FC}
		{DAD599A2-1C2A-4A2E-9474-247F260FA1C8} = {A42678FA-CB35-4CB9-ADEB-3AB5D1EF7C43}
		{F2682DFB-365D-4F8F-B901-96A34032BBB9} = {781715B7-D5FD-4E03-9E11-A9FF62188EE3}
	EndGlobalSection
	GlobalSection(ExtensibilityGlobals) = postSolution
		SolutionGuid = {EC3FCBE3-E76D-4127-B472-026A2C510F05}
	EndGlobalSection
EndGlobal
