
Microsoft Visual Studio Solution File, Format Version 12.00
# Visual Studio Version 17
VisualStudioVersion = 17.0.31903.59
MinimumVisualStudioVersion = 10.0.40219.1
Project("{2150E333-8FDC-42A3-9474-1A3956D46DE8}") = "01", "01", "{B635A43F-D465-4FCC-9E81-69068D682C4C}"
EndProject
Project("{9A19103F-16F7-4668-BE54-9A1E7A4F7556}") = "App", "S1901\App.csproj", "{0E992E51-4300-43B6-9F2B-01ABD3AF06FB}"
EndProject
Project("{2150E333-8FDC-42A3-9474-1A3956D46DE8}") = "02", "02", "{ECF3064D-6E29-41B6-8A10-CCF64C8B8453}"
EndProject
Project("{9A19103F-16F7-4668-BE54-9A1E7A4F7556}") = "App", "S1902\App.csproj", "{4CB47A4D-583C-45A0-B0B6-C1AAB9D7DB13}"
EndProject
Project("{2150E333-8FDC-42A3-9474-1A3956D46DE8}") = "03", "03", "{7F8B421A-B3BC-45C9-AA2C-06456968403B}"
EndProject
Project("{9A19103F-16F7-4668-BE54-9A1E7A4F7556}") = "App", "S1903\App.csproj", "{CBCF7675-D183-453B-A457-83CE0B110776}"
EndProject
Project("{2150E333-8FDC-42A3-9474-1A3956D46DE8}") = "04", "04", "{6220755A-0804-4B32-80D2-EC8D3EDF8008}"
EndProject
Project("{9A19103F-16F7-4668-BE54-9A1E7A4F7556}") = "App", "S1904\App.csproj", "{B07F64A6-B9EE-4897-A9A6-D64BCF9B43B8}"
EndProject
Project("{2150E333-8FDC-42A3-9474-1A3956D46DE8}") = "05", "05", "{BB76BCFC-0F63-4619-9401-109C98C535C4}"
EndProject
Project("{9A19103F-16F7-4668-BE54-9A1E7A4F7556}") = "App", "S1905\App.csproj", "{C50ED7F1-E1A1-4C52-BC31-73341EC33197}"
EndProject
Project("{2150E333-8FDC-42A3-9474-1A3956D46DE8}") = "06", "06", "{09AC711B-9934-493A-BCD1-E2146CC9E378}"
EndProject
Project("{9A19103F-16F7-4668-BE54-9A1E7A4F7556}") = "App", "S1906\App.csproj", "{AB584714-6D94-4566-A40B-12F9908FD197}"
EndProject
Project("{2150E333-8FDC-42A3-9474-1A3956D46DE8}") = "07", "07", "{378EB352-2380-44BE-81AC-50A97B3E2715}"
EndProject
Project("{9A19103F-16F7-4668-BE54-9A1E7A4F7556}") = "App", "S1907\App.csproj", "{2E239C2D-C7B7-4D1D-AC0A-C79179ED47AC}"
EndProject
Project("{2150E333-8FDC-42A3-9474-1A3956D46DE8}") = "08", "08", "{E250436F-4ED7-4BB0-9030-E1ADA20C59F9}"
EndProject
Project("{9A19103F-16F7-4668-BE54-9A1E7A4F7556}") = "App", "S1908\App.csproj", "{E0A47CFE-0C43-4F95-B8E8-15D64DF218D2}"
EndProject
Global
	GlobalSection(SolutionConfigurationPlatforms) = preSolution
		Debug|Any CPU = Debug|Any CPU
		Release|Any CPU = Release|Any CPU
	EndGlobalSection
	GlobalSection(ProjectConfigurationPlatforms) = postSolution
		{0E992E51-4300-43B6-9F2B-01ABD3AF06FB}.Debug|Any CPU.ActiveCfg = Debug|Any CPU
		{0E992E51-4300-43B6-9F2B-01ABD3AF06FB}.Debug|Any CPU.Build.0 = Debug|Any CPU
		{0E992E51-4300-43B6-9F2B-01ABD3AF06FB}.Release|Any CPU.ActiveCfg = Release|Any CPU
		{0E992E51-4300-43B6-9F2B-01ABD3AF06FB}.Release|Any CPU.Build.0 = Release|Any CPU
		{4CB47A4D-583C-45A0-B0B6-C1AAB9D7DB13}.Debug|Any CPU.ActiveCfg = Debug|Any CPU
		{4CB47A4D-583C-45A0-B0B6-C1AAB9D7DB13}.Debug|Any CPU.Build.0 = Debug|Any CPU
		{4CB47A4D-583C-45A0-B0B6-C1AAB9D7DB13}.Release|Any CPU.ActiveCfg = Release|Any CPU
		{4CB47A4D-583C-45A0-B0B6-C1AAB9D7DB13}.Release|Any CPU.Build.0 = Release|Any CPU
		{CBCF7675-D183-453B-A457-83CE0B110776}.Debug|Any CPU.ActiveCfg = Debug|Any CPU
		{CBCF7675-D183-453B-A457-83CE0B110776}.Debug|Any CPU.Build.0 = Debug|Any CPU
		{CBCF7675-D183-453B-A457-83CE0B110776}.Release|Any CPU.ActiveCfg = Release|Any CPU
		{CBCF7675-D183-453B-A457-83CE0B110776}.Release|Any CPU.Build.0 = Release|Any CPU
		{B07F64A6-B9EE-4897-A9A6-D64BCF9B43B8}.Debug|Any CPU.ActiveCfg = Debug|Any CPU
		{B07F64A6-B9EE-4897-A9A6-D64BCF9B43B8}.Debug|Any CPU.Build.0 = Debug|Any CPU
		{B07F64A6-B9EE-4897-A9A6-D64BCF9B43B8}.Release|Any CPU.ActiveCfg = Release|Any CPU
		{B07F64A6-B9EE-4897-A9A6-D64BCF9B43B8}.Release|Any CPU.Build.0 = Release|Any CPU
		{C50ED7F1-E1A1-4C52-BC31-73341EC33197}.Debug|Any CPU.ActiveCfg = Debug|Any CPU
		{C50ED7F1-E1A1-4C52-BC31-73341EC33197}.Debug|Any CPU.Build.0 = Debug|Any CPU
		{C50ED7F1-E1A1-4C52-BC31-73341EC33197}.Release|Any CPU.ActiveCfg = Release|Any CPU
		{C50ED7F1-E1A1-4C52-BC31-73341EC33197}.Release|Any CPU.Build.0 = Release|Any CPU
		{AB584714-6D94-4566-A40B-12F9908FD197}.Debug|Any CPU.ActiveCfg = Debug|Any CPU
		{AB584714-6D94-4566-A40B-12F9908FD197}.Debug|Any CPU.Build.0 = Debug|Any CPU
		{AB584714-6D94-4566-A40B-12F9908FD197}.Release|Any CPU.ActiveCfg = Release|Any CPU
		{AB584714-6D94-4566-A40B-12F9908FD197}.Release|Any CPU.Build.0 = Release|Any CPU
		{2E239C2D-C7B7-4D1D-AC0A-C79179ED47AC}.Debug|Any CPU.ActiveCfg = Debug|Any CPU
		{2E239C2D-C7B7-4D1D-AC0A-C79179ED47AC}.Debug|Any CPU.Build.0 = Debug|Any CPU
		{2E239C2D-C7B7-4D1D-AC0A-C79179ED47AC}.Release|Any CPU.ActiveCfg = Release|Any CPU
		{2E239C2D-C7B7-4D1D-AC0A-C79179ED47AC}.Release|Any CPU.Build.0 = Release|Any CPU
		{E0A47CFE-0C43-4F95-B8E8-15D64DF218D2}.Debug|Any CPU.ActiveCfg = Debug|Any CPU
		{E0A47CFE-0C43-4F95-B8E8-15D64DF218D2}.Debug|Any CPU.Build.0 = Debug|Any CPU
		{E0A47CFE-0C43-4F95-B8E8-15D64DF218D2}.Release|Any CPU.ActiveCfg = Release|Any CPU
		{E0A47CFE-0C43-4F95-B8E8-15D64DF218D2}.Release|Any CPU.Build.0 = Release|Any CPU
	EndGlobalSection
	GlobalSection(SolutionProperties) = preSolution
		HideSolutionNode = FALSE
	EndGlobalSection
	GlobalSection(NestedProjects) = preSolution
		{0E992E51-4300-43B6-9F2B-01ABD3AF06FB} = {B635A43F-D465-4FCC-9E81-69068D682C4C}
		{4CB47A4D-583C-45A0-B0B6-C1AAB9D7DB13} = {ECF3064D-6E29-41B6-8A10-CCF64C8B8453}
		{CBCF7675-D183-453B-A457-83CE0B110776} = {7F8B421A-B3BC-45C9-AA2C-06456968403B}
		{B07F64A6-B9EE-4897-A9A6-D64BCF9B43B8} = {6220755A-0804-4B32-80D2-EC8D3EDF8008}
		{C50ED7F1-E1A1-4C52-BC31-73341EC33197} = {BB76BCFC-0F63-4619-9401-109C98C535C4}
		{AB584714-6D94-4566-A40B-12F9908FD197} = {09AC711B-9934-493A-BCD1-E2146CC9E378}
		{2E239C2D-C7B7-4D1D-AC0A-C79179ED47AC} = {378EB352-2380-44BE-81AC-50A97B3E2715}
		{E0A47CFE-0C43-4F95-B8E8-15D64DF218D2} = {E250436F-4ED7-4BB0-9030-E1ADA20C59F9}
	EndGlobalSection
	GlobalSection(ExtensibilityGlobals) = postSolution
		SolutionGuid = {EC3FCBE3-E76D-4127-B472-026A2C510F05}
	EndGlobalSection
EndGlobal
