
Microsoft Visual Studio Solution File, Format Version 12.00
# Visual Studio Version 17
VisualStudioVersion = 17.0.31903.59
MinimumVisualStudioVersion = 10.0.40219.1
Project("{2150E333-8FDC-42A3-9474-1A3956D46DE8}") = "01", "01", "{AA6B0F52-8CD6-4971-957F-0613F59AE589}"
EndProject
Project("{9A19103F-16F7-4668-BE54-9A1E7A4F7556}") = "App", "S2101\App.csproj", "{F6FF47CA-13FD-4747-BD0B-1D15F3B7ED5F}"
EndProject
Project("{2150E333-8FDC-42A3-9474-1A3956D46DE8}") = "02", "02", "{ADDB0A77-1C89-45C6-9D94-D1C268670A75}"
EndProject
Project("{9A19103F-16F7-4668-BE54-9A1E7A4F7556}") = "App", "S2102\App.csproj", "{1C0C5A99-6B9E-4C9F-B922-32C8D032A8BE}"
EndProject
Project("{2150E333-8FDC-42A3-9474-1A3956D46DE8}") = "03", "03", "{30CCD44F-5CCB-4EFE-B834-1991F65CFC25}"
EndProject
Project("{9A19103F-16F7-4668-BE54-9A1E7A4F7556}") = "App", "S2103\App.csproj", "{4F0E72F5-E1F2-41C3-93EA-2A78D30D7B64}"
EndProject
Project("{2150E333-8FDC-42A3-9474-1A3956D46DE8}") = "04", "04", "{F63B5CA7-1525-4A03-8B34-CBB9E60E70ED}"
EndProject
Project("{9A19103F-16F7-4668-BE54-9A1E7A4F7556}") = "App", "S2104\App.csproj", "{39E82E6A-361A-4A5B-8B00-ABD385034DB5}"
EndProject
Project("{2150E333-8FDC-42A3-9474-1A3956D46DE8}") = "05", "05", "{CE095771-2DBA-45B5-8BBC-A4129023496F}"
EndProject
Project("{9A19103F-16F7-4668-BE54-9A1E7A4F7556}") = "App", "S2105\App.csproj", "{58DE2354-4805-4069-B902-257A10C483F4}"
EndProject
Project("{2150E333-8FDC-42A3-9474-1A3956D46DE8}") = "06", "06", "{942EC383-1C89-42C9-AD42-F8E727F13AA9}"
EndProject
Project("{9A19103F-16F7-4668-BE54-9A1E7A4F7556}") = "App", "S2106\App.csproj", "{6854A849-6DD9-4C76-8761-756E86753CAF}"
EndProject
Project("{2150E333-8FDC-42A3-9474-1A3956D46DE8}") = "07", "07", "{72F5E9DE-89CF-4FE4-87F5-65B8BADB7DDC}"
EndProject
Project("{9A19103F-16F7-4668-BE54-9A1E7A4F7556}") = "App", "S2107\App.csproj", "{7C41AA03-CF20-41C5-BB96-90FD4DB9D0BF}"
EndProject
Project("{2150E333-8FDC-42A3-9474-1A3956D46DE8}") = "08", "08", "{7AD2D7EB-A91E-4FA0-B5B4-2D5C7084E18D}"
EndProject
Project("{9A19103F-16F7-4668-BE54-9A1E7A4F7556}") = "App", "S2108\App.csproj", "{701DCF1B-99F6-42C2-9074-46A143B1B1D5}"
EndProject
Project("{2150E333-8FDC-42A3-9474-1A3956D46DE8}") = "09", "09", "{BEA0905D-190C-42A0-986D-53005D8293A6}"
EndProject
Project("{9A19103F-16F7-4668-BE54-9A1E7A4F7556}") = "App", "S2109\App.csproj", "{33BD8C32-9612-4927-98B7-256DC2D912FC}"
EndProject
Project("{2150E333-8FDC-42A3-9474-1A3956D46DE8}") = "10", "10", "{79A6AF0B-73B1-4686-ADF4-A4CC474BBCA8}"
EndProject
Project("{9A19103F-16F7-4668-BE54-9A1E7A4F7556}") = "App", "S2110\App.csproj", "{6FD9D479-BCE6-40E7-89D9-ED3A117EB8FD}"
EndProject
Project("{2150E333-8FDC-42A3-9474-1A3956D46DE8}") = "11", "11", "{B02382CB-F17F-43A9-ADAA-90BEF59E7CCD}"
EndProject
Project("{9A19103F-16F7-4668-BE54-9A1E7A4F7556}") = "App", "S2111\App.csproj", "{DCFB932E-B6E7-4FAB-89A1-68BE08C0DDE3}"
EndProject
Project("{2150E333-8FDC-42A3-9474-1A3956D46DE8}") = "12", "12", "{B4D7F27E-A2FB-46F2-AAC4-5666F8635137}"
EndProject
Project("{9A19103F-16F7-4668-BE54-9A1E7A4F7556}") = "App", "S2112\App.csproj", "{ADEE75CB-2A16-49B7-BCF6-C3C406CE344C}"
EndProject
Project("{2150E333-8FDC-42A3-9474-1A3956D46DE8}") = "13", "13", "{6F7C9CD0-8B97-4E4D-ABAB-95DFCD870A5C}"
EndProject
Project("{9A19103F-16F7-4668-BE54-9A1E7A4F7556}") = "App", "S2113\App.csproj", "{4E2F54D4-AD7F-4DCE-8F88-E6D5BF218BB8}"
EndProject
Project("{2150E333-8FDC-42A3-9474-1A3956D46DE8}") = "14", "14", "{02437154-8DAD-4F0F-8149-DB57A9BEDB26}"
EndProject
Project("{9A19103F-16F7-4668-BE54-9A1E7A4F7556}") = "App", "S2114\App.csproj", "{E07AA035-55B7-4203-84BB-FCA2CDDD8B81}"
EndProject
Project("{2150E333-8FDC-42A3-9474-1A3956D46DE8}") = "15", "15", "{9707B31F-B998-4712-B793-97D4D1F5DEB1}"
EndProject
Project("{9A19103F-16F7-4668-BE54-9A1E7A4F7556}") = "App", "S2115\App.csproj", "{E65AF301-F8D3-4803-9850-6A9994410F83}"
EndProject
Project("{2150E333-8FDC-42A3-9474-1A3956D46DE8}") = "16", "16", "{96E29D0F-3951-4375-9983-6A63FA39839B}"
EndProject
Project("{9A19103F-16F7-4668-BE54-9A1E7A4F7556}") = "App", "S2116\App.csproj", "{F92A15B7-CBE1-4BAD-A290-37A340EFEFFF}"
EndProject
Global
	GlobalSection(SolutionConfigurationPlatforms) = preSolution
		Debug|Any CPU = Debug|Any CPU
		Release|Any CPU = Release|Any CPU
	EndGlobalSection
	GlobalSection(ProjectConfigurationPlatforms) = postSolution
		{F6FF47CA-13FD-4747-BD0B-1D15F3B7ED5F}.Debug|Any CPU.ActiveCfg = Debug|Any CPU
		{F6FF47CA-13FD-4747-BD0B-1D15F3B7ED5F}.Debug|Any CPU.Build.0 = Debug|Any CPU
		{F6FF47CA-13FD-4747-BD0B-1D15F3B7ED5F}.Release|Any CPU.ActiveCfg = Release|Any CPU
		{F6FF47CA-13FD-4747-BD0B-1D15F3B7ED5F}.Release|Any CPU.Build.0 = Release|Any CPU
		{1C0C5A99-6B9E-4C9F-B922-32C8D032A8BE}.Debug|Any CPU.ActiveCfg = Debug|Any CPU
		{1C0C5A99-6B9E-4C9F-B922-32C8D032A8BE}.Debug|Any CPU.Build.0 = Debug|Any CPU
		{1C0C5A99-6B9E-4C9F-B922-32C8D032A8BE}.Release|Any CPU.ActiveCfg = Release|Any CPU
		{1C0C5A99-6B9E-4C9F-B922-32C8D032A8BE}.Release|Any CPU.Build.0 = Release|Any CPU
		{4F0E72F5-E1F2-41C3-93EA-2A78D30D7B64}.Debug|Any CPU.ActiveCfg = Debug|Any CPU
		{4F0E72F5-E1F2-41C3-93EA-2A78D30D7B64}.Debug|Any CPU.Build.0 = Debug|Any CPU
		{4F0E72F5-E1F2-41C3-93EA-2A78D30D7B64}.Release|Any CPU.ActiveCfg = Release|Any CPU
		{4F0E72F5-E1F2-41C3-93EA-2A78D30D7B64}.Release|Any CPU.Build.0 = Release|Any CPU
		{39E82E6A-361A-4A5B-8B00-ABD385034DB5}.Debug|Any CPU.ActiveCfg = Debug|Any CPU
		{39E82E6A-361A-4A5B-8B00-ABD385034DB5}.Debug|Any CPU.Build.0 = Debug|Any CPU
		{39E82E6A-361A-4A5B-8B00-ABD385034DB5}.Release|Any CPU.ActiveCfg = Release|Any CPU
		{39E82E6A-361A-4A5B-8B00-ABD385034DB5}.Release|Any CPU.Build.0 = Release|Any CPU
		{58DE2354-4805-4069-B902-257A10C483F4}.Debug|Any CPU.ActiveCfg = Debug|Any CPU
		{58DE2354-4805-4069-B902-257A10C483F4}.Debug|Any CPU.Build.0 = Debug|Any CPU
		{58DE2354-4805-4069-B902-257A10C483F4}.Release|Any CPU.ActiveCfg = Release|Any CPU
		{58DE2354-4805-4069-B902-257A10C483F4}.Release|Any CPU.Build.0 = Release|Any CPU
		{6854A849-6DD9-4C76-8761-756E86753CAF}.Debug|Any CPU.ActiveCfg = Debug|Any CPU
		{6854A849-6DD9-4C76-8761-756E86753CAF}.Debug|Any CPU.Build.0 = Debug|Any CPU
		{6854A849-6DD9-4C76-8761-756E86753CAF}.Release|Any CPU.ActiveCfg = Release|Any CPU
		{6854A849-6DD9-4C76-8761-756E86753CAF}.Release|Any CPU.Build.0 = Release|Any CPU
		{7C41AA03-CF20-41C5-BB96-90FD4DB9D0BF}.Debug|Any CPU.ActiveCfg = Debug|Any CPU
		{7C41AA03-CF20-41C5-BB96-90FD4DB9D0BF}.Debug|Any CPU.Build.0 = Debug|Any CPU
		{7C41AA03-CF20-41C5-BB96-90FD4DB9D0BF}.Release|Any CPU.ActiveCfg = Release|Any CPU
		{7C41AA03-CF20-41C5-BB96-90FD4DB9D0BF}.Release|Any CPU.Build.0 = Release|Any CPU
		{701DCF1B-99F6-42C2-9074-46A143B1B1D5}.Debug|Any CPU.ActiveCfg = Debug|Any CPU
		{701DCF1B-99F6-42C2-9074-46A143B1B1D5}.Debug|Any CPU.Build.0 = Debug|Any CPU
		{701DCF1B-99F6-42C2-9074-46A143B1B1D5}.Release|Any CPU.ActiveCfg = Release|Any CPU
		{701DCF1B-99F6-42C2-9074-46A143B1B1D5}.Release|Any CPU.Build.0 = Release|Any CPU
		{33BD8C32-9612-4927-98B7-256DC2D912FC}.Debug|Any CPU.ActiveCfg = Debug|Any CPU
		{33BD8C32-9612-4927-98B7-256DC2D912FC}.Debug|Any CPU.Build.0 = Debug|Any CPU
		{33BD8C32-9612-4927-98B7-256DC2D912FC}.Release|Any CPU.ActiveCfg = Release|Any CPU
		{33BD8C32-9612-4927-98B7-256DC2D912FC}.Release|Any CPU.Build.0 = Release|Any CPU
		{6FD9D479-BCE6-40E7-89D9-ED3A117EB8FD}.Debug|Any CPU.ActiveCfg = Debug|Any CPU
		{6FD9D479-BCE6-40E7-89D9-ED3A117EB8FD}.Debug|Any CPU.Build.0 = Debug|Any CPU
		{6FD9D479-BCE6-40E7-89D9-ED3A117EB8FD}.Release|Any CPU.ActiveCfg = Release|Any CPU
		{6FD9D479-BCE6-40E7-89D9-ED3A117EB8FD}.Release|Any CPU.Build.0 = Release|Any CPU
		{DCFB932E-B6E7-4FAB-89A1-68BE08C0DDE3}.Debug|Any CPU.ActiveCfg = Debug|Any CPU
		{DCFB932E-B6E7-4FAB-89A1-68BE08C0DDE3}.Debug|Any CPU.Build.0 = Debug|Any CPU
		{DCFB932E-B6E7-4FAB-89A1-68BE08C0DDE3}.Release|Any CPU.ActiveCfg = Release|Any CPU
		{DCFB932E-B6E7-4FAB-89A1-68BE08C0DDE3}.Release|Any CPU.Build.0 = Release|Any CPU
		{ADEE75CB-2A16-49B7-BCF6-C3C406CE344C}.Debug|Any CPU.ActiveCfg = Debug|Any CPU
		{ADEE75CB-2A16-49B7-BCF6-C3C406CE344C}.Debug|Any CPU.Build.0 = Debug|Any CPU
		{ADEE75CB-2A16-49B7-BCF6-C3C406CE344C}.Release|Any CPU.ActiveCfg = Release|Any CPU
		{ADEE75CB-2A16-49B7-BCF6-C3C406CE344C}.Release|Any CPU.Build.0 = Release|Any CPU
		{4E2F54D4-AD7F-4DCE-8F88-E6D5BF218BB8}.Debug|Any CPU.ActiveCfg = Debug|Any CPU
		{4E2F54D4-AD7F-4DCE-8F88-E6D5BF218BB8}.Debug|Any CPU.Build.0 = Debug|Any CPU
		{4E2F54D4-AD7F-4DCE-8F88-E6D5BF218BB8}.Release|Any CPU.ActiveCfg = Release|Any CPU
		{4E2F54D4-AD7F-4DCE-8F88-E6D5BF218BB8}.Release|Any CPU.Build.0 = Release|Any CPU
		{E07AA035-55B7-4203-84BB-FCA2CDDD8B81}.Debug|Any CPU.ActiveCfg = Debug|Any CPU
		{E07AA035-55B7-4203-84BB-FCA2CDDD8B81}.Debug|Any CPU.Build.0 = Debug|Any CPU
		{E07AA035-55B7-4203-84BB-FCA2CDDD8B81}.Release|Any CPU.ActiveCfg = Release|Any CPU
		{E07AA035-55B7-4203-84BB-FCA2CDDD8B81}.Release|Any CPU.Build.0 = Release|Any CPU
		{E65AF301-F8D3-4803-9850-6A9994410F83}.Debug|Any CPU.ActiveCfg = Debug|Any CPU
		{E65AF301-F8D3-4803-9850-6A9994410F83}.Debug|Any CPU.Build.0 = Debug|Any CPU
		{E65AF301-F8D3-4803-9850-6A9994410F83}.Release|Any CPU.ActiveCfg = Release|Any CPU
		{E65AF301-F8D3-4803-9850-6A9994410F83}.Release|Any CPU.Build.0 = Release|Any CPU
		{F92A15B7-CBE1-4BAD-A290-37A340EFEFFF}.Debug|Any CPU.ActiveCfg = Debug|Any CPU
		{F92A15B7-CBE1-4BAD-A290-37A340EFEFFF}.Debug|Any CPU.Build.0 = Debug|Any CPU
		{F92A15B7-CBE1-4BAD-A290-37A340EFEFFF}.Release|Any CPU.ActiveCfg = Release|Any CPU
		{F92A15B7-CBE1-4BAD-A290-37A340EFEFFF}.Release|Any CPU.Build.0 = Release|Any CPU
	EndGlobalSection
	GlobalSection(SolutionProperties) = preSolution
		HideSolutionNode = FALSE
	EndGlobalSection
	GlobalSection(NestedProjects) = preSolution
		{F6FF47CA-13FD-4747-BD0B-1D15F3B7ED5F} = {AA6B0F52-8CD6-4971-957F-0613F59AE589}
		{1C0C5A99-6B9E-4C9F-B922-32C8D032A8BE} = {ADDB0A77-1C89-45C6-9D94-D1C268670A75}
		{4F0E72F5-E1F2-41C3-93EA-2A78D30D7B64} = {30CCD44F-5CCB-4EFE-B834-1991F65CFC25}
		{39E82E6A-361A-4A5B-8B00-ABD385034DB5} = {F63B5CA7-1525-4A03-8B34-CBB9E60E70ED}
		{58DE2354-4805-4069-B902-257A10C483F4} = {CE095771-2DBA-45B5-8BBC-A4129023496F}
		{6854A849-6DD9-4C76-8761-756E86753CAF} = {942EC383-1C89-42C9-AD42-F8E727F13AA9}
		{7C41AA03-CF20-41C5-BB96-90FD4DB9D0BF} = {72F5E9DE-89CF-4FE4-87F5-65B8BADB7DDC}
		{701DCF1B-99F6-42C2-9074-46A143B1B1D5} = {7AD2D7EB-A91E-4FA0-B5B4-2D5C7084E18D}
		{33BD8C32-9612-4927-98B7-256DC2D912FC} = {BEA0905D-190C-42A0-986D-53005D8293A6}
		{6FD9D479-BCE6-40E7-89D9-ED3A117EB8FD} = {79A6AF0B-73B1-4686-ADF4-A4CC474BBCA8}
		{DCFB932E-B6E7-4FAB-89A1-68BE08C0DDE3} = {B02382CB-F17F-43A9-ADAA-90BEF59E7CCD}
		{ADEE75CB-2A16-49B7-BCF6-C3C406CE344C} = {B4D7F27E-A2FB-46F2-AAC4-5666F8635137}
		{4E2F54D4-AD7F-4DCE-8F88-E6D5BF218BB8} = {6F7C9CD0-8B97-4E4D-ABAB-95DFCD870A5C}
		{E07AA035-55B7-4203-84BB-FCA2CDDD8B81} = {02437154-8DAD-4F0F-8149-DB57A9BEDB26}
		{E65AF301-F8D3-4803-9850-6A9994410F83} = {9707B31F-B998-4712-B793-97D4D1F5DEB1}
		{F92A15B7-CBE1-4BAD-A290-37A340EFEFFF} = {96E29D0F-3951-4375-9983-6A63FA39839B}
	EndGlobalSection
	GlobalSection(ExtensibilityGlobals) = postSolution
		SolutionGuid = {EC3FCBE3-E76D-4127-B472-026A2C510F05}
	EndGlobalSection
EndGlobal
