
Microsoft Visual Studio Solution File, Format Version 12.00
# Visual Studio Version 17
VisualStudioVersion = 17.0.31903.59
MinimumVisualStudioVersion = 10.0.40219.1
Project("{2150E333-8FDC-42A3-9474-1A3956D46DE8}") = "01", "01", "{40213ABA-3507-42E0-97CD-2F7E44732363}"
EndProject
Project("{9A19103F-16F7-4668-BE54-9A1E7A4F7556}") = "App", "S1101\App.csproj", "{FBF4E839-0879-4F73-ADE1-3015124B7DC0}"
EndProject
Project("{2150E333-8FDC-42A3-9474-1A3956D46DE8}") = "02", "02", "{AC43183B-62F6-4DEF-AEDB-8251E25265A8}"
EndProject
Project("{9A19103F-16F7-4668-BE54-9A1E7A4F7556}") = "App", "S1102\App.csproj", "{104FD9F8-B1E0-4B1C-8543-9A01E33DBEAE}"
EndProject
Project("{2150E333-8FDC-42A3-9474-1A3956D46DE8}") = "03", "03", "{7380B0BF-FE5E-41B2-A7DC-572836D6AB7B}"
EndProject
Project("{9A19103F-16F7-4668-BE54-9A1E7A4F7556}") = "App", "S1103\App.csproj", "{A5EFCED8-4365-4A0D-9E2A-8EAFC7CCCA20}"
EndProject
Project("{2150E333-8FDC-42A3-9474-1A3956D46DE8}") = "04", "04", "{6806C9E3-D3C1-42E5-AF62-2BB2F667747F}"
EndProject
Project("{9A19103F-16F7-4668-BE54-9A1E7A4F7556}") = "App", "S1104\App.csproj", "{408ED4FA-144A-43E9-83D4-9BB571AE8D1E}"
EndProject
Project("{2150E333-8FDC-42A3-9474-1A3956D46DE8}") = "05", "05", "{FF012720-C5C9-45C1-9C75-407308BB4C85}"
EndProject
Project("{9A19103F-16F7-4668-BE54-9A1E7A4F7556}") = "App", "S1105\App.csproj", "{F9BD240D-AFA6-4E79-AA5F-372ED848D708}"
EndProject
Project("{2150E333-8FDC-42A3-9474-1A3956D46DE8}") = "06", "06", "{C60D9DD9-BAAC-4890-9162-17E88ED069B9}"
EndProject
Project("{9A19103F-16F7-4668-BE54-9A1E7A4F7556}") = "App", "S1106\App.csproj", "{9B998E06-F3E3-4D44-A6BC-5AD2FB38B86B}"
EndProject
Global
	GlobalSection(SolutionConfigurationPlatforms) = preSolution
		Debug|Any CPU = Debug|Any CPU
		Release|Any CPU = Release|Any CPU
	EndGlobalSection
	GlobalSection(ProjectConfigurationPlatforms) = postSolution
		{FBF4E839-0879-4F73-ADE1-3015124B7DC0}.Debug|Any CPU.ActiveCfg = Debug|Any CPU
		{FBF4E839-0879-4F73-ADE1-3015124B7DC0}.Debug|Any CPU.Build.0 = Debug|Any CPU
		{FBF4E839-0879-4F73-ADE1-3015124B7DC0}.Release|Any CPU.ActiveCfg = Release|Any CPU
		{FBF4E839-0879-4F73-ADE1-3015124B7DC0}.Release|Any CPU.Build.0 = Release|Any CPU
		{104FD9F8-B1E0-4B1C-8543-9A01E33DBEAE}.Debug|Any CPU.ActiveCfg = Debug|Any CPU
		{104FD9F8-B1E0-4B1C-8543-9A01E33DBEAE}.Debug|Any CPU.Build.0 = Debug|Any CPU
		{104FD9F8-B1E0-4B1C-8543-9A01E33DBEAE}.Release|Any CPU.ActiveCfg = Release|Any CPU
		{104FD9F8-B1E0-4B1C-8543-9A01E33DBEAE}.Release|Any CPU.Build.0 = Release|Any CPU
		{A5EFCED8-4365-4A0D-9E2A-8EAFC7CCCA20}.Debug|Any CPU.ActiveCfg = Debug|Any CPU
		{A5EFCED8-4365-4A0D-9E2A-8EAFC7CCCA20}.Debug|Any CPU.Build.0 = Debug|Any CPU
		{A5EFCED8-4365-4A0D-9E2A-8EAFC7CCCA20}.Release|Any CPU.ActiveCfg = Release|Any CPU
		{A5EFCED8-4365-4A0D-9E2A-8EAFC7CCCA20}.Release|Any CPU.Build.0 = Release|Any CPU
		{408ED4FA-144A-43E9-83D4-9BB571AE8D1E}.Debug|Any CPU.ActiveCfg = Debug|Any CPU
		{408ED4FA-144A-43E9-83D4-9BB571AE8D1E}.Debug|Any CPU.Build.0 = Debug|Any CPU
		{408ED4FA-144A-43E9-83D4-9BB571AE8D1E}.Release|Any CPU.ActiveCfg = Release|Any CPU
		{408ED4FA-144A-43E9-83D4-9BB571AE8D1E}.Release|Any CPU.Build.0 = Release|Any CPU
		{F9BD240D-AFA6-4E79-AA5F-372ED848D708}.Debug|Any CPU.ActiveCfg = Debug|Any CPU
		{F9BD240D-AFA6-4E79-AA5F-372ED848D708}.Debug|Any CPU.Build.0 = Debug|Any CPU
		{F9BD240D-AFA6-4E79-AA5F-372ED848D708}.Release|Any CPU.ActiveCfg = Release|Any CPU
		{F9BD240D-AFA6-4E79-AA5F-372ED848D708}.Release|Any CPU.Build.0 = Release|Any CPU
		{9B998E06-F3E3-4D44-A6BC-5AD2FB38B86B}.Debug|Any CPU.ActiveCfg = Debug|Any CPU
		{9B998E06-F3E3-4D44-A6BC-5AD2FB38B86B}.Debug|Any CPU.Build.0 = Debug|Any CPU
		{9B998E06-F3E3-4D44-A6BC-5AD2FB38B86B}.Release|Any CPU.ActiveCfg = Release|Any CPU
		{9B998E06-F3E3-4D44-A6BC-5AD2FB38B86B}.Release|Any CPU.Build.0 = Release|Any CPU
	EndGlobalSection
	GlobalSection(SolutionProperties) = preSolution
		HideSolutionNode = FALSE
	EndGlobalSection
	GlobalSection(NestedProjects) = preSolution
		{FBF4E839-0879-4F73-ADE1-3015124B7DC0} = {40213ABA-3507-42E0-97CD-2F7E44732363}
		{104FD9F8-B1E0-4B1C-8543-9A01E33DBEAE} = {AC43183B-62F6-4DEF-AEDB-8251E25265A8}
		{A5EFCED8-4365-4A0D-9E2A-8EAFC7CCCA20} = {7380B0BF-FE5E-41B2-A7DC-572836D6AB7B}
		{408ED4FA-144A-43E9-83D4-9BB571AE8D1E} = {6806C9E3-D3C1-42E5-AF62-2BB2F667747F}
		{F9BD240D-AFA6-4E79-AA5F-372ED848D708} = {FF012720-C5C9-45C1-9C75-407308BB4C85}
		{9B998E06-F3E3-4D44-A6BC-5AD2FB38B86B} = {C60D9DD9-BAAC-4890-9162-17E88ED069B9}
	EndGlobalSection
	GlobalSection(ExtensibilityGlobals) = postSolution
		SolutionGuid = {EC3FCBE3-E76D-4127-B472-026A2C510F05}
	EndGlobalSection
EndGlobal
