
Microsoft Visual Studio Solution File, Format Version 12.00
# Visual Studio Version 17
VisualStudioVersion = 17.0.31903.59
MinimumVisualStudioVersion = 10.0.40219.1
Project("{2150E333-8FDC-42A3-9474-1A3956D46DE8}") = "01", "01", "{46E8BE82-7945-4CC3-AE72-CCE840394DF4}"
EndProject
Project("{9A19103F-16F7-4668-BE54-9A1E7A4F7556}") = "App", "S901\App.csproj", "{2C466DE1-0924-49D5-9D9D-8205AD31577D}"
EndProject
Project("{2150E333-8FDC-42A3-9474-1A3956D46DE8}") = "02", "02", "{0723A886-BB9C-4CAF-BC77-27EB2C2294F9}"
EndProject
Project("{9A19103F-16F7-4668-BE54-9A1E7A4F7556}") = "App", "S902\App.csproj", "{4E13AAF6-3D02-400C-B902-169CB15C4CCF}"
EndProject
Project("{2150E333-8FDC-42A3-9474-1A3956D46DE8}") = "03", "03", "{D9E7629E-6B1E-494B-A6EF-CA3F4F37841C}"
EndProject
Project("{9A19103F-16F7-4668-BE54-9A1E7A4F7556}") = "App", "S903\App.csproj", "{B085E885-31BB-40DA-9B02-BA7F424AD0A0}"
EndProject
Project("{2150E333-8FDC-42A3-9474-1A3956D46DE8}") = "04", "04", "{845C16BA-D731-4B02-A60D-863F5912D765}"
EndProject
Project("{9A19103F-16F7-4668-BE54-9A1E7A4F7556}") = "App", "S904\App.csproj", "{94F07F72-AFC8-43FD-86D3-312E77E7E734}"
EndProject
Project("{2150E333-8FDC-42A3-9474-1A3956D46DE8}") = "05", "05", "{10F40D70-D1FB-4EE2-A3F2-EF8B828A8412}"
EndProject
Project("{9A19103F-16F7-4668-BE54-9A1E7A4F7556}") = "App", "S905\App.csproj", "{4398E6EB-A60A-462F-ADD8-0070D2784A60}"
EndProject
Project("{2150E333-8FDC-42A3-9474-1A3956D46DE8}") = "06", "06", "{1254D2EC-0288-4080-A60D-7CB25A3D7A85}"
EndProject
Project("{9A19103F-16F7-4668-BE54-9A1E7A4F7556}") = "App", "S906\App.csproj", "{1813E9EA-D026-4E82-BD62-E5134B39F7BB}"
EndProject
Project("{2150E333-8FDC-42A3-9474-1A3956D46DE8}") = "07", "07", "{EC97B652-7DED-4975-886A-4F26B9D95AE5}"
EndProject
Project("{9A19103F-16F7-4668-BE54-9A1E7A4F7556}") = "App", "S907\App.csproj", "{0DC1325F-506B-48E2-A280-5F6FFF08EF70}"
EndProject
Global
	GlobalSection(SolutionConfigurationPlatforms) = preSolution
		Debug|Any CPU = Debug|Any CPU
		Release|Any CPU = Release|Any CPU
	EndGlobalSection
	GlobalSection(ProjectConfigurationPlatforms) = postSolution
		{2C466DE1-0924-49D5-9D9D-8205AD31577D}.Debug|Any CPU.ActiveCfg = Debug|Any CPU
		{2C466DE1-0924-49D5-9D9D-8205AD31577D}.Debug|Any CPU.Build.0 = Debug|Any CPU
		{2C466DE1-0924-49D5-9D9D-8205AD31577D}.Release|Any CPU.ActiveCfg = Release|Any CPU
		{2C466DE1-0924-49D5-9D9D-8205AD31577D}.Release|Any CPU.Build.0 = Release|Any CPU
		{4E13AAF6-3D02-400C-B902-169CB15C4CCF}.Debug|Any CPU.ActiveCfg = Debug|Any CPU
		{4E13AAF6-3D02-400C-B902-169CB15C4CCF}.Debug|Any CPU.Build.0 = Debug|Any CPU
		{4E13AAF6-3D02-400C-B902-169CB15C4CCF}.Release|Any CPU.ActiveCfg = Release|Any CPU
		{4E13AAF6-3D02-400C-B902-169CB15C4CCF}.Release|Any CPU.Build.0 = Release|Any CPU
		{B085E885-31BB-40DA-9B02-BA7F424AD0A0}.Debug|Any CPU.ActiveCfg = Debug|Any CPU
		{B085E885-31BB-40DA-9B02-BA7F424AD0A0}.Debug|Any CPU.Build.0 = Debug|Any CPU
		{B085E885-31BB-40DA-9B02-BA7F424AD0A0}.Release|Any CPU.ActiveCfg = Release|Any CPU
		{B085E885-31BB-40DA-9B02-BA7F424AD0A0}.Release|Any CPU.Build.0 = Release|Any CPU
		{94F07F72-AFC8-43FD-86D3-312E77E7E734}.Debug|Any CPU.ActiveCfg = Debug|Any CPU
		{94F07F72-AFC8-43FD-86D3-312E77E7E734}.Debug|Any CPU.Build.0 = Debug|Any CPU
		{94F07F72-AFC8-43FD-86D3-312E77E7E734}.Release|Any CPU.ActiveCfg = Release|Any CPU
		{94F07F72-AFC8-43FD-86D3-312E77E7E734}.Release|Any CPU.Build.0 = Release|Any CPU
		{4398E6EB-A60A-462F-ADD8-0070D2784A60}.Debug|Any CPU.ActiveCfg = Debug|Any CPU
		{4398E6EB-A60A-462F-ADD8-0070D2784A60}.Debug|Any CPU.Build.0 = Debug|Any CPU
		{4398E6EB-A60A-462F-ADD8-0070D2784A60}.Release|Any CPU.ActiveCfg = Release|Any CPU
		{4398E6EB-A60A-462F-ADD8-0070D2784A60}.Release|Any CPU.Build.0 = Release|Any CPU
		{1813E9EA-D026-4E82-BD62-E5134B39F7BB}.Debug|Any CPU.ActiveCfg = Debug|Any CPU
		{1813E9EA-D026-4E82-BD62-E5134B39F7BB}.Debug|Any CPU.Build.0 = Debug|Any CPU
		{1813E9EA-D026-4E82-BD62-E5134B39F7BB}.Release|Any CPU.ActiveCfg = Release|Any CPU
		{1813E9EA-D026-4E82-BD62-E5134B39F7BB}.Release|Any CPU.Build.0 = Release|Any CPU
		{0DC1325F-506B-48E2-A280-5F6FFF08EF70}.Debug|Any CPU.ActiveCfg = Debug|Any CPU
		{0DC1325F-506B-48E2-A280-5F6FFF08EF70}.Debug|Any CPU.Build.0 = Debug|Any CPU
		{0DC1325F-506B-48E2-A280-5F6FFF08EF70}.Release|Any CPU.ActiveCfg = Release|Any CPU
		{0DC1325F-506B-48E2-A280-5F6FFF08EF70}.Release|Any CPU.Build.0 = Release|Any CPU
	EndGlobalSection
	GlobalSection(SolutionProperties) = preSolution
		HideSolutionNode = FALSE
	EndGlobalSection
	GlobalSection(NestedProjects) = preSolution
		{2C466DE1-0924-49D5-9D9D-8205AD31577D} = {46E8BE82-7945-4CC3-AE72-CCE840394DF4}
		{4E13AAF6-3D02-400C-B902-169CB15C4CCF} = {0723A886-BB9C-4CAF-BC77-27EB2C2294F9}
		{B085E885-31BB-40DA-9B02-BA7F424AD0A0} = {D9E7629E-6B1E-494B-A6EF-CA3F4F37841C}
		{94F07F72-AFC8-43FD-86D3-312E77E7E734} = {845C16BA-D731-4B02-A60D-863F5912D765}
		{4398E6EB-A60A-462F-ADD8-0070D2784A60} = {10F40D70-D1FB-4EE2-A3F2-EF8B828A8412}
		{1813E9EA-D026-4E82-BD62-E5134B39F7BB} = {1254D2EC-0288-4080-A60D-7CB25A3D7A85}
		{0DC1325F-506B-48E2-A280-5F6FFF08EF70} = {EC97B652-7DED-4975-886A-4F26B9D95AE5}
	EndGlobalSection
	GlobalSection(ExtensibilityGlobals) = postSolution
		SolutionGuid = {EC3FCBE3-E76D-4127-B472-026A2C510F05}
	EndGlobalSection
EndGlobal
