
Microsoft Visual Studio Solution File, Format Version 12.00
# Visual Studio Version 17
VisualStudioVersion = 17.0.31903.59
MinimumVisualStudioVersion = 10.0.40219.1
Project("{2150E333-8FDC-42A3-9474-1A3956D46DE8}") = "01", "01", "{6105593A-5A3D-47D0-8479-341987355DE3}"
EndProject
Project("{9A19103F-16F7-4668-BE54-9A1E7A4F7556}") = "App", "S501\App.csproj", "{57B48333-1DD6-4DC4-A373-35E184DBFF6D}"
EndProject
Project("{2150E333-8FDC-42A3-9474-1A3956D46DE8}") = "02", "02", "{A36D2D03-07AB-4D3B-9CCB-CC1C0F05659D}"
EndProject
Project("{9A19103F-16F7-4668-BE54-9A1E7A4F7556}") = "App", "S502\App.csproj", "{5BD9528B-B457-4CD3-A09A-730654116AC4}"
EndProject
Project("{2150E333-8FDC-42A3-9474-1A3956D46DE8}") = "03", "03", "{156E0397-38E2-45F1-B595-5AF7FEA847EC}"
EndProject
Project("{9A19103F-16F7-4668-BE54-9A1E7A4F7556}") = "App", "S503\App.csproj", "{E06A9FCA-2726-46A6-A371-3D0CCB2B93DD}"
EndProject
Project("{2150E333-8FDC-42A3-9474-1A3956D46DE8}") = "04", "04", "{EDC23355-0DE0-48C9-8EC3-6AD976FCE94F}"
EndProject
Project("{9A19103F-16F7-4668-BE54-9A1E7A4F7556}") = "App", "S504\App.csproj", "{72D955AF-3059-4206-812D-4C3AA38A15A1}"
EndProject
Project("{2150E333-8FDC-42A3-9474-1A3956D46DE8}") = "05", "05", "{3CBAC62E-7838-42CD-9BFC-9D2393B3F18E}"
EndProject
Project("{9A19103F-16F7-4668-BE54-9A1E7A4F7556}") = "App", "S505\App.csproj", "{2449A958-7359-4711-9CEC-17B3F7EC3C4E}"
EndProject
Project("{2150E333-8FDC-42A3-9474-1A3956D46DE8}") = "06", "06", "{8833B73E-8072-4CBD-B060-0D5F7A86BB21}"
EndProject
Project("{9A19103F-16F7-4668-BE54-9A1E7A4F7556}") = "App", "S506\App.csproj", "{4CE1E1F3-FCB2-453E-9AA4-354209730355}"
EndProject
Project("{2150E333-8FDC-42A3-9474-1A3956D46DE8}") = "07", "07", "{06136E45-35C3-4A1D-95E2-CF222B519F05}"
EndProject
Project("{9A19103F-16F7-4668-BE54-9A1E7A4F7556}") = "App", "S507\App.csproj", "{71D43A82-EC57-49C2-991A-446D04240A24}"
EndProject
Project("{2150E333-8FDC-42A3-9474-1A3956D46DE8}") = "08", "08", "{86849327-2AA7-496E-BB26-2DF45586BA70}"
EndProject
Project("{9A19103F-16F7-4668-BE54-9A1E7A4F7556}") = "App", "S508\App.csproj", "{87440927-7EDC-4FBB-98F1-366246CC1DE0}"
EndProject
Project("{2150E333-8FDC-42A3-9474-1A3956D46DE8}") = "09", "09", "{52004FBD-B6C5-44AE-8AC8-9ECA74F3E4C9}"
EndProject
Project("{9A19103F-16F7-4668-BE54-9A1E7A4F7556}") = "App", "S509\App.csproj", "{BD8E941E-556B-4FBF-B13A-20823C5B2F77}"
EndProject
Project("{2150E333-8FDC-42A3-9474-1A3956D46DE8}") = "10", "10", "{CD3A5073-B157-4BB5-A6AF-E91ACD600A66}"
EndProject
Project("{9A19103F-16F7-4668-BE54-9A1E7A4F7556}") = "App", "S510\App.csproj", "{6CBCFBB5-F343-4EFF-9D47-4BFDE0F9431B}"
EndProject
Project("{2150E333-8FDC-42A3-9474-1A3956D46DE8}") = "11", "11", "{AA3D8A14-B33D-413D-90DF-6CDADDB5BB44}"
EndProject
Project("{9A19103F-16F7-4668-BE54-9A1E7A4F7556}") = "App", "S511\App.csproj", "{EE4D2C1E-E284-429D-A946-9C22097DED5C}"
EndProject
Project("{2150E333-8FDC-42A3-9474-1A3956D46DE8}") = "12", "12", "{9A599B94-AE9F-4866-8521-71A5823457CB}"
EndProject
Project("{9A19103F-16F7-4668-BE54-9A1E7A4F7556}") = "App", "S512\App.csproj", "{4230EAFD-646B-4487-9FC5-979C103FE70C}"
EndProject
Project("{2150E333-8FDC-42A3-9474-1A3956D46DE8}") = "13", "13", "{B6AD366F-7B87-4C37-9B8C-1090F8F3D3DF}"
EndProject
Project("{9A19103F-16F7-4668-BE54-9A1E7A4F7556}") = "App", "S513\App.csproj", "{C9782174-5A49-4CFC-A302-778534A598E4}"
EndProject
Project("{2150E333-8FDC-42A3-9474-1A3956D46DE8}") = "14", "14", "{C76B8135-6113-4C69-B7E9-1512DAC90A08}"
EndProject
Project("{9A19103F-16F7-4668-BE54-9A1E7A4F7556}") = "App", "S514\App.csproj", "{A8F16349-75D1-4220-843A-8F829A5DA4FC}"
EndProject
Global
	GlobalSection(SolutionConfigurationPlatforms) = preSolution
		Debug|Any CPU = Debug|Any CPU
		Release|Any CPU = Release|Any CPU
	EndGlobalSection
	GlobalSection(ProjectConfigurationPlatforms) = postSolution
		{57B48333-1DD6-4DC4-A373-35E184DBFF6D}.Debug|Any CPU.ActiveCfg = Debug|Any CPU
		{57B48333-1DD6-4DC4-A373-35E184DBFF6D}.Debug|Any CPU.Build.0 = Debug|Any CPU
		{57B48333-1DD6-4DC4-A373-35E184DBFF6D}.Release|Any CPU.ActiveCfg = Release|Any CPU
		{57B48333-1DD6-4DC4-A373-35E184DBFF6D}.Release|Any CPU.Build.0 = Release|Any CPU
		{5BD9528B-B457-4CD3-A09A-730654116AC4}.Debug|Any CPU.ActiveCfg = Debug|Any CPU
		{5BD9528B-B457-4CD3-A09A-730654116AC4}.Debug|Any CPU.Build.0 = Debug|Any CPU
		{5BD9528B-B457-4CD3-A09A-730654116AC4}.Release|Any CPU.ActiveCfg = Release|Any CPU
		{5BD9528B-B457-4CD3-A09A-730654116AC4}.Release|Any CPU.Build.0 = Release|Any CPU
		{E06A9FCA-2726-46A6-A371-3D0CCB2B93DD}.Debug|Any CPU.ActiveCfg = Debug|Any CPU
		{E06A9FCA-2726-46A6-A371-3D0CCB2B93DD}.Debug|Any CPU.Build.0 = Debug|Any CPU
		{E06A9FCA-2726-46A6-A371-3D0CCB2B93DD}.Release|Any CPU.ActiveCfg = Release|Any CPU
		{E06A9FCA-2726-46A6-A371-3D0CCB2B93DD}.Release|Any CPU.Build.0 = Release|Any CPU
		{72D955AF-3059-4206-812D-4C3AA38A15A1}.Debug|Any CPU.ActiveCfg = Debug|Any CPU
		{72D955AF-3059-4206-812D-4C3AA38A15A1}.Debug|Any CPU.Build.0 = Debug|Any CPU
		{72D955AF-3059-4206-812D-4C3AA38A15A1}.Release|Any CPU.ActiveCfg = Release|Any CPU
		{72D955AF-3059-4206-812D-4C3AA38A15A1}.Release|Any CPU.Build.0 = Release|Any CPU
		{2449A958-7359-4711-9CEC-17B3F7EC3C4E}.Debug|Any CPU.ActiveCfg = Debug|Any CPU
		{2449A958-7359-4711-9CEC-17B3F7EC3C4E}.Debug|Any CPU.Build.0 = Debug|Any CPU
		{2449A958-7359-4711-9CEC-17B3F7EC3C4E}.Release|Any CPU.ActiveCfg = Release|Any CPU
		{2449A958-7359-4711-9CEC-17B3F7EC3C4E}.Release|Any CPU.Build.0 = Release|Any CPU
		{4CE1E1F3-FCB2-453E-9AA4-354209730355}.Debug|Any CPU.ActiveCfg = Debug|Any CPU
		{4CE1E1F3-FCB2-453E-9AA4-354209730355}.Debug|Any CPU.Build.0 = Debug|Any CPU
		{4CE1E1F3-FCB2-453E-9AA4-354209730355}.Release|Any CPU.ActiveCfg = Release|Any CPU
		{4CE1E1F3-FCB2-453E-9AA4-354209730355}.Release|Any CPU.Build.0 = Release|Any CPU
		{71D43A82-EC57-49C2-991A-446D04240A24}.Debug|Any CPU.ActiveCfg = Debug|Any CPU
		{71D43A82-EC57-49C2-991A-446D04240A24}.Debug|Any CPU.Build.0 = Debug|Any CPU
		{71D43A82-EC57-49C2-991A-446D04240A24}.Release|Any CPU.ActiveCfg = Release|Any CPU
		{71D43A82-EC57-49C2-991A-446D04240A24}.Release|Any CPU.Build.0 = Release|Any CPU
		{87440927-7EDC-4FBB-98F1-366246CC1DE0}.Debug|Any CPU.ActiveCfg = Debug|Any CPU
		{87440927-7EDC-4FBB-98F1-366246CC1DE0}.Debug|Any CPU.Build.0 = Debug|Any CPU
		{87440927-7EDC-4FBB-98F1-366246CC1DE0}.Release|Any CPU.ActiveCfg = Release|Any CPU
		{87440927-7EDC-4FBB-98F1-366246CC1DE0}.Release|Any CPU.Build.0 = Release|Any CPU
		{BD8E941E-556B-4FBF-B13A-20823C5B2F77}.Debug|Any CPU.ActiveCfg = Debug|Any CPU
		{BD8E941E-556B-4FBF-B13A-20823C5B2F77}.Debug|Any CPU.Build.0 = Debug|Any CPU
		{BD8E941E-556B-4FBF-B13A-20823C5B2F77}.Release|Any CPU.ActiveCfg = Release|Any CPU
		{BD8E941E-556B-4FBF-B13A-20823C5B2F77}.Release|Any CPU.Build.0 = Release|Any CPU
		{6CBCFBB5-F343-4EFF-9D47-4BFDE0F9431B}.Debug|Any CPU.ActiveCfg = Debug|Any CPU
		{6CBCFBB5-F343-4EFF-9D47-4BFDE0F9431B}.Debug|Any CPU.Build.0 = Debug|Any CPU
		{6CBCFBB5-F343-4EFF-9D47-4BFDE0F9431B}.Release|Any CPU.ActiveCfg = Release|Any CPU
		{6CBCFBB5-F343-4EFF-9D47-4BFDE0F9431B}.Release|Any CPU.Build.0 = Release|Any CPU
		{EE4D2C1E-E284-429D-A946-9C22097DED5C}.Debug|Any CPU.ActiveCfg = Debug|Any CPU
		{EE4D2C1E-E284-429D-A946-9C22097DED5C}.Debug|Any CPU.Build.0 = Debug|Any CPU
		{EE4D2C1E-E284-429D-A946-9C22097DED5C}.Release|Any CPU.ActiveCfg = Release|Any CPU
		{EE4D2C1E-E284-429D-A946-9C22097DED5C}.Release|Any CPU.Build.0 = Release|Any CPU
		{4230EAFD-646B-4487-9FC5-979C103FE70C}.Debug|Any CPU.ActiveCfg = Debug|Any CPU
		{4230EAFD-646B-4487-9FC5-979C103FE70C}.Debug|Any CPU.Build.0 = Debug|Any CPU
		{4230EAFD-646B-4487-9FC5-979C103FE70C}.Release|Any CPU.ActiveCfg = Release|Any CPU
		{4230EAFD-646B-4487-9FC5-979C103FE70C}.Release|Any CPU.Build.0 = Release|Any CPU
		{C9782174-5A49-4CFC-A302-778534A598E4}.Debug|Any CPU.ActiveCfg = Debug|Any CPU
		{C9782174-5A49-4CFC-A302-778534A598E4}.Debug|Any CPU.Build.0 = Debug|Any CPU
		{C9782174-5A49-4CFC-A302-778534A598E4}.Release|Any CPU.ActiveCfg = Release|Any CPU
		{C9782174-5A49-4CFC-A302-778534A598E4}.Release|Any CPU.Build.0 = Release|Any CPU
		{A8F16349-75D1-4220-843A-8F829A5DA4FC}.Debug|Any CPU.ActiveCfg = Debug|Any CPU
		{A8F16349-75D1-4220-843A-8F829A5DA4FC}.Debug|Any CPU.Build.0 = Debug|Any CPU
		{A8F16349-75D1-4220-843A-8F829A5DA4FC}.Release|Any CPU.ActiveCfg = Release|Any CPU
		{A8F16349-75D1-4220-843A-8F829A5DA4FC}.Release|Any CPU.Build.0 = Release|Any CPU
	EndGlobalSection
	GlobalSection(SolutionProperties) = preSolution
		HideSolutionNode = FALSE
	EndGlobalSection
	GlobalSection(NestedProjects) = preSolution
		{57B48333-1DD6-4DC4-A373-35E184DBFF6D} = {6105593A-5A3D-47D0-8479-341987355DE3}
		{5BD9528B-B457-4CD3-A09A-730654116AC4} = {A36D2D03-07AB-4D3B-9CCB-CC1C0F05659D}
		{E06A9FCA-2726-46A6-A371-3D0CCB2B93DD} = {156E0397-38E2-45F1-B595-5AF7FEA847EC}
		{72D955AF-3059-4206-812D-4C3AA38A15A1} = {EDC23355-0DE0-48C9-8EC3-6AD976FCE94F}
		{2449A958-7359-4711-9CEC-17B3F7EC3C4E} = {3CBAC62E-7838-42CD-9BFC-9D2393B3F18E}
		{4CE1E1F3-FCB2-453E-9AA4-354209730355} = {8833B73E-8072-4CBD-B060-0D5F7A86BB21}
		{71D43A82-EC57-49C2-991A-446D04240A24} = {06136E45-35C3-4A1D-95E2-CF222B519F05}
		{87440927-7EDC-4FBB-98F1-366246CC1DE0} = {86849327-2AA7-496E-BB26-2DF45586BA70}
		{BD8E941E-556B-4FBF-B13A-20823C5B2F77} = {52004FBD-B6C5-44AE-8AC8-9ECA74F3E4C9}
		{6CBCFBB5-F343-4EFF-9D47-4BFDE0F9431B} = {CD3A5073-B157-4BB5-A6AF-E91ACD600A66}
		{EE4D2C1E-E284-429D-A946-9C22097DED5C} = {AA3D8A14-B33D-413D-90DF-6CDADDB5BB44}
		{4230EAFD-646B-4487-9FC5-979C103FE70C} = {9A599B94-AE9F-4866-8521-71A5823457CB}
		{C9782174-5A49-4CFC-A302-778534A598E4} = {B6AD366F-7B87-4C37-9B8C-1090F8F3D3DF}
		{A8F16349-75D1-4220-843A-8F829A5DA4FC} = {C76B8135-6113-4C69-B7E9-1512DAC90A08}
	EndGlobalSection
	GlobalSection(ExtensibilityGlobals) = postSolution
		SolutionGuid = {EC3FCBE3-E76D-4127-B472-026A2C510F05}
	EndGlobalSection
EndGlobal
