
Microsoft Visual Studio Solution File, Format Version 12.00
# Visual Studio Version 17
VisualStudioVersion = 17.0.31903.59
MinimumVisualStudioVersion = 10.0.40219.1
Project("{2150E333-8FDC-42A3-9474-1A3956D46DE8}") = "01", "01", "{17E83D19-EA90-4425-9B6B-EBE230645FD2}"
EndProject
Project("{9A19103F-16F7-4668-BE54-9A1E7A4F7556}") = "Api", "S2901\Api\Api.csproj", "{35CD34EA-13DC-4509-9FB4-E19F17E0B100}"
EndProject
Project("{9A19103F-16F7-4668-BE54-9A1E7A4F7556}") = "App", "S2901\App\App.csproj", "{2A30E68F-1B48-48E0-AC4B-C120E05F46B5}"
EndProject
Project("{2150E333-8FDC-42A3-9474-1A3956D46DE8}") = "02", "02", "{0839B5ED-F565-4DE9-81C3-9D6EB8740635}"
EndProject
Project("{9A19103F-16F7-4668-BE54-9A1E7A4F7556}") = "Api", "S2902\Api\Api.csproj", "{8D01DBCC-1332-4841-8CAC-D3CB24261C10}"
EndProject
Project("{9A19103F-16F7-4668-BE54-9A1E7A4F7556}") = "App", "S2902\App\App.csproj", "{BA1D5D36-96A8-4954-83FC-0589A561B6EB}"
EndProject
Project("{2150E333-8FDC-42A3-9474-1A3956D46DE8}") = "03", "03", "{B1228D61-916E-409D-B979-16BD7C3D835B}"
EndProject
Project("{9A19103F-16F7-4668-BE54-9A1E7A4F7556}") = "Api", "S2903\Api\Api.csproj", "{18E5E35C-6950-4E62-9CF9-4282AE345AEF}"
EndProject
Project("{9A19103F-16F7-4668-BE54-9A1E7A4F7556}") = "App", "S2903\App\App.csproj", "{F2C14D5D-E711-4C00-9DE0-EE06262E2EFB}"
EndProject
Project("{2150E333-8FDC-42A3-9474-1A3956D46DE8}") = "04", "04", "{457853AB-71DE-4AB2-95CB-ED8DA73F9A6A}"
EndProject
Project("{9A19103F-16F7-4668-BE54-9A1E7A4F7556}") = "Api", "S2904\Api\Api.csproj", "{1317A179-C103-438B-853B-A04A8C3DC5A6}"
EndProject
Project("{9A19103F-16F7-4668-BE54-9A1E7A4F7556}") = "App", "S2904\App\App.csproj", "{FB416DA5-6DF8-4124-95F0-E78E3722E70B}"
EndProject
Project("{2150E333-8FDC-42A3-9474-1A3956D46DE8}") = "05", "05", "{86DF959B-17BE-4029-B7CE-E941EE68E81A}"
EndProject
Project("{9A19103F-16F7-4668-BE54-9A1E7A4F7556}") = "Api", "S2905\Api\Api.csproj", "{6DDC80E2-8E2A-4903-B87C-F2438235DED2}"
EndProject
Project("{9A19103F-16F7-4668-BE54-9A1E7A4F7556}") = "App", "S2905\App\App.csproj", "{1E239929-62A7-466C-BA9F-90622482595F}"
EndProject
Project("{2150E333-8FDC-42A3-9474-1A3956D46DE8}") = "06", "06", "{5728C606-C9A8-4DD6-9574-CD78C7DD2107}"
EndProject
Project("{9A19103F-16F7-4668-BE54-9A1E7A4F7556}") = "Api", "S2906\Api\Api.csproj", "{8A0104D1-862D-410D-BCE4-12A17ECEE117}"
EndProject
Project("{9A19103F-16F7-4668-BE54-9A1E7A4F7556}") = "App", "S2906\App\App.csproj", "{3B86EACD-CA30-4963-8C68-1F5E3C8E12C9}"
EndProject
Project("{2150E333-8FDC-42A3-9474-1A3956D46DE8}") = "07", "07", "{156EFA98-583C-4019-BEAF-F4166562714C}"
EndProject
Project("{9A19103F-16F7-4668-BE54-9A1E7A4F7556}") = "Api", "S2907\Api\Api.csproj", "{DFC98BF8-BFC5-4383-A3D5-7BBED3CC3E21}"
EndProject
Project("{9A19103F-16F7-4668-BE54-9A1E7A4F7556}") = "App", "S2907\App\App.csproj", "{342760DD-B622-4C23-844E-2BFF396B964F}"
EndProject
Global
	GlobalSection(SolutionConfigurationPlatforms) = preSolution
		Debug|Any CPU = Debug|Any CPU
		Release|Any CPU = Release|Any CPU
	EndGlobalSection
	GlobalSection(ProjectConfigurationPlatforms) = postSolution
		{35CD34EA-13DC-4509-9FB4-E19F17E0B100}.Debug|Any CPU.ActiveCfg = Debug|Any CPU
		{35CD34EA-13DC-4509-9FB4-E19F17E0B100}.Debug|Any CPU.Build.0 = Debug|Any CPU
		{35CD34EA-13DC-4509-9FB4-E19F17E0B100}.Release|Any CPU.ActiveCfg = Release|Any CPU
		{35CD34EA-13DC-4509-9FB4-E19F17E0B100}.Release|Any CPU.Build.0 = Release|Any CPU
		{2A30E68F-1B48-48E0-AC4B-C120E05F46B5}.Debug|Any CPU.ActiveCfg = Debug|Any CPU
		{2A30E68F-1B48-48E0-AC4B-C120E05F46B5}.Debug|Any CPU.Build.0 = Debug|Any CPU
		{2A30E68F-1B48-48E0-AC4B-C120E05F46B5}.Release|Any CPU.ActiveCfg = Release|Any CPU
		{2A30E68F-1B48-48E0-AC4B-C120E05F46B5}.Release|Any CPU.Build.0 = Release|Any CPU
		{8D01DBCC-1332-4841-8CAC-D3CB24261C10}.Debug|Any CPU.ActiveCfg = Debug|Any CPU
		{8D01DBCC-1332-4841-8CAC-D3CB24261C10}.Debug|Any CPU.Build.0 = Debug|Any CPU
		{8D01DBCC-1332-4841-8CAC-D3CB24261C10}.Release|Any CPU.ActiveCfg = Release|Any CPU
		{8D01DBCC-1332-4841-8CAC-D3CB24261C10}.Release|Any CPU.Build.0 = Release|Any CPU
		{BA1D5D36-96A8-4954-83FC-0589A561B6EB}.Debug|Any CPU.ActiveCfg = Debug|Any CPU
		{BA1D5D36-96A8-4954-83FC-0589A561B6EB}.Debug|Any CPU.Build.0 = Debug|Any CPU
		{BA1D5D36-96A8-4954-83FC-0589A561B6EB}.Release|Any CPU.ActiveCfg = Release|Any CPU
		{BA1D5D36-96A8-4954-83FC-0589A561B6EB}.Release|Any CPU.Build.0 = Release|Any CPU
		{18E5E35C-6950-4E62-9CF9-4282AE345AEF}.Debug|Any CPU.ActiveCfg = Debug|Any CPU
		{18E5E35C-6950-4E62-9CF9-4282AE345AEF}.Debug|Any CPU.Build.0 = Debug|Any CPU
		{18E5E35C-6950-4E62-9CF9-4282AE345AEF}.Release|Any CPU.ActiveCfg = Release|Any CPU
		{18E5E35C-6950-4E62-9CF9-4282AE345AEF}.Release|Any CPU.Build.0 = Release|Any CPU
		{F2C14D5D-E711-4C00-9DE0-EE06262E2EFB}.Debug|Any CPU.ActiveCfg = Debug|Any CPU
		{F2C14D5D-E711-4C00-9DE0-EE06262E2EFB}.Debug|Any CPU.Build.0 = Debug|Any CPU
		{F2C14D5D-E711-4C00-9DE0-EE06262E2EFB}.Release|Any CPU.ActiveCfg = Release|Any CPU
		{F2C14D5D-E711-4C00-9DE0-EE06262E2EFB}.Release|Any CPU.Build.0 = Release|Any CPU
		{1317A179-C103-438B-853B-A04A8C3DC5A6}.Debug|Any CPU.ActiveCfg = Debug|Any CPU
		{1317A179-C103-438B-853B-A04A8C3DC5A6}.Debug|Any CPU.Build.0 = Debug|Any CPU
		{1317A179-C103-438B-853B-A04A8C3DC5A6}.Release|Any CPU.ActiveCfg = Release|Any CPU
		{1317A179-C103-438B-853B-A04A8C3DC5A6}.Release|Any CPU.Build.0 = Release|Any CPU
		{FB416DA5-6DF8-4124-95F0-E78E3722E70B}.Debug|Any CPU.ActiveCfg = Debug|Any CPU
		{FB416DA5-6DF8-4124-95F0-E78E3722E70B}.Debug|Any CPU.Build.0 = Debug|Any CPU
		{FB416DA5-6DF8-4124-95F0-E78E3722E70B}.Release|Any CPU.ActiveCfg = Release|Any CPU
		{FB416DA5-6DF8-4124-95F0-E78E3722E70B}.Release|Any CPU.Build.0 = Release|Any CPU
		{6DDC80E2-8E2A-4903-B87C-F2438235DED2}.Debug|Any CPU.ActiveCfg = Debug|Any CPU
		{6DDC80E2-8E2A-4903-B87C-F2438235DED2}.Debug|Any CPU.Build.0 = Debug|Any CPU
		{6DDC80E2-8E2A-4903-B87C-F2438235DED2}.Release|Any CPU.ActiveCfg = Release|Any CPU
		{6DDC80E2-8E2A-4903-B87C-F2438235DED2}.Release|Any CPU.Build.0 = Release|Any CPU
		{1E239929-62A7-466C-BA9F-90622482595F}.Debug|Any CPU.ActiveCfg = Debug|Any CPU
		{1E239929-62A7-466C-BA9F-90622482595F}.Debug|Any CPU.Build.0 = Debug|Any CPU
		{1E239929-62A7-466C-BA9F-90622482595F}.Release|Any CPU.ActiveCfg = Release|Any CPU
		{1E239929-62A7-466C-BA9F-90622482595F}.Release|Any CPU.Build.0 = Release|Any CPU
		{8A0104D1-862D-410D-BCE4-12A17ECEE117}.Debug|Any CPU.ActiveCfg = Debug|Any CPU
		{8A0104D1-862D-410D-BCE4-12A17ECEE117}.Debug|Any CPU.Build.0 = Debug|Any CPU
		{8A0104D1-862D-410D-BCE4-12A17ECEE117}.Release|Any CPU.ActiveCfg = Release|Any CPU
		{8A0104D1-862D-410D-BCE4-12A17ECEE117}.Release|Any CPU.Build.0 = Release|Any CPU
		{3B86EACD-CA30-4963-8C68-1F5E3C8E12C9}.Debug|Any CPU.ActiveCfg = Debug|Any CPU
		{3B86EACD-CA30-4963-8C68-1F5E3C8E12C9}.Debug|Any CPU.Build.0 = Debug|Any CPU
		{3B86EACD-CA30-4963-8C68-1F5E3C8E12C9}.Release|Any CPU.ActiveCfg = Release|Any CPU
		{3B86EACD-CA30-4963-8C68-1F5E3C8E12C9}.Release|Any CPU.Build.0 = Release|Any CPU
		{DFC98BF8-BFC5-4383-A3D5-7BBED3CC3E21}.Debug|Any CPU.ActiveCfg = Debug|Any CPU
		{DFC98BF8-BFC5-4383-A3D5-7BBED3CC3E21}.Debug|Any CPU.Build.0 = Debug|Any CPU
		{DFC98BF8-BFC5-4383-A3D5-7BBED3CC3E21}.Release|Any CPU.ActiveCfg = Release|Any CPU
		{DFC98BF8-BFC5-4383-A3D5-7BBED3CC3E21}.Release|Any CPU.Build.0 = Release|Any CPU
		{342760DD-B622-4C23-844E-2BFF396B964F}.Debug|Any CPU.ActiveCfg = Debug|Any CPU
		{342760DD-B622-4C23-844E-2BFF396B964F}.Debug|Any CPU.Build.0 = Debug|Any CPU
		{342760DD-B622-4C23-844E-2BFF396B964F}.Release|Any CPU.ActiveCfg = Release|Any CPU
		{342760DD-B622-4C23-844E-2BFF396B964F}.Release|Any CPU.Build.0 = Release|Any CPU
	EndGlobalSection
	GlobalSection(SolutionProperties) = preSolution
		HideSolutionNode = FALSE
	EndGlobalSection
	GlobalSection(NestedProjects) = preSolution
		{35CD34EA-13DC-4509-9FB4-E19F17E0B100} = {17E83D19-EA90-4425-9B6B-EBE230645FD2}
		{2A30E68F-1B48-48E0-AC4B-C120E05F46B5} = {17E83D19-EA90-4425-9B6B-EBE230645FD2}
		{8D01DBCC-1332-4841-8CAC-D3CB24261C10} = {0839B5ED-F565-4DE9-81C3-9D6EB8740635}
		{BA1D5D36-96A8-4954-83FC-0589A561B6EB} = {0839B5ED-F565-4DE9-81C3-9D6EB8740635}
		{18E5E35C-6950-4E62-9CF9-4282AE345AEF} = {B1228D61-916E-409D-B979-16BD7C3D835B}
		{F2C14D5D-E711-4C00-9DE0-EE06262E2EFB} = {B1228D61-916E-409D-B979-16BD7C3D835B}
		{1317A179-C103-438B-853B-A04A8C3DC5A6} = {457853AB-71DE-4AB2-95CB-ED8DA73F9A6A}
		{FB416DA5-6DF8-4124-95F0-E78E3722E70B} = {457853AB-71DE-4AB2-95CB-ED8DA73F9A6A}
		{6DDC80E2-8E2A-4903-B87C-F2438235DED2} = {86DF959B-17BE-4029-B7CE-E941EE68E81A}
		{1E239929-62A7-466C-BA9F-90622482595F} = {86DF959B-17BE-4029-B7CE-E941EE68E81A}
		{8A0104D1-862D-410D-BCE4-12A17ECEE117} = {5728C606-C9A8-4DD6-9574-CD78C7DD2107}
		{3B86EACD-CA30-4963-8C68-1F5E3C8E12C9} = {5728C606-C9A8-4DD6-9574-CD78C7DD2107}
		{DFC98BF8-BFC5-4383-A3D5-7BBED3CC3E21} = {156EFA98-583C-4019-BEAF-F4166562714C}
		{342760DD-B622-4C23-844E-2BFF396B964F} = {156EFA98-583C-4019-BEAF-F4166562714C}
	EndGlobalSection
	GlobalSection(ExtensibilityGlobals) = postSolution
		SolutionGuid = {EC3FCBE3-E76D-4127-B472-026A2C510F05}
	EndGlobalSection
EndGlobal
