
Microsoft Visual Studio Solution File, Format Version 12.00
# Visual Studio Version 17
VisualStudioVersion = 17.0.31903.59
MinimumVisualStudioVersion = 10.0.40219.1
Project("{2150E333-8FDC-42A3-9474-1A3956D46DE8}") = "01", "01", "{8DEC5124-6ED4-4C42-9C27-65C26B0B961D}"
EndProject
Project("{9A19103F-16F7-4668-BE54-9A1E7A4F7556}") = "App", "S2701\App.csproj", "{F448615A-AAFA-42D2-AD82-2060CB5D91A4}"
EndProject
Global
	GlobalSection(SolutionConfigurationPlatforms) = preSolution
		Debug|Any CPU = Debug|Any CPU
		Release|Any CPU = Release|Any CPU
	EndGlobalSection
	GlobalSection(ProjectConfigurationPlatforms) = postSolution
		{F448615A-AAFA-42D2-AD82-2060CB5D91A4}.Debug|Any CPU.ActiveCfg = Debug|Any CPU
		{F448615A-AAFA-42D2-AD82-2060CB5D91A4}.Debug|Any CPU.Build.0 = Debug|Any CPU
		{F448615A-AAFA-42D2-AD82-2060CB5D91A4}.Release|Any CPU.ActiveCfg = Release|Any CPU
		{F448615A-AAFA-42D2-AD82-2060CB5D91A4}.Release|Any CPU.Build.0 = Release|Any CPU
	EndGlobalSection
	GlobalSection(SolutionProperties) = preSolution
		HideSolutionNode = FALSE
	EndGlobalSection
	GlobalSection(NestedProjects) = preSolution
		{F448615A-AAFA-42D2-AD82-2060CB5D91A4} = {8DEC5124-6ED4-4C42-9C27-65C26B0B961D}
	EndGlobalSection
	GlobalSection(ExtensibilityGlobals) = postSolution
		SolutionGuid = {EC3FCBE3-E76D-4127-B472-026A2C510F05}
	EndGlobalSection
EndGlobal
