
Microsoft Visual Studio Solution File, Format Version 12.00
# Visual Studio Version 17
VisualStudioVersion = 17.0.31903.59
MinimumVisualStudioVersion = 10.0.40219.1
Project("{2150E333-8FDC-42A3-9474-1A3956D46DE8}") = "01", "01", "{C831C8E1-8EC8-4FB6-B426-CBB06FBAAAD4}"
EndProject
Project("{9A19103F-16F7-4668-BE54-9A1E7A4F7556}") = "App", "S3001\App.csproj", "{27FC9392-B94D-4A82-90CF-729B4FADEF13}"
EndProject
Project("{2150E333-8FDC-42A3-9474-1A3956D46DE8}") = "02", "02", "{CC6934E0-7B8C-4E02-9BBB-04F9E07034CA}"
EndProject
Project("{9A19103F-16F7-4668-BE54-9A1E7A4F7556}") = "App", "S3002\App.csproj", "{6B05FE1A-2B64-472A-A72E-490EA620FB66}"
EndProject
Project("{2150E333-8FDC-42A3-9474-1A3956D46DE8}") = "03", "03", "{0A2F150B-E2BE-44DA-81B3-B14055196399}"
EndProject
Project("{9A19103F-16F7-4668-BE54-9A1E7A4F7556}") = "App", "S3003\App.csproj", "{6590BC05-0628-4F10-8128-821B10B41D3A}"
EndProject
Project("{2150E333-8FDC-42A3-9474-1A3956D46DE8}") = "04", "04", "{430B6B66-87A1-42F5-BCBB-D5E97A2761F6}"
EndProject
Project("{9A19103F-16F7-4668-BE54-9A1E7A4F7556}") = "App", "S3004\App.csproj", "{A09187E7-260C-4DC2-AC06-D6975BA9DDCF}"
EndProject
Project("{2150E333-8FDC-42A3-9474-1A3956D46DE8}") = "05", "05", "{C4227978-6E96-4C99-883C-3970BEAC4E60}"
EndProject
Project("{9A19103F-16F7-4668-BE54-9A1E7A4F7556}") = "App", "S3005\App.csproj", "{AB7D83AB-B0C8-4641-A6C0-EFB168A26F04}"
EndProject
Project("{2150E333-8FDC-42A3-9474-1A3956D46DE8}") = "06", "06", "{2F23D342-FB88-43FB-9B4C-CE7AF2F858E2}"
EndProject
Project("{9A19103F-16F7-4668-BE54-9A1E7A4F7556}") = "App", "S3006\App.csproj", "{1BDBED8D-C3FF-43A2-A103-20873E73B04A}"
EndProject
Project("{2150E333-8FDC-42A3-9474-1A3956D46DE8}") = "07", "07", "{FFC5C9FC-DFFE-4259-8804-94B3B1D7B3E7}"
EndProject
Project("{9A19103F-16F7-4668-BE54-9A1E7A4F7556}") = "App", "S3007\App.csproj", "{46A533CF-FEBA-4DCF-81A6-8E6901A57292}"
EndProject
Global
	GlobalSection(SolutionConfigurationPlatforms) = preSolution
		Debug|Any CPU = Debug|Any CPU
		Release|Any CPU = Release|Any CPU
	EndGlobalSection
	GlobalSection(ProjectConfigurationPlatforms) = postSolution
		{27FC9392-B94D-4A82-90CF-729B4FADEF13}.Debug|Any CPU.ActiveCfg = Debug|Any CPU
		{27FC9392-B94D-4A82-90CF-729B4FADEF13}.Debug|Any CPU.Build.0 = Debug|Any CPU
		{27FC9392-B94D-4A82-90CF-729B4FADEF13}.Release|Any CPU.ActiveCfg = Release|Any CPU
		{27FC9392-B94D-4A82-90CF-729B4FADEF13}.Release|Any CPU.Build.0 = Release|Any CPU
		{6B05FE1A-2B64-472A-A72E-490EA620FB66}.Debug|Any CPU.ActiveCfg = Debug|Any CPU
		{6B05FE1A-2B64-472A-A72E-490EA620FB66}.Debug|Any CPU.Build.0 = Debug|Any CPU
		{6B05FE1A-2B64-472A-A72E-490EA620FB66}.Release|Any CPU.ActiveCfg = Release|Any CPU
		{6B05FE1A-2B64-472A-A72E-490EA620FB66}.Release|Any CPU.Build.0 = Release|Any CPU
		{6590BC05-0628-4F10-8128-821B10B41D3A}.Debug|Any CPU.ActiveCfg = Debug|Any CPU
		{6590BC05-0628-4F10-8128-821B10B41D3A}.Debug|Any CPU.Build.0 = Debug|Any CPU
		{6590BC05-0628-4F10-8128-821B10B41D3A}.Release|Any CPU.ActiveCfg = Release|Any CPU
		{6590BC05-0628-4F10-8128-821B10B41D3A}.Release|Any CPU.Build.0 = Release|Any CPU
		{A09187E7-260C-4DC2-AC06-D6975BA9DDCF}.Debug|Any CPU.ActiveCfg = Debug|Any CPU
		{A09187E7-260C-4DC2-AC06-D6975BA9DDCF}.Debug|Any CPU.Build.0 = Debug|Any CPU
		{A09187E7-260C-4DC2-AC06-D6975BA9DDCF}.Release|Any CPU.ActiveCfg = Release|Any CPU
		{A09187E7-260C-4DC2-AC06-D6975BA9DDCF}.Release|Any CPU.Build.0 = Release|Any CPU
		{AB7D83AB-B0C8-4641-A6C0-EFB168A26F04}.Debug|Any CPU.ActiveCfg = Debug|Any CPU
		{AB7D83AB-B0C8-4641-A6C0-EFB168A26F04}.Debug|Any CPU.Build.0 = Debug|Any CPU
		{AB7D83AB-B0C8-4641-A6C0-EFB168A26F04}.Release|Any CPU.ActiveCfg = Release|Any CPU
		{AB7D83AB-B0C8-4641-A6C0-EFB168A26F04}.Release|Any CPU.Build.0 = Release|Any CPU
		{1BDBED8D-C3FF-43A2-A103-20873E73B04A}.Debug|Any CPU.ActiveCfg = Debug|Any CPU
		{1BDBED8D-C3FF-43A2-A103-20873E73B04A}.Debug|Any CPU.Build.0 = Debug|Any CPU
		{1BDBED8D-C3FF-43A2-A103-20873E73B04A}.Release|Any CPU.ActiveCfg = Release|Any CPU
		{1BDBED8D-C3FF-43A2-A103-20873E73B04A}.Release|Any CPU.Build.0 = Release|Any CPU
		{46A533CF-FEBA-4DCF-81A6-8E6901A57292}.Debug|Any CPU.ActiveCfg = Debug|Any CPU
		{46A533CF-FEBA-4DCF-81A6-8E6901A57292}.Debug|Any CPU.Build.0 = Debug|Any CPU
		{46A533CF-FEBA-4DCF-81A6-8E6901A57292}.Release|Any CPU.ActiveCfg = Release|Any CPU
		{46A533CF-FEBA-4DCF-81A6-8E6901A57292}.Release|Any CPU.Build.0 = Release|Any CPU
	EndGlobalSection
	GlobalSection(SolutionProperties) = preSolution
		HideSolutionNode = FALSE
	EndGlobalSection
	GlobalSection(NestedProjects) = preSolution
		{27FC9392-B94D-4A82-90CF-729B4FADEF13} = {C831C8E1-8EC8-4FB6-B426-CBB06FBAAAD4}
		{6B05FE1A-2B64-472A-A72E-490EA620FB66} = {CC6934E0-7B8C-4E02-9BBB-04F9E07034CA}
		{6590BC05-0628-4F10-8128-821B10B41D3A} = {0A2F150B-E2BE-44DA-81B3-B14055196399}
		{A09187E7-260C-4DC2-AC06-D6975BA9DDCF} = {430B6B66-87A1-42F5-BCBB-D5E97A2761F6}
		{AB7D83AB-B0C8-4641-A6C0-EFB168A26F04} = {C4227978-6E96-4C99-883C-3970BEAC4E60}
		{1BDBED8D-C3FF-43A2-A103-20873E73B04A} = {2F23D342-FB88-43FB-9B4C-CE7AF2F858E2}
		{46A533CF-FEBA-4DCF-81A6-8E6901A57292} = {FFC5C9FC-DFFE-4259-8804-94B3B1D7B3E7}
	EndGlobalSection
	GlobalSection(ExtensibilityGlobals) = postSolution
		SolutionGuid = {EC3FCBE3-E76D-4127-B472-026A2C510F05}
	EndGlobalSection
EndGlobal
