
Microsoft Visual Studio Solution File, Format Version 12.00
# Visual Studio Version 17
VisualStudioVersion = 17.0.31903.59
MinimumVisualStudioVersion = 10.0.40219.1
Project("{2150E333-8FDC-42A3-9474-1A3956D46DE8}") = "01", "01", "{3CC5B937-56AD-4298-AE41-A3E06A8920B3}"
EndProject
Project("{9A19103F-16F7-4668-BE54-9A1E7A4F7556}") = "App", "S601\App.csproj", "{1B9A00E8-655A-48C1-89AE-4CB6EDEE5B5F}"
EndProject
Project("{2150E333-8FDC-42A3-9474-1A3956D46DE8}") = "02", "02", "{C8141B7B-6551-4BD9-890F-F99AB42A4A31}"
EndProject
Project("{9A19103F-16F7-4668-BE54-9A1E7A4F7556}") = "App", "S602\App.csproj", "{060E5027-3179-445C-BB6E-97669828A561}"
EndProject
Project("{2150E333-8FDC-42A3-9474-1A3956D46DE8}") = "03", "03", "{0484ACD5-9C07-48BC-8DCC-047E1CC66610}"
EndProject
Project("{9A19103F-16F7-4668-BE54-9A1E7A4F7556}") = "App", "S603\App.csproj", "{02525B95-4B92-4578-9BFB-B4134314B8BA}"
EndProject
Project("{2150E333-8FDC-42A3-9474-1A3956D46DE8}") = "04", "04", "{5897D277-DD73-4400-A59F-F857A112066D}"
EndProject
Project("{9A19103F-16F7-4668-BE54-9A1E7A4F7556}") = "App", "S604\App.csproj", "{B80B9CFF-AA4B-48BC-AACD-9BACC42A5F96}"
EndProject
Project("{2150E333-8FDC-42A3-9474-1A3956D46DE8}") = "05", "05", "{87A3A379-1042-4C04-BFEE-5C18C661E54E}"
EndProject
Project("{9A19103F-16F7-4668-BE54-9A1E7A4F7556}") = "App", "S605\App.csproj", "{6EC0187F-66A3-4C05-A933-86D54F262889}"
EndProject
Project("{2150E333-8FDC-42A3-9474-1A3956D46DE8}") = "06", "06", "{A16B8C44-7871-436E-9E02-62AFA9E3825B}"
EndProject
Project("{9A19103F-16F7-4668-BE54-9A1E7A4F7556}") = "App", "S606\App.csproj", "{3F91534E-5C7E-49CC-9A38-87E8054D8392}"
EndProject
Project("{2150E333-8FDC-42A3-9474-1A3956D46DE8}") = "07", "07", "{2150DBD7-AB7A-4618-8504-98D087E15F2F}"
EndProject
Project("{9A19103F-16F7-4668-BE54-9A1E7A4F7556}") = "App", "S607\App.csproj", "{23988B53-1CDE-46ED-9890-F7D15A58309C}"
EndProject
Project("{2150E333-8FDC-42A3-9474-1A3956D46DE8}") = "08", "08", "{7DF861D0-84A9-411E-81D4-72C0F93C6505}"
EndProject
Project("{9A19103F-16F7-4668-BE54-9A1E7A4F7556}") = "App", "S608\App.csproj", "{607CEFAA-0FCF-4DF6-87F5-B9610DC5479D}"
EndProject
Project("{2150E333-8FDC-42A3-9474-1A3956D46DE8}") = "09", "09", "{983F1A38-827A-4057-9AB7-D1648A3725E3}"
EndProject
Project("{9A19103F-16F7-4668-BE54-9A1E7A4F7556}") = "App", "S609\App.csproj", "{6E7BF35F-60E7-4AAD-BC96-98B3E4C95983}"
EndProject
Global
	GlobalSection(SolutionConfigurationPlatforms) = preSolution
		Debug|Any CPU = Debug|Any CPU
		Release|Any CPU = Release|Any CPU
	EndGlobalSection
	GlobalSection(ProjectConfigurationPlatforms) = postSolution
		{1B9A00E8-655A-48C1-89AE-4CB6EDEE5B5F}.Debug|Any CPU.ActiveCfg = Debug|Any CPU
		{1B9A00E8-655A-48C1-89AE-4CB6EDEE5B5F}.Debug|Any CPU.Build.0 = Debug|Any CPU
		{1B9A00E8-655A-48C1-89AE-4CB6EDEE5B5F}.Release|Any CPU.ActiveCfg = Release|Any CPU
		{1B9A00E8-655A-48C1-89AE-4CB6EDEE5B5F}.Release|Any CPU.Build.0 = Release|Any CPU
		{060E5027-3179-445C-BB6E-97669828A561}.Debug|Any CPU.ActiveCfg = Debug|Any CPU
		{060E5027-3179-445C-BB6E-97669828A561}.Debug|Any CPU.Build.0 = Debug|Any CPU
		{060E5027-3179-445C-BB6E-97669828A561}.Release|Any CPU.ActiveCfg = Release|Any CPU
		{060E5027-3179-445C-BB6E-97669828A561}.Release|Any CPU.Build.0 = Release|Any CPU
		{02525B95-4B92-4578-9BFB-B4134314B8BA}.Debug|Any CPU.ActiveCfg = Debug|Any CPU
		{02525B95-4B92-4578-9BFB-B4134314B8BA}.Debug|Any CPU.Build.0 = Debug|Any CPU
		{02525B95-4B92-4578-9BFB-B4134314B8BA}.Release|Any CPU.ActiveCfg = Release|Any CPU
		{02525B95-4B92-4578-9BFB-B4134314B8BA}.Release|Any CPU.Build.0 = Release|Any CPU
		{B80B9CFF-AA4B-48BC-AACD-9BACC42A5F96}.Debug|Any CPU.ActiveCfg = Debug|Any CPU
		{B80B9CFF-AA4B-48BC-AACD-9BACC42A5F96}.Debug|Any CPU.Build.0 = Debug|Any CPU
		{B80B9CFF-AA4B-48BC-AACD-9BACC42A5F96}.Release|Any CPU.ActiveCfg = Release|Any CPU
		{B80B9CFF-AA4B-48BC-AACD-9BACC42A5F96}.Release|Any CPU.Build.0 = Release|Any CPU
		{6EC0187F-66A3-4C05-A933-86D54F262889}.Debug|Any CPU.ActiveCfg = Debug|Any CPU
		{6EC0187F-66A3-4C05-A933-86D54F262889}.Debug|Any CPU.Build.0 = Debug|Any CPU
		{6EC0187F-66A3-4C05-A933-86D54F262889}.Release|Any CPU.ActiveCfg = Release|Any CPU
		{6EC0187F-66A3-4C05-A933-86D54F262889}.Release|Any CPU.Build.0 = Release|Any CPU
		{3F91534E-5C7E-49CC-9A38-87E8054D8392}.Debug|Any CPU.ActiveCfg = Debug|Any CPU
		{3F91534E-5C7E-49CC-9A38-87E8054D8392}.Debug|Any CPU.Build.0 = Debug|Any CPU
		{3F91534E-5C7E-49CC-9A38-87E8054D8392}.Release|Any CPU.ActiveCfg = Release|Any CPU
		{3F91534E-5C7E-49CC-9A38-87E8054D8392}.Release|Any CPU.Build.0 = Release|Any CPU
		{23988B53-1CDE-46ED-9890-F7D15A58309C}.Debug|Any CPU.ActiveCfg = Debug|Any CPU
		{23988B53-1CDE-46ED-9890-F7D15A58309C}.Debug|Any CPU.Build.0 = Debug|Any CPU
		{23988B53-1CDE-46ED-9890-F7D15A58309C}.Release|Any CPU.ActiveCfg = Release|Any CPU
		{23988B53-1CDE-46ED-9890-F7D15A58309C}.Release|Any CPU.Build.0 = Release|Any CPU
		{607CEFAA-0FCF-4DF6-87F5-B9610DC5479D}.Debug|Any CPU.ActiveCfg = Debug|Any CPU
		{607CEFAA-0FCF-4DF6-87F5-B9610DC5479D}.Debug|Any CPU.Build.0 = Debug|Any CPU
		{607CEFAA-0FCF-4DF6-87F5-B9610DC5479D}.Release|Any CPU.ActiveCfg = Release|Any CPU
		{607CEFAA-0FCF-4DF6-87F5-B9610DC5479D}.Release|Any CPU.Build.0 = Release|Any CPU
		{6E7BF35F-60E7-4AAD-BC96-98B3E4C95983}.Debug|Any CPU.ActiveCfg = Debug|Any CPU
		{6E7BF35F-60E7-4AAD-BC96-98B3E4C95983}.Debug|Any CPU.Build.0 = Debug|Any CPU
		{6E7BF35F-60E7-4AAD-BC96-98B3E4C95983}.Release|Any CPU.ActiveCfg = Release|Any CPU
		{6E7BF35F-60E7-4AAD-BC96-98B3E4C95983}.Release|Any CPU.Build.0 = Release|Any CPU
	EndGlobalSection
	GlobalSection(SolutionProperties) = preSolution
		HideSolutionNode = FALSE
	EndGlobalSection
	GlobalSection(NestedProjects) = preSolution
		{1B9A00E8-655A-48C1-89AE-4CB6EDEE5B5F} = {3CC5B937-56AD-4298-AE41-A3E06A8920B3}
		{060E5027-3179-445C-BB6E-97669828A561} = {C8141B7B-6551-4BD9-890F-F99AB42A4A31}
		{02525B95-4B92-4578-9BFB-B4134314B8BA} = {0484ACD5-9C07-48BC-8DCC-047E1CC66610}
		{B80B9CFF-AA4B-48BC-AACD-9BACC42A5F96} = {5897D277-DD73-4400-A59F-F857A112066D}
		{6EC0187F-66A3-4C05-A933-86D54F262889} = {87A3A379-1042-4C04-BFEE-5C18C661E54E}
		{3F91534E-5C7E-49CC-9A38-87E8054D8392} = {A16B8C44-7871-436E-9E02-62AFA9E3825B}
		{23988B53-1CDE-46ED-9890-F7D15A58309C} = {2150DBD7-AB7A-4618-8504-98D087E15F2F}
		{607CEFAA-0FCF-4DF6-87F5-B9610DC5479D} = {7DF861D0-84A9-411E-81D4-72C0F93C6505}
		{6E7BF35F-60E7-4AAD-BC96-98B3E4C95983} = {983F1A38-827A-4057-9AB7-D1648A3725E3}
	EndGlobalSection
	GlobalSection(ExtensibilityGlobals) = postSolution
		SolutionGuid = {EC3FCBE3-E76D-4127-B472-026A2C510F05}
	EndGlobalSection
EndGlobal
