
Microsoft Visual Studio Solution File, Format Version 12.00
# Visual Studio Version 17
VisualStudioVersion = 17.0.31903.59
MinimumVisualStudioVersion = 10.0.40219.1
Project("{2150E333-8FDC-42A3-9474-1A3956D46DE8}") = "01", "01", "{C10286EA-2A34-4F42-B742-357F48216CB2}"
EndProject
Project("{9A19103F-16F7-4668-BE54-9A1E7A4F7556}") = "App", "S2001\App.csproj", "{CDA8D75C-8C6A-402E-91F2-778106FE8FA6}"
EndProject
Project("{2150E333-8FDC-42A3-9474-1A3956D46DE8}") = "02", "02", "{52C9F141-BE88-4D6E-BC5A-310FC049E27F}"
EndProject
Project("{9A19103F-16F7-4668-BE54-9A1E7A4F7556}") = "App", "S2002\App.csproj", "{1683790B-9D25-4702-9F49-3438625EE3E0}"
EndProject
Project("{2150E333-8FDC-42A3-9474-1A3956D46DE8}") = "03", "03", "{0D08CA06-43B6-4668-87F5-C47FEC9C7FD3}"
EndProject
Project("{9A19103F-16F7-4668-BE54-9A1E7A4F7556}") = "App", "S2003\App.csproj", "{4C84020B-052E-4043-A6C5-5984A3D3386D}"
EndProject
Project("{2150E333-8FDC-42A3-9474-1A3956D46DE8}") = "04", "04", "{E6CEFA65-7579-4BAF-84F2-425F9A88C379}"
EndProject
Project("{9A19103F-16F7-4668-BE54-9A1E7A4F7556}") = "App", "S2004\App.csproj", "{7DC380D6-9FC7-4074-9B93-7A40C1FA7E64}"
EndProject
Project("{2150E333-8FDC-42A3-9474-1A3956D46DE8}") = "05", "05", "{B412CD33-F3A6-49E1-9C56-2D4D30319C91}"
EndProject
Project("{9A19103F-16F7-4668-BE54-9A1E7A4F7556}") = "App", "S2005\App.csproj", "{9D45BC1E-6F88-4F50-A5B8-3A329C81FC1D}"
EndProject
Project("{2150E333-8FDC-42A3-9474-1A3956D46DE8}") = "06", "06", "{76807223-3C0E-46B7-98C4-4DBD04521864}"
EndProject
Project("{9A19103F-16F7-4668-BE54-9A1E7A4F7556}") = "App", "S2006\App.csproj", "{8D01C4F5-1EAF-4444-B5A8-5E7D4E118E4F}"
EndProject
Project("{2150E333-8FDC-42A3-9474-1A3956D46DE8}") = "07", "07", "{331CB6DA-46A5-4A1D-8A93-55583F62234E}"
EndProject
Project("{9A19103F-16F7-4668-BE54-9A1E7A4F7556}") = "App", "S2007\App.csproj", "{ED0CD3D3-9D3C-47B0-A881-99A279EA8294}"
EndProject
Project("{2150E333-8FDC-42A3-9474-1A3956D46DE8}") = "08", "08", "{9BB2073A-468F-4029-8ADD-250DD4E7809A}"
EndProject
Project("{9A19103F-16F7-4668-BE54-9A1E7A4F7556}") = "App", "S2008\App.csproj", "{75A5326F-0130-4775-AB59-6639060DFEF7}"
EndProject
Project("{2150E333-8FDC-42A3-9474-1A3956D46DE8}") = "09", "09", "{98BB7F8B-F978-410E-B7E3-75A7CB712767}"
EndProject
Project("{9A19103F-16F7-4668-BE54-9A1E7A4F7556}") = "App", "S2009\App.csproj", "{459EF010-DB33-4080-AA94-27DF167301C7}"
EndProject
Project("{2150E333-8FDC-42A3-9474-1A3956D46DE8}") = "10", "10", "{37D76FB0-76C3-4FDF-A8EE-C7E594BB571F}"
EndProject
Project("{9A19103F-16F7-4668-BE54-9A1E7A4F7556}") = "App", "S2010\App.csproj", "{863E7A2E-97BF-4938-9438-6E27670CF2C7}"
EndProject
Project("{2150E333-8FDC-42A3-9474-1A3956D46DE8}") = "11", "11", "{D1CD00F9-1F2E-4F78-B0E1-17A03D7ED8EA}"
EndProject
Project("{9A19103F-16F7-4668-BE54-9A1E7A4F7556}") = "App", "S2011\App.csproj", "{E7245030-7918-422A-B75B-AE47D0C877E3}"
EndProject
Project("{2150E333-8FDC-42A3-9474-1A3956D46DE8}") = "12", "12", "{A7C7A9D1-AC27-493F-8A73-43A9C6F9C615}"
EndProject
Project("{9A19103F-16F7-4668-BE54-9A1E7A4F7556}") = "App", "S2012\App.csproj", "{581D81A3-A406-4874-B7B5-0B88A07D2CFE}"
EndProject
Project("{2150E333-8FDC-42A3-9474-1A3956D46DE8}") = "13", "13", "{9575C897-0729-4600-8D3B-8CB34B2D18CE}"
EndProject
Project("{9A19103F-16F7-4668-BE54-9A1E7A4F7556}") = "App", "S2013\App.csproj", "{304107EC-3265-4FFA-B334-08E67CE36B94}"
EndProject
Project("{2150E333-8FDC-42A3-9474-1A3956D46DE8}") = "14", "14", "{3DEBFEE3-E227-47F0-AAE1-6A8CB32C484F}"
EndProject
Project("{9A19103F-16F7-4668-BE54-9A1E7A4F7556}") = "App", "S2014\App.csproj", "{BF71CD10-C899-469E-8EBE-8A006818ED95}"
EndProject
Project("{2150E333-8FDC-42A3-9474-1A3956D46DE8}") = "15", "15", "{7B5ED5BA-0097-486D-83B2-DE00E4143946}"
EndProject
Project("{9A19103F-16F7-4668-BE54-9A1E7A4F7556}") = "App", "S2015\App.csproj", "{26552707-A25E-4610-ABB0-1A94C7C11A90}"
EndProject
Project("{2150E333-8FDC-42A3-9474-1A3956D46DE8}") = "16", "16", "{01D84A44-E5EB-447A-A3EE-5CCDD993B38D}"
EndProject
Project("{9A19103F-16F7-4668-BE54-9A1E7A4F7556}") = "App", "S2016\App.csproj", "{684763A6-D870-437E-B6E9-26B5A3A31B13}"
EndProject
Global
	GlobalSection(SolutionConfigurationPlatforms) = preSolution
		Debug|Any CPU = Debug|Any CPU
		Release|Any CPU = Release|Any CPU
	EndGlobalSection
	GlobalSection(ProjectConfigurationPlatforms) = postSolution
		{CDA8D75C-8C6A-402E-91F2-778106FE8FA6}.Debug|Any CPU.ActiveCfg = Debug|Any CPU
		{CDA8D75C-8C6A-402E-91F2-778106FE8FA6}.Debug|Any CPU.Build.0 = Debug|Any CPU
		{CDA8D75C-8C6A-402E-91F2-778106FE8FA6}.Release|Any CPU.ActiveCfg = Release|Any CPU
		{CDA8D75C-8C6A-402E-91F2-778106FE8FA6}.Release|Any CPU.Build.0 = Release|Any CPU
		{1683790B-9D25-4702-9F49-3438625EE3E0}.Debug|Any CPU.ActiveCfg = Debug|Any CPU
		{1683790B-9D25-4702-9F49-3438625EE3E0}.Debug|Any CPU.Build.0 = Debug|Any CPU
		{1683790B-9D25-4702-9F49-3438625EE3E0}.Release|Any CPU.ActiveCfg = Release|Any CPU
		{1683790B-9D25-4702-9F49-3438625EE3E0}.Release|Any CPU.Build.0 = Release|Any CPU
		{4C84020B-052E-4043-A6C5-5984A3D3386D}.Debug|Any CPU.ActiveCfg = Debug|Any CPU
		{4C84020B-052E-4043-A6C5-5984A3D3386D}.Debug|Any CPU.Build.0 = Debug|Any CPU
		{4C84020B-052E-4043-A6C5-5984A3D3386D}.Release|Any CPU.ActiveCfg = Release|Any CPU
		{4C84020B-052E-4043-A6C5-5984A3D3386D}.Release|Any CPU.Build.0 = Release|Any CPU
		{7DC380D6-9FC7-4074-9B93-7A40C1FA7E64}.Debug|Any CPU.ActiveCfg = Debug|Any CPU
		{7DC380D6-9FC7-4074-9B93-7A40C1FA7E64}.Debug|Any CPU.Build.0 = Debug|Any CPU
		{7DC380D6-9FC7-4074-9B93-7A40C1FA7E64}.Release|Any CPU.ActiveCfg = Release|Any CPU
		{7DC380D6-9FC7-4074-9B93-7A40C1FA7E64}.Release|Any CPU.Build.0 = Release|Any CPU
		{9D45BC1E-6F88-4F50-A5B8-3A329C81FC1D}.Debug|Any CPU.ActiveCfg = Debug|Any CPU
		{9D45BC1E-6F88-4F50-A5B8-3A329C81FC1D}.Debug|Any CPU.Build.0 = Debug|Any CPU
		{9D45BC1E-6F88-4F50-A5B8-3A329C81FC1D}.Release|Any CPU.ActiveCfg = Release|Any CPU
		{9D45BC1E-6F88-4F50-A5B8-3A329C81FC1D}.Release|Any CPU.Build.0 = Release|Any CPU
		{8D01C4F5-1EAF-4444-B5A8-5E7D4E118E4F}.Debug|Any CPU.ActiveCfg = Debug|Any CPU
		{8D01C4F5-1EAF-4444-B5A8-5E7D4E118E4F}.Debug|Any CPU.Build.0 = Debug|Any CPU
		{8D01C4F5-1EAF-4444-B5A8-5E7D4E118E4F}.Release|Any CPU.ActiveCfg = Release|Any CPU
		{8D01C4F5-1EAF-4444-B5A8-5E7D4E118E4F}.Release|Any CPU.Build.0 = Release|Any CPU
		{ED0CD3D3-9D3C-47B0-A881-99A279EA8294}.Debug|Any CPU.ActiveCfg = Debug|Any CPU
		{ED0CD3D3-9D3C-47B0-A881-99A279EA8294}.Debug|Any CPU.Build.0 = Debug|Any CPU
		{ED0CD3D3-9D3C-47B0-A881-99A279EA8294}.Release|Any CPU.ActiveCfg = Release|Any CPU
		{ED0CD3D3-9D3C-47B0-A881-99A279EA8294}.Release|Any CPU.Build.0 = Release|Any CPU
		{75A5326F-0130-4775-AB59-6639060DFEF7}.Debug|Any CPU.ActiveCfg = Debug|Any CPU
		{75A5326F-0130-4775-AB59-6639060DFEF7}.Debug|Any CPU.Build.0 = Debug|Any CPU
		{75A5326F-0130-4775-AB59-6639060DFEF7}.Release|Any CPU.ActiveCfg = Release|Any CPU
		{75A5326F-0130-4775-AB59-6639060DFEF7}.Release|Any CPU.Build.0 = Release|Any CPU
		{459EF010-DB33-4080-AA94-27DF167301C7}.Debug|Any CPU.ActiveCfg = Debug|Any CPU
		{459EF010-DB33-4080-AA94-27DF167301C7}.Debug|Any CPU.Build.0 = Debug|Any CPU
		{459EF010-DB33-4080-AA94-27DF167301C7}.Release|Any CPU.ActiveCfg = Release|Any CPU
		{459EF010-DB33-4080-AA94-27DF167301C7}.Release|Any CPU.Build.0 = Release|Any CPU
		{863E7A2E-97BF-4938-9438-6E27670CF2C7}.Debug|Any CPU.ActiveCfg = Debug|Any CPU
		{863E7A2E-97BF-4938-9438-6E27670CF2C7}.Debug|Any CPU.Build.0 = Debug|Any CPU
		{863E7A2E-97BF-4938-9438-6E27670CF2C7}.Release|Any CPU.ActiveCfg = Release|Any CPU
		{863E7A2E-97BF-4938-9438-6E27670CF2C7}.Release|Any CPU.Build.0 = Release|Any CPU
		{E7245030-7918-422A-B75B-AE47D0C877E3}.Debug|Any CPU.ActiveCfg = Debug|Any CPU
		{E7245030-7918-422A-B75B-AE47D0C877E3}.Debug|Any CPU.Build.0 = Debug|Any CPU
		{E7245030-7918-422A-B75B-AE47D0C877E3}.Release|Any CPU.ActiveCfg = Release|Any CPU
		{E7245030-7918-422A-B75B-AE47D0C877E3}.Release|Any CPU.Build.0 = Release|Any CPU
		{581D81A3-A406-4874-B7B5-0B88A07D2CFE}.Debug|Any CPU.ActiveCfg = Debug|Any CPU
		{581D81A3-A406-4874-B7B5-0B88A07D2CFE}.Debug|Any CPU.Build.0 = Debug|Any CPU
		{581D81A3-A406-4874-B7B5-0B88A07D2CFE}.Release|Any CPU.ActiveCfg = Release|Any CPU
		{581D81A3-A406-4874-B7B5-0B88A07D2CFE}.Release|Any CPU.Build.0 = Release|Any CPU
		{304107EC-3265-4FFA-B334-08E67CE36B94}.Debug|Any CPU.ActiveCfg = Debug|Any CPU
		{304107EC-3265-4FFA-B334-08E67CE36B94}.Debug|Any CPU.Build.0 = Debug|Any CPU
		{304107EC-3265-4FFA-B334-08E67CE36B94}.Release|Any CPU.ActiveCfg = Release|Any CPU
		{304107EC-3265-4FFA-B334-08E67CE36B94}.Release|Any CPU.Build.0 = Release|Any CPU
		{BF71CD10-C899-469E-8EBE-8A006818ED95}.Debug|Any CPU.ActiveCfg = Debug|Any CPU
		{BF71CD10-C899-469E-8EBE-8A006818ED95}.Debug|Any CPU.Build.0 = Debug|Any CPU
		{BF71CD10-C899-469E-8EBE-8A006818ED95}.Release|Any CPU.ActiveCfg = Release|Any CPU
		{BF71CD10-C899-469E-8EBE-8A006818ED95}.Release|Any CPU.Build.0 = Release|Any CPU
		{26552707-A25E-4610-ABB0-1A94C7C11A90}.Debug|Any CPU.ActiveCfg = Debug|Any CPU
		{26552707-A25E-4610-ABB0-1A94C7C11A90}.Debug|Any CPU.Build.0 = Debug|Any CPU
		{26552707-A25E-4610-ABB0-1A94C7C11A90}.Release|Any CPU.ActiveCfg = Release|Any CPU
		{26552707-A25E-4610-ABB0-1A94C7C11A90}.Release|Any CPU.Build.0 = Release|Any CPU
		{684763A6-D870-437E-B6E9-26B5A3A31B13}.Debug|Any CPU.ActiveCfg = Debug|Any CPU
		{684763A6-D870-437E-B6E9-26B5A3A31B13}.Debug|Any CPU.Build.0 = Debug|Any CPU
		{684763A6-D870-437E-B6E9-26B5A3A31B13}.Release|Any CPU.ActiveCfg = Release|Any CPU
		{684763A6-D870-437E-B6E9-26B5A3A31B13}.Release|Any CPU.Build.0 = Release|Any CPU
	EndGlobalSection
	GlobalSection(SolutionProperties) = preSolution
		HideSolutionNode = FALSE
	EndGlobalSection
	GlobalSection(NestedProjects) = preSolution
		{CDA8D75C-8C6A-402E-91F2-778106FE8FA6} = {C10286EA-2A34-4F42-B742-357F48216CB2}
		{1683790B-9D25-4702-9F49-3438625EE3E0} = {52C9F141-BE88-4D6E-BC5A-310FC049E27F}
		{4C84020B-052E-4043-A6C5-5984A3D3386D} = {0D08CA06-43B6-4668-87F5-C47FEC9C7FD3}
		{7DC380D6-9FC7-4074-9B93-7A40C1FA7E64} = {E6CEFA65-7579-4BAF-84F2-425F9A88C379}
		{9D45BC1E-6F88-4F50-A5B8-3A329C81FC1D} = {B412CD33-F3A6-49E1-9C56-2D4D30319C91}
		{8D01C4F5-1EAF-4444-B5A8-5E7D4E118E4F} = {76807223-3C0E-46B7-98C4-4DBD04521864}
		{ED0CD3D3-9D3C-47B0-A881-99A279EA8294} = {331CB6DA-46A5-4A1D-8A93-55583F62234E}
		{75A5326F-0130-4775-AB59-6639060DFEF7} = {9BB2073A-468F-4029-8ADD-250DD4E7809A}
		{459EF010-DB33-4080-AA94-27DF167301C7} = {98BB7F8B-F978-410E-B7E3-75A7CB712767}
		{863E7A2E-97BF-4938-9438-6E27670CF2C7} = {37D76FB0-76C3-4FDF-A8EE-C7E594BB571F}
		{E7245030-7918-422A-B75B-AE47D0C877E3} = {D1CD00F9-1F2E-4F78-B0E1-17A03D7ED8EA}
		{581D81A3-A406-4874-B7B5-0B88A07D2CFE} = {A7C7A9D1-AC27-493F-8A73-43A9C6F9C615}
		{304107EC-3265-4FFA-B334-08E67CE36B94} = {9575C897-0729-4600-8D3B-8CB34B2D18CE}
		{BF71CD10-C899-469E-8EBE-8A006818ED95} = {3DEBFEE3-E227-47F0-AAE1-6A8CB32C484F}
		{26552707-A25E-4610-ABB0-1A94C7C11A90} = {7B5ED5BA-0097-486D-83B2-DE00E4143946}
		{684763A6-D870-437E-B6E9-26B5A3A31B13} = {01D84A44-E5EB-447A-A3EE-5CCDD993B38D}
	EndGlobalSection
	GlobalSection(ExtensibilityGlobals) = postSolution
		SolutionGuid = {EC3FCBE3-E76D-4127-B472-026A2C510F05}
	EndGlobalSection
EndGlobal
