
Microsoft Visual Studio Solution File, Format Version 12.00
# Visual Studio Version 17
VisualStudioVersion = 17.0.31808.319
MinimumVisualStudioVersion = 10.0.40219.1
Project("{FAE04EC0-301F-11D3-BF4B-00C04F79EFBC}") = "App", "App.csproj", "{DC86503C-6E09-4601-BFB2-317E8B721BCF}"
EndProject
Global
	GlobalSection(SolutionConfigurationPlatforms) = preSolution
		Debug|Any CPU = Debug|Any CPU
		Release|Any CPU = Release|Any CPU
	EndGlobalSection
	GlobalSection(ProjectConfigurationPlatforms) = postSolution
		{DC86503C-6E09-4601-BFB2-317E8B721BCF}.Debug|Any CPU.ActiveCfg = Debug|Any CPU
		{DC86503C-6E09-4601-BFB2-317E8B721BCF}.Debug|Any CPU.Build.0 = Debug|Any CPU
		{DC86503C-6E09-4601-BFB2-317E8B721BCF}.Release|Any CPU.ActiveCfg = Release|Any CPU
		{DC86503C-6E09-4601-BFB2-317E8B721BCF}.Release|Any CPU.Build.0 = Release|Any CPU
	EndGlobalSection
	GlobalSection(SolutionProperties) = preSolution
		HideSolutionNode = FALSE
	EndGlobalSection
	GlobalSection(ExtensibilityGlobals) = postSolution
		SolutionGuid = {7A8C8DD4-7558-4FD3-9E92-2D1A63D72762}
	EndGlobalSection
EndGlobal
