
Microsoft Visual Studio Solution File, Format Version 12.00
# Visual Studio Version 17
VisualStudioVersion = 17.0.31903.59
MinimumVisualStudioVersion = 10.0.40219.1
Project("{2150E333-8FDC-42A3-9474-1A3956D46DE8}") = "01", "01", "{D30FB35E-93F1-481F-98F3-7323E39AC419}"
EndProject
Project("{9A19103F-16F7-4668-BE54-9A1E7A4F7556}") = "App", "S101\App.csproj", "{C4D08CEF-E267-4A0A-A96A-F19C9BFCB1A8}"
EndProject
Project("{2150E333-8FDC-42A3-9474-1A3956D46DE8}") = "02", "02", "{AC1B6FFA-616C-43C5-9920-F01EA68CE133}"
EndProject
Project("{9A19103F-16F7-4668-BE54-9A1E7A4F7556}") = "App", "S102\App.csproj", "{87D28DA8-C7DA-4414-9446-ABBC8FD76D2E}"
EndProject
Project("{2150E333-8FDC-42A3-9474-1A3956D46DE8}") = "03", "03", "{B8713553-ADB1-4AB0-A6F3-3E73CF1F0AAB}"
EndProject
Project("{9A19103F-16F7-4668-BE54-9A1E7A4F7556}") = "App", "S103\App.csproj", "{B79C5FC0-3264-4E80-91DE-15DDDAEDF4BC}"
EndProject
Project("{2150E333-8FDC-42A3-9474-1A3956D46DE8}") = "04", "04", "{DB6C716D-7D60-4FCC-A752-CF2AB75AFC88}"
EndProject
Project("{9A19103F-16F7-4668-BE54-9A1E7A4F7556}") = "App", "S104\App.csproj", "{E090F01F-5FE9-4EDD-9D4A-476E3FB27033}"
EndProject
Project("{2150E333-8FDC-42A3-9474-1A3956D46DE8}") = "05", "05", "{9B072352-082B-485D-857E-F6B75E9A9A6D}"
EndProject
Project("{9A19103F-16F7-4668-BE54-9A1E7A4F7556}") = "App", "S105\App.csproj", "{3001F2B7-ACF5-457F-A9E2-4479BE1F8E5E}"
EndProject
Project("{2150E333-8FDC-42A3-9474-1A3956D46DE8}") = "06", "06", "{6C959998-A052-4CB9-A83E-D863A2D94A45}"
EndProject
Project("{9A19103F-16F7-4668-BE54-9A1E7A4F7556}") = "App", "S106\App.csproj", "{F83FEE99-F0F6-4E8F-846B-6DA19CBDCD05}"
EndProject
Project("{2150E333-8FDC-42A3-9474-1A3956D46DE8}") = "07", "07", "{5EAA64D3-94AD-47F8-94A0-6481D9EE9FE5}"
EndProject
Project("{9A19103F-16F7-4668-BE54-9A1E7A4F7556}") = "App", "S107\App.csproj", "{512D6A27-9B95-4B6C-83EB-CF4D49A81D27}"
EndProject
Project("{2150E333-8FDC-42A3-9474-1A3956D46DE8}") = "08", "08", "{F3AF3F6C-52A1-4846-B712-EF0CCB8588B9}"
EndProject
Project("{9A19103F-16F7-4668-BE54-9A1E7A4F7556}") = "App", "S108\App.csproj", "{9E6BF790-52B8-49A3-97AD-752437EA7130}"
EndProject
Project("{2150E333-8FDC-42A3-9474-1A3956D46DE8}") = "09", "09", "{F3678A33-36B4-4604-AAB8-AF1942394523}"
EndProject
Project("{9A19103F-16F7-4668-BE54-9A1E7A4F7556}") = "App", "S109\App.csproj", "{1A765E08-5875-4120-A511-40E0C3D2EA3C}"
EndProject
Project("{2150E333-8FDC-42A3-9474-1A3956D46DE8}") = "10", "10", "{44BA3333-D7F0-4483-B353-2EF04B5FA714}"
EndProject
Project("{9A19103F-16F7-4668-BE54-9A1E7A4F7556}") = "App", "S110\App.csproj", "{AEEBCFB7-6E5F-47DF-935C-7B55669FE990}"
EndProject
Project("{2150E333-8FDC-42A3-9474-1A3956D46DE8}") = "11", "11", "{9B1A8336-08ED-4093-822F-B74A5635556A}"
EndProject
Project("{9A19103F-16F7-4668-BE54-9A1E7A4F7556}") = "App", "S111\App.csproj", "{620A43DD-89ED-4F20-8074-85F1523D6B68}"
EndProject
Project("{2150E333-8FDC-42A3-9474-1A3956D46DE8}") = "12", "12", "{B97A7E18-0A75-44C8-94BA-6BD1B2694CF0}"
EndProject
Project("{9A19103F-16F7-4668-BE54-9A1E7A4F7556}") = "App", "S112\App.csproj", "{33E3459B-6304-416A-811B-C95E3463D941}"
EndProject
Project("{2150E333-8FDC-42A3-9474-1A3956D46DE8}") = "13", "13", "{EBB181E7-74D2-49E4-B4F8-6E83C5A65CB6}"
EndProject
Project("{9A19103F-16F7-4668-BE54-9A1E7A4F7556}") = "App", "S113\App.csproj", "{00A9EE2E-703B-45A3-9A8B-A23715533C9A}"
EndProject
Project("{2150E333-8FDC-42A3-9474-1A3956D46DE8}") = "14", "14", "{CF0D2859-0F38-4FEA-85C6-57302C941B46}"
EndProject
Project("{9A19103F-16F7-4668-BE54-9A1E7A4F7556}") = "App", "S114\App.csproj", "{FDEF251A-A87B-427E-AC28-B9DEA24729B8}"
EndProject
Project("{2150E333-8FDC-42A3-9474-1A3956D46DE8}") = "15", "15", "{77517A96-4189-4376-AE1D-E7EE15CAF804}"
EndProject
Project("{9A19103F-16F7-4668-BE54-9A1E7A4F7556}") = "App", "S115\App.csproj", "{92DCFD8A-28E0-4EF5-BE25-ADD9C45E5C24}"
EndProject
Project("{2150E333-8FDC-42A3-9474-1A3956D46DE8}") = "16", "16", "{742FE4C4-C534-47B8-A64D-A9D4DB3E32C8}"
EndProject
Project("{2150E333-8FDC-42A3-9474-1A3956D46DE8}") = "17", "17", "{4B509760-E1B1-49A1-A59D-435ABE7A0BED}"
EndProject
Project("{9A19103F-16F7-4668-BE54-9A1E7A4F7556}") = "Proto", "S116\Proto\Proto.csproj", "{D2B2679F-56BC-4F61-A4B9-69075AD49FF5}"
EndProject
Project("{9A19103F-16F7-4668-BE54-9A1E7A4F7556}") = "Client", "S116\Client\Client.csproj", "{BCB99B7E-8442-445C-BE8C-364BF5532ADD}"
EndProject
Project("{9A19103F-16F7-4668-BE54-9A1E7A4F7556}") = "Server", "S116\Server\Server.csproj", "{96555BEA-53D3-40A5-B38A-8AB478FFE8AD}"
EndProject
Project("{9A19103F-16F7-4668-BE54-9A1E7A4F7556}") = "App1", "S117\App1\App1.csproj", "{AE05BBA0-FEF5-460C-92C6-AF6FD9AF97D3}"
EndProject
Project("{9A19103F-16F7-4668-BE54-9A1E7A4F7556}") = "App2", "S117\App2\App2.csproj", "{B0327845-28C5-4D06-89C3-5C115CB88871}"
EndProject
Project("{9A19103F-16F7-4668-BE54-9A1E7A4F7556}") = "Shared", "S117\Shared\Shared.csproj", "{50797CDA-EDF7-46A3-8DDB-C43553671CE9}"
EndProject
Project("{2150E333-8FDC-42A3-9474-1A3956D46DE8}") = "18", "18", "{2D5EED3A-8C17-42CF-877B-D98F0CA99ED6}"
EndProject
Project("{9A19103F-16F7-4668-BE54-9A1E7A4F7556}") = "App1", "S118\App1\App1.csproj", "{2F767E19-FEFA-4E72-99E2-E480EF126AB4}"
EndProject
Project("{9A19103F-16F7-4668-BE54-9A1E7A4F7556}") = "App2", "S118\App2\App2.csproj", "{0C14D105-195F-4030-A788-940D3CA5004D}"
EndProject
Project("{9A19103F-16F7-4668-BE54-9A1E7A4F7556}") = "Shared", "S118\Shared\Shared.csproj", "{DC23EADA-FE7D-4AA5-878E-0A0128C24E47}"
EndProject
Project("{2150E333-8FDC-42A3-9474-1A3956D46DE8}") = "19", "19", "{36DF2479-4944-4994-8E32-B64B50BBF0DD}"
EndProject
Project("{9A19103F-16F7-4668-BE54-9A1E7A4F7556}") = "App1", "S119\App1\App1.csproj", "{C4642A58-59FD-45A1-A670-1216ACC6707E}"
EndProject
Project("{9A19103F-16F7-4668-BE54-9A1E7A4F7556}") = "App2", "S119\App2\App2.csproj", "{BD300BCA-B67B-4AC0-A293-18796B15A762}"
EndProject
Project("{9A19103F-16F7-4668-BE54-9A1E7A4F7556}") = "Shared", "S119\Shared\Shared.csproj", "{0B0725A3-79B6-48A6-8EA3-78AC954898E6}"
EndProject
Project("{2150E333-8FDC-42A3-9474-1A3956D46DE8}") = "20", "20", "{D4DE63FF-613A-4922-A42B-4DC3B5C2A0B2}"
EndProject
Project("{9A19103F-16F7-4668-BE54-9A1E7A4F7556}") = "App1", "S120\App1\App1.csproj", "{1E592414-9CB3-4A83-A70B-73E119C0A63E}"
EndProject
Project("{9A19103F-16F7-4668-BE54-9A1E7A4F7556}") = "App2", "S120\App2\App2.csproj", "{4647D7FB-6069-42F9-B71E-CAB4AF242B5E}"
EndProject
Project("{9A19103F-16F7-4668-BE54-9A1E7A4F7556}") = "Shared", "S120\Shared\Shared.csproj", "{05BDA543-BE24-4306-B2A4-E245037AC371}"
EndProject
Global
	GlobalSection(SolutionConfigurationPlatforms) = preSolution
		Debug|Any CPU = Debug|Any CPU
		Release|Any CPU = Release|Any CPU
	EndGlobalSection
	GlobalSection(ProjectConfigurationPlatforms) = postSolution
		{C4D08CEF-E267-4A0A-A96A-F19C9BFCB1A8}.Debug|Any CPU.ActiveCfg = Debug|Any CPU
		{C4D08CEF-E267-4A0A-A96A-F19C9BFCB1A8}.Debug|Any CPU.Build.0 = Debug|Any CPU
		{C4D08CEF-E267-4A0A-A96A-F19C9BFCB1A8}.Release|Any CPU.ActiveCfg = Release|Any CPU
		{C4D08CEF-E267-4A0A-A96A-F19C9BFCB1A8}.Release|Any CPU.Build.0 = Release|Any CPU
		{87D28DA8-C7DA-4414-9446-ABBC8FD76D2E}.Debug|Any CPU.ActiveCfg = Debug|Any CPU
		{87D28DA8-C7DA-4414-9446-ABBC8FD76D2E}.Debug|Any CPU.Build.0 = Debug|Any CPU
		{87D28DA8-C7DA-4414-9446-ABBC8FD76D2E}.Release|Any CPU.ActiveCfg = Release|Any CPU
		{87D28DA8-C7DA-4414-9446-ABBC8FD76D2E}.Release|Any CPU.Build.0 = Release|Any CPU
		{B79C5FC0-3264-4E80-91DE-15DDDAEDF4BC}.Debug|Any CPU.ActiveCfg = Debug|Any CPU
		{B79C5FC0-3264-4E80-91DE-15DDDAEDF4BC}.Debug|Any CPU.Build.0 = Debug|Any CPU
		{B79C5FC0-3264-4E80-91DE-15DDDAEDF4BC}.Release|Any CPU.ActiveCfg = Release|Any CPU
		{B79C5FC0-3264-4E80-91DE-15DDDAEDF4BC}.Release|Any CPU.Build.0 = Release|Any CPU
		{E090F01F-5FE9-4EDD-9D4A-476E3FB27033}.Debug|Any CPU.ActiveCfg = Debug|Any CPU
		{E090F01F-5FE9-4EDD-9D4A-476E3FB27033}.Debug|Any CPU.Build.0 = Debug|Any CPU
		{E090F01F-5FE9-4EDD-9D4A-476E3FB27033}.Release|Any CPU.ActiveCfg = Release|Any CPU
		{E090F01F-5FE9-4EDD-9D4A-476E3FB27033}.Release|Any CPU.Build.0 = Release|Any CPU
		{3001F2B7-ACF5-457F-A9E2-4479BE1F8E5E}.Debug|Any CPU.ActiveCfg = Debug|Any CPU
		{3001F2B7-ACF5-457F-A9E2-4479BE1F8E5E}.Debug|Any CPU.Build.0 = Debug|Any CPU
		{3001F2B7-ACF5-457F-A9E2-4479BE1F8E5E}.Release|Any CPU.ActiveCfg = Release|Any CPU
		{3001F2B7-ACF5-457F-A9E2-4479BE1F8E5E}.Release|Any CPU.Build.0 = Release|Any CPU
		{F83FEE99-F0F6-4E8F-846B-6DA19CBDCD05}.Debug|Any CPU.ActiveCfg = Debug|Any CPU
		{F83FEE99-F0F6-4E8F-846B-6DA19CBDCD05}.Debug|Any CPU.Build.0 = Debug|Any CPU
		{F83FEE99-F0F6-4E8F-846B-6DA19CBDCD05}.Release|Any CPU.ActiveCfg = Release|Any CPU
		{F83FEE99-F0F6-4E8F-846B-6DA19CBDCD05}.Release|Any CPU.Build.0 = Release|Any CPU
		{512D6A27-9B95-4B6C-83EB-CF4D49A81D27}.Debug|Any CPU.ActiveCfg = Debug|Any CPU
		{512D6A27-9B95-4B6C-83EB-CF4D49A81D27}.Debug|Any CPU.Build.0 = Debug|Any CPU
		{512D6A27-9B95-4B6C-83EB-CF4D49A81D27}.Release|Any CPU.ActiveCfg = Release|Any CPU
		{512D6A27-9B95-4B6C-83EB-CF4D49A81D27}.Release|Any CPU.Build.0 = Release|Any CPU
		{9E6BF790-52B8-49A3-97AD-752437EA7130}.Debug|Any CPU.ActiveCfg = Debug|Any CPU
		{9E6BF790-52B8-49A3-97AD-752437EA7130}.Debug|Any CPU.Build.0 = Debug|Any CPU
		{9E6BF790-52B8-49A3-97AD-752437EA7130}.Release|Any CPU.ActiveCfg = Release|Any CPU
		{9E6BF790-52B8-49A3-97AD-752437EA7130}.Release|Any CPU.Build.0 = Release|Any CPU
		{1A765E08-5875-4120-A511-40E0C3D2EA3C}.Debug|Any CPU.ActiveCfg = Debug|Any CPU
		{1A765E08-5875-4120-A511-40E0C3D2EA3C}.Debug|Any CPU.Build.0 = Debug|Any CPU
		{1A765E08-5875-4120-A511-40E0C3D2EA3C}.Release|Any CPU.ActiveCfg = Release|Any CPU
		{1A765E08-5875-4120-A511-40E0C3D2EA3C}.Release|Any CPU.Build.0 = Release|Any CPU
		{AEEBCFB7-6E5F-47DF-935C-7B55669FE990}.Debug|Any CPU.ActiveCfg = Debug|Any CPU
		{AEEBCFB7-6E5F-47DF-935C-7B55669FE990}.Debug|Any CPU.Build.0 = Debug|Any CPU
		{AEEBCFB7-6E5F-47DF-935C-7B55669FE990}.Release|Any CPU.ActiveCfg = Release|Any CPU
		{AEEBCFB7-6E5F-47DF-935C-7B55669FE990}.Release|Any CPU.Build.0 = Release|Any CPU
		{620A43DD-89ED-4F20-8074-85F1523D6B68}.Debug|Any CPU.ActiveCfg = Debug|Any CPU
		{620A43DD-89ED-4F20-8074-85F1523D6B68}.Debug|Any CPU.Build.0 = Debug|Any CPU
		{620A43DD-89ED-4F20-8074-85F1523D6B68}.Release|Any CPU.ActiveCfg = Release|Any CPU
		{620A43DD-89ED-4F20-8074-85F1523D6B68}.Release|Any CPU.Build.0 = Release|Any CPU
		{33E3459B-6304-416A-811B-C95E3463D941}.Debug|Any CPU.ActiveCfg = Debug|Any CPU
		{33E3459B-6304-416A-811B-C95E3463D941}.Debug|Any CPU.Build.0 = Debug|Any CPU
		{33E3459B-6304-416A-811B-C95E3463D941}.Release|Any CPU.ActiveCfg = Release|Any CPU
		{33E3459B-6304-416A-811B-C95E3463D941}.Release|Any CPU.Build.0 = Release|Any CPU
		{00A9EE2E-703B-45A3-9A8B-A23715533C9A}.Debug|Any CPU.ActiveCfg = Debug|Any CPU
		{00A9EE2E-703B-45A3-9A8B-A23715533C9A}.Debug|Any CPU.Build.0 = Debug|Any CPU
		{00A9EE2E-703B-45A3-9A8B-A23715533C9A}.Release|Any CPU.ActiveCfg = Release|Any CPU
		{00A9EE2E-703B-45A3-9A8B-A23715533C9A}.Release|Any CPU.Build.0 = Release|Any CPU
		{FDEF251A-A87B-427E-AC28-B9DEA24729B8}.Debug|Any CPU.ActiveCfg = Debug|Any CPU
		{FDEF251A-A87B-427E-AC28-B9DEA24729B8}.Debug|Any CPU.Build.0 = Debug|Any CPU
		{FDEF251A-A87B-427E-AC28-B9DEA24729B8}.Release|Any CPU.ActiveCfg = Release|Any CPU
		{FDEF251A-A87B-427E-AC28-B9DEA24729B8}.Release|Any CPU.Build.0 = Release|Any CPU
		{92DCFD8A-28E0-4EF5-BE25-ADD9C45E5C24}.Debug|Any CPU.ActiveCfg = Debug|Any CPU
		{92DCFD8A-28E0-4EF5-BE25-ADD9C45E5C24}.Debug|Any CPU.Build.0 = Debug|Any CPU
		{92DCFD8A-28E0-4EF5-BE25-ADD9C45E5C24}.Release|Any CPU.ActiveCfg = Release|Any CPU
		{92DCFD8A-28E0-4EF5-BE25-ADD9C45E5C24}.Release|Any CPU.Build.0 = Release|Any CPU
		{D2B2679F-56BC-4F61-A4B9-69075AD49FF5}.Debug|Any CPU.ActiveCfg = Debug|Any CPU
		{D2B2679F-56BC-4F61-A4B9-69075AD49FF5}.Debug|Any CPU.Build.0 = Debug|Any CPU
		{D2B2679F-56BC-4F61-A4B9-69075AD49FF5}.Release|Any CPU.ActiveCfg = Release|Any CPU
		{D2B2679F-56BC-4F61-A4B9-69075AD49FF5}.Release|Any CPU.Build.0 = Release|Any CPU
		{BCB99B7E-8442-445C-BE8C-364BF5532ADD}.Debug|Any CPU.ActiveCfg = Debug|Any CPU
		{BCB99B7E-8442-445C-BE8C-364BF5532ADD}.Debug|Any CPU.Build.0 = Debug|Any CPU
		{BCB99B7E-8442-445C-BE8C-364BF5532ADD}.Release|Any CPU.ActiveCfg = Release|Any CPU
		{BCB99B7E-8442-445C-BE8C-364BF5532ADD}.Release|Any CPU.Build.0 = Release|Any CPU
		{96555BEA-53D3-40A5-B38A-8AB478FFE8AD}.Debug|Any CPU.ActiveCfg = Debug|Any CPU
		{96555BEA-53D3-40A5-B38A-8AB478FFE8AD}.Debug|Any CPU.Build.0 = Debug|Any CPU
		{96555BEA-53D3-40A5-B38A-8AB478FFE8AD}.Release|Any CPU.ActiveCfg = Release|Any CPU
		{96555BEA-53D3-40A5-B38A-8AB478FFE8AD}.Release|Any CPU.Build.0 = Release|Any CPU
		{AE05BBA0-FEF5-460C-92C6-AF6FD9AF97D3}.Debug|Any CPU.ActiveCfg = Debug|Any CPU
		{AE05BBA0-FEF5-460C-92C6-AF6FD9AF97D3}.Debug|Any CPU.Build.0 = Debug|Any CPU
		{AE05BBA0-FEF5-460C-92C6-AF6FD9AF97D3}.Release|Any CPU.ActiveCfg = Release|Any CPU
		{AE05BBA0-FEF5-460C-92C6-AF6FD9AF97D3}.Release|Any CPU.Build.0 = Release|Any CPU
		{B0327845-28C5-4D06-89C3-5C115CB88871}.Debug|Any CPU.ActiveCfg = Debug|Any CPU
		{B0327845-28C5-4D06-89C3-5C115CB88871}.Debug|Any CPU.Build.0 = Debug|Any CPU
		{B0327845-28C5-4D06-89C3-5C115CB88871}.Release|Any CPU.ActiveCfg = Release|Any CPU
		{B0327845-28C5-4D06-89C3-5C115CB88871}.Release|Any CPU.Build.0 = Release|Any CPU
		{50797CDA-EDF7-46A3-8DDB-C43553671CE9}.Debug|Any CPU.ActiveCfg = Debug|Any CPU
		{50797CDA-EDF7-46A3-8DDB-C43553671CE9}.Debug|Any CPU.Build.0 = Debug|Any CPU
		{50797CDA-EDF7-46A3-8DDB-C43553671CE9}.Release|Any CPU.ActiveCfg = Release|Any CPU
		{50797CDA-EDF7-46A3-8DDB-C43553671CE9}.Release|Any CPU.Build.0 = Release|Any CPU
		{2F767E19-FEFA-4E72-99E2-E480EF126AB4}.Debug|Any CPU.ActiveCfg = Debug|Any CPU
		{2F767E19-FEFA-4E72-99E2-E480EF126AB4}.Debug|Any CPU.Build.0 = Debug|Any CPU
		{2F767E19-FEFA-4E72-99E2-E480EF126AB4}.Release|Any CPU.ActiveCfg = Release|Any CPU
		{2F767E19-FEFA-4E72-99E2-E480EF126AB4}.Release|Any CPU.Build.0 = Release|Any CPU
		{0C14D105-195F-4030-A788-940D3CA5004D}.Debug|Any CPU.ActiveCfg = Debug|Any CPU
		{0C14D105-195F-4030-A788-940D3CA5004D}.Debug|Any CPU.Build.0 = Debug|Any CPU
		{0C14D105-195F-4030-A788-940D3CA5004D}.Release|Any CPU.ActiveCfg = Release|Any CPU
		{0C14D105-195F-4030-A788-940D3CA5004D}.Release|Any CPU.Build.0 = Release|Any CPU
		{DC23EADA-FE7D-4AA5-878E-0A0128C24E47}.Debug|Any CPU.ActiveCfg = Debug|Any CPU
		{DC23EADA-FE7D-4AA5-878E-0A0128C24E47}.Debug|Any CPU.Build.0 = Debug|Any CPU
		{DC23EADA-FE7D-4AA5-878E-0A0128C24E47}.Release|Any CPU.ActiveCfg = Release|Any CPU
		{DC23EADA-FE7D-4AA5-878E-0A0128C24E47}.Release|Any CPU.Build.0 = Release|Any CPU
		{C4642A58-59FD-45A1-A670-1216ACC6707E}.Debug|Any CPU.ActiveCfg = Debug|Any CPU
		{C4642A58-59FD-45A1-A670-1216ACC6707E}.Debug|Any CPU.Build.0 = Debug|Any CPU
		{C4642A58-59FD-45A1-A670-1216ACC6707E}.Release|Any CPU.ActiveCfg = Release|Any CPU
		{C4642A58-59FD-45A1-A670-1216ACC6707E}.Release|Any CPU.Build.0 = Release|Any CPU
		{BD300BCA-B67B-4AC0-A293-18796B15A762}.Debug|Any CPU.ActiveCfg = Debug|Any CPU
		{BD300BCA-B67B-4AC0-A293-18796B15A762}.Debug|Any CPU.Build.0 = Debug|Any CPU
		{BD300BCA-B67B-4AC0-A293-18796B15A762}.Release|Any CPU.ActiveCfg = Release|Any CPU
		{BD300BCA-B67B-4AC0-A293-18796B15A762}.Release|Any CPU.Build.0 = Release|Any CPU
		{0B0725A3-79B6-48A6-8EA3-78AC954898E6}.Debug|Any CPU.ActiveCfg = Debug|Any CPU
		{0B0725A3-79B6-48A6-8EA3-78AC954898E6}.Debug|Any CPU.Build.0 = Debug|Any CPU
		{0B0725A3-79B6-48A6-8EA3-78AC954898E6}.Release|Any CPU.ActiveCfg = Release|Any CPU
		{0B0725A3-79B6-48A6-8EA3-78AC954898E6}.Release|Any CPU.Build.0 = Release|Any CPU
		{1E592414-9CB3-4A83-A70B-73E119C0A63E}.Debug|Any CPU.ActiveCfg = Debug|Any CPU
		{1E592414-9CB3-4A83-A70B-73E119C0A63E}.Debug|Any CPU.Build.0 = Debug|Any CPU
		{1E592414-9CB3-4A83-A70B-73E119C0A63E}.Release|Any CPU.ActiveCfg = Release|Any CPU
		{1E592414-9CB3-4A83-A70B-73E119C0A63E}.Release|Any CPU.Build.0 = Release|Any CPU
		{4647D7FB-6069-42F9-B71E-CAB4AF242B5E}.Debug|Any CPU.ActiveCfg = Debug|Any CPU
		{4647D7FB-6069-42F9-B71E-CAB4AF242B5E}.Debug|Any CPU.Build.0 = Debug|Any CPU
		{4647D7FB-6069-42F9-B71E-CAB4AF242B5E}.Release|Any CPU.ActiveCfg = Release|Any CPU
		{4647D7FB-6069-42F9-B71E-CAB4AF242B5E}.Release|Any CPU.Build.0 = Release|Any CPU
		{05BDA543-BE24-4306-B2A4-E245037AC371}.Debug|Any CPU.ActiveCfg = Debug|Any CPU
		{05BDA543-BE24-4306-B2A4-E245037AC371}.Debug|Any CPU.Build.0 = Debug|Any CPU
		{05BDA543-BE24-4306-B2A4-E245037AC371}.Release|Any CPU.ActiveCfg = Release|Any CPU
		{05BDA543-BE24-4306-B2A4-E245037AC371}.Release|Any CPU.Build.0 = Release|Any CPU
	EndGlobalSection
	GlobalSection(SolutionProperties) = preSolution
		HideSolutionNode = FALSE
	EndGlobalSection
	GlobalSection(NestedProjects) = preSolution
		{C4D08CEF-E267-4A0A-A96A-F19C9BFCB1A8} = {D30FB35E-93F1-481F-98F3-7323E39AC419}
		{87D28DA8-C7DA-4414-9446-ABBC8FD76D2E} = {AC1B6FFA-616C-43C5-9920-F01EA68CE133}
		{B79C5FC0-3264-4E80-91DE-15DDDAEDF4BC} = {B8713553-ADB1-4AB0-A6F3-3E73CF1F0AAB}
		{E090F01F-5FE9-4EDD-9D4A-476E3FB27033} = {DB6C716D-7D60-4FCC-A752-CF2AB75AFC88}
		{3001F2B7-ACF5-457F-A9E2-4479BE1F8E5E} = {9B072352-082B-485D-857E-F6B75E9A9A6D}
		{F83FEE99-F0F6-4E8F-846B-6DA19CBDCD05} = {6C959998-A052-4CB9-A83E-D863A2D94A45}
		{512D6A27-9B95-4B6C-83EB-CF4D49A81D27} = {5EAA64D3-94AD-47F8-94A0-6481D9EE9FE5}
		{9E6BF790-52B8-49A3-97AD-752437EA7130} = {F3AF3F6C-52A1-4846-B712-EF0CCB8588B9}
		{1A765E08-5875-4120-A511-40E0C3D2EA3C} = {F3678A33-36B4-4604-AAB8-AF1942394523}
		{AEEBCFB7-6E5F-47DF-935C-7B55669FE990} = {44BA3333-D7F0-4483-B353-2EF04B5FA714}
		{620A43DD-89ED-4F20-8074-85F1523D6B68} = {9B1A8336-08ED-4093-822F-B74A5635556A}
		{33E3459B-6304-416A-811B-C95E3463D941} = {B97A7E18-0A75-44C8-94BA-6BD1B2694CF0}
		{00A9EE2E-703B-45A3-9A8B-A23715533C9A} = {EBB181E7-74D2-49E4-B4F8-6E83C5A65CB6}
		{FDEF251A-A87B-427E-AC28-B9DEA24729B8} = {CF0D2859-0F38-4FEA-85C6-57302C941B46}
		{92DCFD8A-28E0-4EF5-BE25-ADD9C45E5C24} = {77517A96-4189-4376-AE1D-E7EE15CAF804}
		{D2B2679F-56BC-4F61-A4B9-69075AD49FF5} = {742FE4C4-C534-47B8-A64D-A9D4DB3E32C8}
		{BCB99B7E-8442-445C-BE8C-364BF5532ADD} = {742FE4C4-C534-47B8-A64D-A9D4DB3E32C8}
		{96555BEA-53D3-40A5-B38A-8AB478FFE8AD} = {742FE4C4-C534-47B8-A64D-A9D4DB3E32C8}
		{AE05BBA0-FEF5-460C-92C6-AF6FD9AF97D3} = {4B509760-E1B1-49A1-A59D-435ABE7A0BED}
		{B0327845-28C5-4D06-89C3-5C115CB88871} = {4B509760-E1B1-49A1-A59D-435ABE7A0BED}
		{50797CDA-EDF7-46A3-8DDB-C43553671CE9} = {4B509760-E1B1-49A1-A59D-435ABE7A0BED}
		{2F767E19-FEFA-4E72-99E2-E480EF126AB4} = {2D5EED3A-8C17-42CF-877B-D98F0CA99ED6}
		{0C14D105-195F-4030-A788-940D3CA5004D} = {2D5EED3A-8C17-42CF-877B-D98F0CA99ED6}
		{DC23EADA-FE7D-4AA5-878E-0A0128C24E47} = {2D5EED3A-8C17-42CF-877B-D98F0CA99ED6}
		{C4642A58-59FD-45A1-A670-1216ACC6707E} = {36DF2479-4944-4994-8E32-B64B50BBF0DD}
		{BD300BCA-B67B-4AC0-A293-18796B15A762} = {36DF2479-4944-4994-8E32-B64B50BBF0DD}
		{0B0725A3-79B6-48A6-8EA3-78AC954898E6} = {36DF2479-4944-4994-8E32-B64B50BBF0DD}
		{1E592414-9CB3-4A83-A70B-73E119C0A63E} = {D4DE63FF-613A-4922-A42B-4DC3B5C2A0B2}
		{4647D7FB-6069-42F9-B71E-CAB4AF242B5E} = {D4DE63FF-613A-4922-A42B-4DC3B5C2A0B2}
		{05BDA543-BE24-4306-B2A4-E245037AC371} = {D4DE63FF-613A-4922-A42B-4DC3B5C2A0B2}
	EndGlobalSection
	GlobalSection(ExtensibilityGlobals) = postSolution
		SolutionGuid = {92012721-9BC8-4299-A1D9-D66551915207}
	EndGlobalSection
EndGlobal
