
Microsoft Visual Studio Solution File, Format Version 12.00
# Visual Studio Version 17
VisualStudioVersion = 17.0.31410.414
MinimumVisualStudioVersion = 10.0.40219.1
Project("{FAE04EC0-301F-11D3-BF4B-00C04F79EFBC}") = "App", "App.csproj", "{61484076-BCF2-4958-8E2A-A61FAED5C34F}"
EndProject
Global
	GlobalSection(SolutionConfigurationPlatforms) = preSolution
		Debug|Any CPU = Debug|Any CPU
		Release|Any CPU = Release|Any CPU
	EndGlobalSection
	GlobalSection(ProjectConfigurationPlatforms) = postSolution
		{61484076-BCF2-4958-8E2A-A61FAED5C34F}.Debug|Any CPU.ActiveCfg = Debug|Any CPU
		{61484076-BCF2-4958-8E2A-A61FAED5C34F}.Debug|Any CPU.Build.0 = Debug|Any CPU
		{61484076-BCF2-4958-8E2A-A61FAED5C34F}.Release|Any CPU.ActiveCfg = Release|Any CPU
		{61484076-BCF2-4958-8E2A-A61FAED5C34F}.Release|Any CPU.Build.0 = Release|Any CPU
	EndGlobalSection
	GlobalSection(SolutionProperties) = preSolution
		HideSolutionNode = FALSE
	EndGlobalSection
	GlobalSection(ExtensibilityGlobals) = postSolution
		SolutionGuid = {A0FAD152-FB85-4CE8-A3DD-7F04C6EE9429}
	EndGlobalSection
EndGlobal
