
Microsoft Visual Studio Solution File, Format Version 12.00
# Visual Studio Version 17
VisualStudioVersion = 17.0.31903.59
MinimumVisualStudioVersion = 10.0.40219.1
Project("{2150E333-8FDC-42A3-9474-1A3956D46DE8}") = "01", "01", "{22DDC9FA-F6FE-4E7D-9F09-FCE39C2ED19E}"
EndProject
Project("{9A19103F-16F7-4668-BE54-9A1E7A4F7556}") = "App", "S2501\App.csproj", "{411A27DA-D82A-435F-AF90-0FB79EACF288}"
EndProject
Project("{2150E333-8FDC-42A3-9474-1A3956D46DE8}") = "02", "02", "{F92F40EB-547A-4121-8A4F-E8896AA2CB86}"
EndProject
Project("{9A19103F-16F7-4668-BE54-9A1E7A4F7556}") = "App", "S2502\App.csproj", "{B4D0F127-D519-427C-A9FF-97EE7EEC6C85}"
EndProject
Project("{2150E333-8FDC-42A3-9474-1A3956D46DE8}") = "03", "03", "{9B79D3E1-C367-4883-B77F-B11B65F46B0B}"
EndProject
Project("{9A19103F-16F7-4668-BE54-9A1E7A4F7556}") = "App", "S2503\App.csproj", "{E7C3921F-19B5-46CD-A1F4-E78535B11FEF}"
EndProject
Project("{2150E333-8FDC-42A3-9474-1A3956D46DE8}") = "04", "04", "{4669EA58-917A-44C4-8659-106990905269}"
EndProject
Project("{9A19103F-16F7-4668-BE54-9A1E7A4F7556}") = "App", "S2504\App.csproj", "{2F56147C-F057-4712-9C83-F8ABF06CE3E0}"
EndProject
Project("{2150E333-8FDC-42A3-9474-1A3956D46DE8}") = "05", "05", "{EFEDCBCC-0097-4316-B200-9752E91F8BB9}"
EndProject
Project("{9A19103F-16F7-4668-BE54-9A1E7A4F7556}") = "App", "S2505\App.csproj", "{3B7ABAB4-E0BD-4D6E-85D4-E87CB2AB2305}"
EndProject
Global
	GlobalSection(SolutionConfigurationPlatforms) = preSolution
		Debug|Any CPU = Debug|Any CPU
		Release|Any CPU = Release|Any CPU
	EndGlobalSection
	GlobalSection(ProjectConfigurationPlatforms) = postSolution
		{411A27DA-D82A-435F-AF90-0FB79EACF288}.Debug|Any CPU.ActiveCfg = Debug|Any CPU
		{411A27DA-D82A-435F-AF90-0FB79EACF288}.Debug|Any CPU.Build.0 = Debug|Any CPU
		{411A27DA-D82A-435F-AF90-0FB79EACF288}.Release|Any CPU.ActiveCfg = Release|Any CPU
		{411A27DA-D82A-435F-AF90-0FB79EACF288}.Release|Any CPU.Build.0 = Release|Any CPU
		{B4D0F127-D519-427C-A9FF-97EE7EEC6C85}.Debug|Any CPU.ActiveCfg = Debug|Any CPU
		{B4D0F127-D519-427C-A9FF-97EE7EEC6C85}.Debug|Any CPU.Build.0 = Debug|Any CPU
		{B4D0F127-D519-427C-A9FF-97EE7EEC6C85}.Release|Any CPU.ActiveCfg = Release|Any CPU
		{B4D0F127-D519-427C-A9FF-97EE7EEC6C85}.Release|Any CPU.Build.0 = Release|Any CPU
		{E7C3921F-19B5-46CD-A1F4-E78535B11FEF}.Debug|Any CPU.ActiveCfg = Debug|Any CPU
		{E7C3921F-19B5-46CD-A1F4-E78535B11FEF}.Debug|Any CPU.Build.0 = Debug|Any CPU
		{E7C3921F-19B5-46CD-A1F4-E78535B11FEF}.Release|Any CPU.ActiveCfg = Release|Any CPU
		{E7C3921F-19B5-46CD-A1F4-E78535B11FEF}.Release|Any CPU.Build.0 = Release|Any CPU
		{2F56147C-F057-4712-9C83-F8ABF06CE3E0}.Debug|Any CPU.ActiveCfg = Debug|Any CPU
		{2F56147C-F057-4712-9C83-F8ABF06CE3E0}.Debug|Any CPU.Build.0 = Debug|Any CPU
		{2F56147C-F057-4712-9C83-F8ABF06CE3E0}.Release|Any CPU.ActiveCfg = Release|Any CPU
		{2F56147C-F057-4712-9C83-F8ABF06CE3E0}.Release|Any CPU.Build.0 = Release|Any CPU
		{3B7ABAB4-E0BD-4D6E-85D4-E87CB2AB2305}.Debug|Any CPU.ActiveCfg = Debug|Any CPU
		{3B7ABAB4-E0BD-4D6E-85D4-E87CB2AB2305}.Debug|Any CPU.Build.0 = Debug|Any CPU
		{3B7ABAB4-E0BD-4D6E-85D4-E87CB2AB2305}.Release|Any CPU.ActiveCfg = Release|Any CPU
		{3B7ABAB4-E0BD-4D6E-85D4-E87CB2AB2305}.Release|Any CPU.Build.0 = Release|Any CPU
	EndGlobalSection
	GlobalSection(SolutionProperties) = preSolution
		HideSolutionNode = FALSE
	EndGlobalSection
	GlobalSection(NestedProjects) = preSolution
		{411A27DA-D82A-435F-AF90-0FB79EACF288} = {22DDC9FA-F6FE-4E7D-9F09-FCE39C2ED19E}
		{B4D0F127-D519-427C-A9FF-97EE7EEC6C85} = {F92F40EB-547A-4121-8A4F-E8896AA2CB86}
		{E7C3921F-19B5-46CD-A1F4-E78535B11FEF} = {9B79D3E1-C367-4883-B77F-B11B65F46B0B}
		{2F56147C-F057-4712-9C83-F8ABF06CE3E0} = {4669EA58-917A-44C4-8659-106990905269}
		{3B7ABAB4-E0BD-4D6E-85D4-E87CB2AB2305} = {EFEDCBCC-0097-4316-B200-9752E91F8BB9}
	EndGlobalSection
	GlobalSection(ExtensibilityGlobals) = postSolution
		SolutionGuid = {EC3FCBE3-E76D-4127-B472-026A2C510F05}
	EndGlobalSection
EndGlobal
