
Microsoft Visual Studio Solution File, Format Version 12.00
# Visual Studio Version 17
VisualStudioVersion = 17.0.31903.59
MinimumVisualStudioVersion = 10.0.40219.1
Project("{2150E333-8FDC-42A3-9474-1A3956D46DE8}") = "01", "01", "{77BA6B60-E878-49A0-A1F1-BC9CF8585565}"
EndProject
Project("{9A19103F-16F7-4668-BE54-9A1E7A4F7556}") = "App", "S1001\App.csproj", "{ED8DF7A3-5546-45BF-B1BF-7BCC50219D14}"
EndProject
Project("{2150E333-8FDC-42A3-9474-1A3956D46DE8}") = "02", "02", "{2DB29A91-3347-49AD-ACE8-192190666D4D}"
EndProject
Project("{9A19103F-16F7-4668-BE54-9A1E7A4F7556}") = "App", "S1002\App.csproj", "{C06CEAE0-FA0A-45AB-B3B1-BFBF24817ED3}"
EndProject
Project("{2150E333-8FDC-42A3-9474-1A3956D46DE8}") = "03", "03", "{464DE066-D50F-48BC-BF27-BDAB3C621DA1}"
EndProject
Project("{9A19103F-16F7-4668-BE54-9A1E7A4F7556}") = "App", "S1003\App.csproj", "{3AF53A46-BCDA-4609-90E1-D8F20F2E1129}"
EndProject
Project("{2150E333-8FDC-42A3-9474-1A3956D46DE8}") = "04", "04", "{4C664E71-7291-48F4-83A7-3F93C36DF912}"
EndProject
Project("{9A19103F-16F7-4668-BE54-9A1E7A4F7556}") = "App", "S1004\App.csproj", "{FFB13F7D-DE28-43E4-B4B2-569E6FB8B73E}"
EndProject
Project("{2150E333-8FDC-42A3-9474-1A3956D46DE8}") = "05", "05", "{5AC787D6-5CD4-4F41-8BEA-91270346B932}"
EndProject
Project("{9A19103F-16F7-4668-BE54-9A1E7A4F7556}") = "App", "S1005\App.csproj", "{1DE0A8BB-B495-4ECC-B07A-FD99453BCEDD}"
EndProject
Project("{2150E333-8FDC-42A3-9474-1A3956D46DE8}") = "06", "06", "{D94A7B7E-156A-43DC-B290-06A014E3B31E}"
EndProject
Project("{9A19103F-16F7-4668-BE54-9A1E7A4F7556}") = "App", "S1006\App.csproj", "{31BF183A-25DF-4A7E-AD3A-983BED94C769}"
EndProject
Project("{2150E333-8FDC-42A3-9474-1A3956D46DE8}") = "07", "07", "{1E35E4E6-18D7-48DD-B351-74CD584A90A0}"
EndProject
Project("{9A19103F-16F7-4668-BE54-9A1E7A4F7556}") = "App", "S1007\App.csproj", "{A1753E37-360B-4E24-8003-28AD69880452}"
EndProject
Project("{2150E333-8FDC-42A3-9474-1A3956D46DE8}") = "08", "08", "{A7707DBB-DC4A-4951-BB68-4F5E56EBF1E3}"
EndProject
Project("{9A19103F-16F7-4668-BE54-9A1E7A4F7556}") = "App", "S1008\App.csproj", "{CA97B60A-E775-47AA-A51E-BA24413264E6}"
EndProject
Project("{2150E333-8FDC-42A3-9474-1A3956D46DE8}") = "09", "09", "{E68F84F6-D6F3-4734-8D54-8C932417E877}"
EndProject
Project("{9A19103F-16F7-4668-BE54-9A1E7A4F7556}") = "App", "S1009\App.csproj", "{6A276714-5482-4CAD-9FC5-04C808D92A42}"
EndProject
Project("{2150E333-8FDC-42A3-9474-1A3956D46DE8}") = "10", "10", "{4EB0B66A-36F1-47FD-9E33-146BCC0128B1}"
EndProject
Project("{9A19103F-16F7-4668-BE54-9A1E7A4F7556}") = "App", "S1010\App.csproj", "{4529D29F-0196-4417-AD1F-2F957E77EB58}"
EndProject
Global
	GlobalSection(SolutionConfigurationPlatforms) = preSolution
		Debug|Any CPU = Debug|Any CPU
		Release|Any CPU = Release|Any CPU
	EndGlobalSection
	GlobalSection(ProjectConfigurationPlatforms) = postSolution
		{ED8DF7A3-5546-45BF-B1BF-7BCC50219D14}.Debug|Any CPU.ActiveCfg = Debug|Any CPU
		{ED8DF7A3-5546-45BF-B1BF-7BCC50219D14}.Debug|Any CPU.Build.0 = Debug|Any CPU
		{ED8DF7A3-5546-45BF-B1BF-7BCC50219D14}.Release|Any CPU.ActiveCfg = Release|Any CPU
		{ED8DF7A3-5546-45BF-B1BF-7BCC50219D14}.Release|Any CPU.Build.0 = Release|Any CPU
		{C06CEAE0-FA0A-45AB-B3B1-BFBF24817ED3}.Debug|Any CPU.ActiveCfg = Debug|Any CPU
		{C06CEAE0-FA0A-45AB-B3B1-BFBF24817ED3}.Debug|Any CPU.Build.0 = Debug|Any CPU
		{C06CEAE0-FA0A-45AB-B3B1-BFBF24817ED3}.Release|Any CPU.ActiveCfg = Release|Any CPU
		{C06CEAE0-FA0A-45AB-B3B1-BFBF24817ED3}.Release|Any CPU.Build.0 = Release|Any CPU
		{3AF53A46-BCDA-4609-90E1-D8F20F2E1129}.Debug|Any CPU.ActiveCfg = Debug|Any CPU
		{3AF53A46-BCDA-4609-90E1-D8F20F2E1129}.Debug|Any CPU.Build.0 = Debug|Any CPU
		{3AF53A46-BCDA-4609-90E1-D8F20F2E1129}.Release|Any CPU.ActiveCfg = Release|Any CPU
		{3AF53A46-BCDA-4609-90E1-D8F20F2E1129}.Release|Any CPU.Build.0 = Release|Any CPU
		{FFB13F7D-DE28-43E4-B4B2-569E6FB8B73E}.Debug|Any CPU.ActiveCfg = Debug|Any CPU
		{FFB13F7D-DE28-43E4-B4B2-569E6FB8B73E}.Debug|Any CPU.Build.0 = Debug|Any CPU
		{FFB13F7D-DE28-43E4-B4B2-569E6FB8B73E}.Release|Any CPU.ActiveCfg = Release|Any CPU
		{FFB13F7D-DE28-43E4-B4B2-569E6FB8B73E}.Release|Any CPU.Build.0 = Release|Any CPU
		{1DE0A8BB-B495-4ECC-B07A-FD99453BCEDD}.Debug|Any CPU.ActiveCfg = Debug|Any CPU
		{1DE0A8BB-B495-4ECC-B07A-FD99453BCEDD}.Debug|Any CPU.Build.0 = Debug|Any CPU
		{1DE0A8BB-B495-4ECC-B07A-FD99453BCEDD}.Release|Any CPU.ActiveCfg = Release|Any CPU
		{1DE0A8BB-B495-4ECC-B07A-FD99453BCEDD}.Release|Any CPU.Build.0 = Release|Any CPU
		{31BF183A-25DF-4A7E-AD3A-983BED94C769}.Debug|Any CPU.ActiveCfg = Debug|Any CPU
		{31BF183A-25DF-4A7E-AD3A-983BED94C769}.Debug|Any CPU.Build.0 = Debug|Any CPU
		{31BF183A-25DF-4A7E-AD3A-983BED94C769}.Release|Any CPU.ActiveCfg = Release|Any CPU
		{31BF183A-25DF-4A7E-AD3A-983BED94C769}.Release|Any CPU.Build.0 = Release|Any CPU
		{A1753E37-360B-4E24-8003-28AD69880452}.Debug|Any CPU.ActiveCfg = Debug|Any CPU
		{A1753E37-360B-4E24-8003-28AD69880452}.Debug|Any CPU.Build.0 = Debug|Any CPU
		{A1753E37-360B-4E24-8003-28AD69880452}.Release|Any CPU.ActiveCfg = Release|Any CPU
		{A1753E37-360B-4E24-8003-28AD69880452}.Release|Any CPU.Build.0 = Release|Any CPU
		{CA97B60A-E775-47AA-A51E-BA24413264E6}.Debug|Any CPU.ActiveCfg = Debug|Any CPU
		{CA97B60A-E775-47AA-A51E-BA24413264E6}.Debug|Any CPU.Build.0 = Debug|Any CPU
		{CA97B60A-E775-47AA-A51E-BA24413264E6}.Release|Any CPU.ActiveCfg = Release|Any CPU
		{CA97B60A-E775-47AA-A51E-BA24413264E6}.Release|Any CPU.Build.0 = Release|Any CPU
		{6A276714-5482-4CAD-9FC5-04C808D92A42}.Debug|Any CPU.ActiveCfg = Debug|Any CPU
		{6A276714-5482-4CAD-9FC5-04C808D92A42}.Debug|Any CPU.Build.0 = Debug|Any CPU
		{6A276714-5482-4CAD-9FC5-04C808D92A42}.Release|Any CPU.ActiveCfg = Release|Any CPU
		{6A276714-5482-4CAD-9FC5-04C808D92A42}.Release|Any CPU.Build.0 = Release|Any CPU
		{4529D29F-0196-4417-AD1F-2F957E77EB58}.Debug|Any CPU.ActiveCfg = Debug|Any CPU
		{4529D29F-0196-4417-AD1F-2F957E77EB58}.Debug|Any CPU.Build.0 = Debug|Any CPU
		{4529D29F-0196-4417-AD1F-2F957E77EB58}.Release|Any CPU.ActiveCfg = Release|Any CPU
		{4529D29F-0196-4417-AD1F-2F957E77EB58}.Release|Any CPU.Build.0 = Release|Any CPU
	EndGlobalSection
	GlobalSection(SolutionProperties) = preSolution
		HideSolutionNode = FALSE
	EndGlobalSection
	GlobalSection(NestedProjects) = preSolution
		{ED8DF7A3-5546-45BF-B1BF-7BCC50219D14} = {77BA6B60-E878-49A0-A1F1-BC9CF8585565}
		{C06CEAE0-FA0A-45AB-B3B1-BFBF24817ED3} = {2DB29A91-3347-49AD-ACE8-192190666D4D}
		{3AF53A46-BCDA-4609-90E1-D8F20F2E1129} = {464DE066-D50F-48BC-BF27-BDAB3C621DA1}
		{FFB13F7D-DE28-43E4-B4B2-569E6FB8B73E} = {4C664E71-7291-48F4-83A7-3F93C36DF912}
		{1DE0A8BB-B495-4ECC-B07A-FD99453BCEDD} = {5AC787D6-5CD4-4F41-8BEA-91270346B932}
		{31BF183A-25DF-4A7E-AD3A-983BED94C769} = {D94A7B7E-156A-43DC-B290-06A014E3B31E}
		{A1753E37-360B-4E24-8003-28AD69880452} = {1E35E4E6-18D7-48DD-B351-74CD584A90A0}
		{CA97B60A-E775-47AA-A51E-BA24413264E6} = {A7707DBB-DC4A-4951-BB68-4F5E56EBF1E3}
		{6A276714-5482-4CAD-9FC5-04C808D92A42} = {E68F84F6-D6F3-4734-8D54-8C932417E877}
		{4529D29F-0196-4417-AD1F-2F957E77EB58} = {4EB0B66A-36F1-47FD-9E33-146BCC0128B1}
	EndGlobalSection
	GlobalSection(ExtensibilityGlobals) = postSolution
		SolutionGuid = {EC3FCBE3-E76D-4127-B472-026A2C510F05}
	EndGlobalSection
EndGlobal
