
Microsoft Visual Studio Solution File, Format Version 12.00
# Visual Studio Version 17
VisualStudioVersion = 17.0.31912.275
MinimumVisualStudioVersion = 10.0.40219.1
Project("{FAE04EC0-301F-11D3-BF4B-00C04F79EFBC}") = "App", "App\App.csproj", "{8488B48B-DEC0-49EA-90FA-E9462BEEA69D}"
EndProject
Global
	GlobalSection(SolutionConfigurationPlatforms) = preSolution
		Debug|Any CPU = Debug|Any CPU
		Release|Any CPU = Release|Any CPU
	EndGlobalSection
	GlobalSection(ProjectConfigurationPlatforms) = postSolution
		{8488B48B-DEC0-49EA-90FA-E9462BEEA69D}.Debug|Any CPU.ActiveCfg = Debug|Any CPU
		{8488B48B-DEC0-49EA-90FA-E9462BEEA69D}.Debug|Any CPU.Build.0 = Debug|Any CPU
		{8488B48B-DEC0-49EA-90FA-E9462BEEA69D}.Release|Any CPU.ActiveCfg = Release|Any CPU
		{8488B48B-DEC0-49EA-90FA-E9462BEEA69D}.Release|Any CPU.Build.0 = Release|Any CPU
	EndGlobalSection
	GlobalSection(SolutionProperties) = preSolution
		HideSolutionNode = FALSE
	EndGlobalSection
	GlobalSection(ExtensibilityGlobals) = postSolution
		SolutionGuid = {1EA6E3AA-166C-4F54-9336-7E582526F99D}
	EndGlobalSection
EndGlobal
