
Microsoft Visual Studio Solution File, Format Version 12.00
# Visual Studio Version 17
VisualStudioVersion = 17.0.31903.59
MinimumVisualStudioVersion = 10.0.40219.1
Project("{2150E333-8FDC-42A3-9474-1A3956D46DE8}") = "01", "01", "{457CEFD2-816E-4C54-939B-84123E9C2484}"
EndProject
Project("{9A19103F-16F7-4668-BE54-9A1E7A4F7556}") = "App", "S801\App.csproj", "{F32DA301-05F0-4F15-94DB-D34B9977DF8D}"
EndProject
Project("{2150E333-8FDC-42A3-9474-1A3956D46DE8}") = "02", "02", "{EFBD42BE-700F-4EB4-97AB-B7FC25A51CDE}"
EndProject
Project("{9A19103F-16F7-4668-BE54-9A1E7A4F7556}") = "App", "S802\App.csproj", "{C0B126F9-9445-4798-BCB3-02EFB95FB7D4}"
EndProject
Project("{2150E333-8FDC-42A3-9474-1A3956D46DE8}") = "03", "03", "{2AE553AF-3B17-4D21-90FB-E86FA0278657}"
EndProject
Project("{9A19103F-16F7-4668-BE54-9A1E7A4F7556}") = "App", "S803\App.csproj", "{0976AA48-BFE1-4483-A321-867DBD024F94}"
EndProject
Project("{2150E333-8FDC-42A3-9474-1A3956D46DE8}") = "04", "04", "{849D6526-DB59-4D81-B9B1-CCA541ED1538}"
EndProject
Project("{9A19103F-16F7-4668-BE54-9A1E7A4F7556}") = "App", "S804\App.csproj", "{1977BD96-453A-4335-A4B4-C574F571A42D}"
EndProject
Project("{2150E333-8FDC-42A3-9474-1A3956D46DE8}") = "05", "05", "{3FDE5F45-6B6F-4C9C-9B9B-87205FCC1933}"
EndProject
Project("{9A19103F-16F7-4668-BE54-9A1E7A4F7556}") = "App", "S805\App.csproj", "{F8EA51E8-5EF4-43A1-8071-92E7535C7C06}"
EndProject
Project("{2150E333-8FDC-42A3-9474-1A3956D46DE8}") = "06", "06", "{DC6BB17A-9AB6-4819-A5EA-224C5B23C263}"
EndProject
Project("{9A19103F-16F7-4668-BE54-9A1E7A4F7556}") = "App", "S806\App.csproj", "{7291E5F7-AD9C-4A58-8E62-260C8BD4B0A0}"
EndProject
Project("{2150E333-8FDC-42A3-9474-1A3956D46DE8}") = "07", "07", "{F7FA3675-D6CA-44CF-8E31-9AD10442B2CD}"
EndProject
Project("{9A19103F-16F7-4668-BE54-9A1E7A4F7556}") = "App", "S807\App.csproj", "{C9A12AB3-A4B9-4CD5-82EE-8FB18B9DD8ED}"
EndProject
Project("{2150E333-8FDC-42A3-9474-1A3956D46DE8}") = "08", "08", "{1A0A2BC8-136A-4317-BA81-DF77E52A80C5}"
EndProject
Project("{9A19103F-16F7-4668-BE54-9A1E7A4F7556}") = "App", "S808\App.csproj", "{5CF0A91A-7708-4CBF-A8FC-4B18EE41A3A2}"
EndProject
Project("{2150E333-8FDC-42A3-9474-1A3956D46DE8}") = "09", "09", "{8F960C6C-AA93-4732-8D30-DA22F48FAC06}"
EndProject
Project("{9A19103F-16F7-4668-BE54-9A1E7A4F7556}") = "App", "S809\App.csproj", "{67075026-10D7-448A-826A-D67023EA4F95}"
EndProject
Project("{2150E333-8FDC-42A3-9474-1A3956D46DE8}") = "10", "10", "{FFAB43CE-1EC1-4EDB-98DF-AF0A768EE1B4}"
EndProject
Project("{9A19103F-16F7-4668-BE54-9A1E7A4F7556}") = "App", "S810\App.csproj", "{52E1BE77-A314-44BF-BEF4-E6FC0A6CA3E2}"
EndProject
Project("{2150E333-8FDC-42A3-9474-1A3956D46DE8}") = "11", "11", "{4B929C50-1A99-4B26-B740-592A97E37882}"
EndProject
Project("{9A19103F-16F7-4668-BE54-9A1E7A4F7556}") = "App", "S811\App.csproj", "{AF3D4A87-5DFA-4C07-88D7-5E2B7ABB817B}"
EndProject
Project("{2150E333-8FDC-42A3-9474-1A3956D46DE8}") = "12", "12", "{F6AB48AF-3CC8-4213-8760-9E25EFD77DDA}"
EndProject
Project("{9A19103F-16F7-4668-BE54-9A1E7A4F7556}") = "App", "S812\App.csproj", "{180B5366-29E0-4C7D-809E-A6694FCD8858}"
EndProject
Global
	GlobalSection(SolutionConfigurationPlatforms) = preSolution
		Debug|Any CPU = Debug|Any CPU
		Release|Any CPU = Release|Any CPU
	EndGlobalSection
	GlobalSection(ProjectConfigurationPlatforms) = postSolution
		{F32DA301-05F0-4F15-94DB-D34B9977DF8D}.Debug|Any CPU.ActiveCfg = Debug|Any CPU
		{F32DA301-05F0-4F15-94DB-D34B9977DF8D}.Debug|Any CPU.Build.0 = Debug|Any CPU
		{F32DA301-05F0-4F15-94DB-D34B9977DF8D}.Release|Any CPU.ActiveCfg = Release|Any CPU
		{F32DA301-05F0-4F15-94DB-D34B9977DF8D}.Release|Any CPU.Build.0 = Release|Any CPU
		{C0B126F9-9445-4798-BCB3-02EFB95FB7D4}.Debug|Any CPU.ActiveCfg = Debug|Any CPU
		{C0B126F9-9445-4798-BCB3-02EFB95FB7D4}.Debug|Any CPU.Build.0 = Debug|Any CPU
		{C0B126F9-9445-4798-BCB3-02EFB95FB7D4}.Release|Any CPU.ActiveCfg = Release|Any CPU
		{C0B126F9-9445-4798-BCB3-02EFB95FB7D4}.Release|Any CPU.Build.0 = Release|Any CPU
		{0976AA48-BFE1-4483-A321-867DBD024F94}.Debug|Any CPU.ActiveCfg = Debug|Any CPU
		{0976AA48-BFE1-4483-A321-867DBD024F94}.Debug|Any CPU.Build.0 = Debug|Any CPU
		{0976AA48-BFE1-4483-A321-867DBD024F94}.Release|Any CPU.ActiveCfg = Release|Any CPU
		{0976AA48-BFE1-4483-A321-867DBD024F94}.Release|Any CPU.Build.0 = Release|Any CPU
		{1977BD96-453A-4335-A4B4-C574F571A42D}.Debug|Any CPU.ActiveCfg = Debug|Any CPU
		{1977BD96-453A-4335-A4B4-C574F571A42D}.Debug|Any CPU.Build.0 = Debug|Any CPU
		{1977BD96-453A-4335-A4B4-C574F571A42D}.Release|Any CPU.ActiveCfg = Release|Any CPU
		{1977BD96-453A-4335-A4B4-C574F571A42D}.Release|Any CPU.Build.0 = Release|Any CPU
		{F8EA51E8-5EF4-43A1-8071-92E7535C7C06}.Debug|Any CPU.ActiveCfg = Debug|Any CPU
		{F8EA51E8-5EF4-43A1-8071-92E7535C7C06}.Debug|Any CPU.Build.0 = Debug|Any CPU
		{F8EA51E8-5EF4-43A1-8071-92E7535C7C06}.Release|Any CPU.ActiveCfg = Release|Any CPU
		{F8EA51E8-5EF4-43A1-8071-92E7535C7C06}.Release|Any CPU.Build.0 = Release|Any CPU
		{7291E5F7-AD9C-4A58-8E62-260C8BD4B0A0}.Debug|Any CPU.ActiveCfg = Debug|Any CPU
		{7291E5F7-AD9C-4A58-8E62-260C8BD4B0A0}.Debug|Any CPU.Build.0 = Debug|Any CPU
		{7291E5F7-AD9C-4A58-8E62-260C8BD4B0A0}.Release|Any CPU.ActiveCfg = Release|Any CPU
		{7291E5F7-AD9C-4A58-8E62-260C8BD4B0A0}.Release|Any CPU.Build.0 = Release|Any CPU
		{C9A12AB3-A4B9-4CD5-82EE-8FB18B9DD8ED}.Debug|Any CPU.ActiveCfg = Debug|Any CPU
		{C9A12AB3-A4B9-4CD5-82EE-8FB18B9DD8ED}.Debug|Any CPU.Build.0 = Debug|Any CPU
		{C9A12AB3-A4B9-4CD5-82EE-8FB18B9DD8ED}.Release|Any CPU.ActiveCfg = Release|Any CPU
		{C9A12AB3-A4B9-4CD5-82EE-8FB18B9DD8ED}.Release|Any CPU.Build.0 = Release|Any CPU
		{5CF0A91A-7708-4CBF-A8FC-4B18EE41A3A2}.Debug|Any CPU.ActiveCfg = Debug|Any CPU
		{5CF0A91A-7708-4CBF-A8FC-4B18EE41A3A2}.Debug|Any CPU.Build.0 = Debug|Any CPU
		{5CF0A91A-7708-4CBF-A8FC-4B18EE41A3A2}.Release|Any CPU.ActiveCfg = Release|Any CPU
		{5CF0A91A-7708-4CBF-A8FC-4B18EE41A3A2}.Release|Any CPU.Build.0 = Release|Any CPU
		{67075026-10D7-448A-826A-D67023EA4F95}.Debug|Any CPU.ActiveCfg = Debug|Any CPU
		{67075026-10D7-448A-826A-D67023EA4F95}.Debug|Any CPU.Build.0 = Debug|Any CPU
		{67075026-10D7-448A-826A-D67023EA4F95}.Release|Any CPU.ActiveCfg = Release|Any CPU
		{67075026-10D7-448A-826A-D67023EA4F95}.Release|Any CPU.Build.0 = Release|Any CPU
		{52E1BE77-A314-44BF-BEF4-E6FC0A6CA3E2}.Debug|Any CPU.ActiveCfg = Debug|Any CPU
		{52E1BE77-A314-44BF-BEF4-E6FC0A6CA3E2}.Debug|Any CPU.Build.0 = Debug|Any CPU
		{52E1BE77-A314-44BF-BEF4-E6FC0A6CA3E2}.Release|Any CPU.ActiveCfg = Release|Any CPU
		{52E1BE77-A314-44BF-BEF4-E6FC0A6CA3E2}.Release|Any CPU.Build.0 = Release|Any CPU
		{AF3D4A87-5DFA-4C07-88D7-5E2B7ABB817B}.Debug|Any CPU.ActiveCfg = Debug|Any CPU
		{AF3D4A87-5DFA-4C07-88D7-5E2B7ABB817B}.Debug|Any CPU.Build.0 = Debug|Any CPU
		{AF3D4A87-5DFA-4C07-88D7-5E2B7ABB817B}.Release|Any CPU.ActiveCfg = Release|Any CPU
		{AF3D4A87-5DFA-4C07-88D7-5E2B7ABB817B}.Release|Any CPU.Build.0 = Release|Any CPU
		{180B5366-29E0-4C7D-809E-A6694FCD8858}.Debug|Any CPU.ActiveCfg = Debug|Any CPU
		{180B5366-29E0-4C7D-809E-A6694FCD8858}.Debug|Any CPU.Build.0 = Debug|Any CPU
		{180B5366-29E0-4C7D-809E-A6694FCD8858}.Release|Any CPU.ActiveCfg = Release|Any CPU
		{180B5366-29E0-4C7D-809E-A6694FCD8858}.Release|Any CPU.Build.0 = Release|Any CPU
	EndGlobalSection
	GlobalSection(SolutionProperties) = preSolution
		HideSolutionNode = FALSE
	EndGlobalSection
	GlobalSection(NestedProjects) = preSolution
		{F32DA301-05F0-4F15-94DB-D34B9977DF8D} = {457CEFD2-816E-4C54-939B-84123E9C2484}
		{C0B126F9-9445-4798-BCB3-02EFB95FB7D4} = {EFBD42BE-700F-4EB4-97AB-B7FC25A51CDE}
		{0976AA48-BFE1-4483-A321-867DBD024F94} = {2AE553AF-3B17-4D21-90FB-E86FA0278657}
		{1977BD96-453A-4335-A4B4-C574F571A42D} = {849D6526-DB59-4D81-B9B1-CCA541ED1538}
		{F8EA51E8-5EF4-43A1-8071-92E7535C7C06} = {3FDE5F45-6B6F-4C9C-9B9B-87205FCC1933}
		{7291E5F7-AD9C-4A58-8E62-260C8BD4B0A0} = {DC6BB17A-9AB6-4819-A5EA-224C5B23C263}
		{C9A12AB3-A4B9-4CD5-82EE-8FB18B9DD8ED} = {F7FA3675-D6CA-44CF-8E31-9AD10442B2CD}
		{5CF0A91A-7708-4CBF-A8FC-4B18EE41A3A2} = {1A0A2BC8-136A-4317-BA81-DF77E52A80C5}
		{67075026-10D7-448A-826A-D67023EA4F95} = {8F960C6C-AA93-4732-8D30-DA22F48FAC06}
		{52E1BE77-A314-44BF-BEF4-E6FC0A6CA3E2} = {FFAB43CE-1EC1-4EDB-98DF-AF0A768EE1B4}
		{AF3D4A87-5DFA-4C07-88D7-5E2B7ABB817B} = {4B929C50-1A99-4B26-B740-592A97E37882}
		{180B5366-29E0-4C7D-809E-A6694FCD8858} = {F6AB48AF-3CC8-4213-8760-9E25EFD77DDA}
	EndGlobalSection
	GlobalSection(ExtensibilityGlobals) = postSolution
		SolutionGuid = {EC3FCBE3-E76D-4127-B472-026A2C510F05}
	EndGlobalSection
EndGlobal
