
Microsoft Visual Studio Solution File, Format Version 12.00
# Visual Studio Version 17
VisualStudioVersion = 17.0.31903.59
MinimumVisualStudioVersion = 10.0.40219.1
Project("{2150E333-8FDC-42A3-9474-1A3956D46DE8}") = "01", "01", "{85F54F4E-7E46-4420-85A4-41BAB938AD0A}"
EndProject
Project("{9A19103F-16F7-4668-BE54-9A1E7A4F7556}") = "App", "S1801\App\App.csproj", "{D2C80B62-059F-4289-912B-2AC841C2E8C4}"
EndProject
Project("{2150E333-8FDC-42A3-9474-1A3956D46DE8}") = "02", "02", "{7A396472-0AD9-45F8-A9FA-8822B388C1B8}"
EndProject
Project("{2150E333-8FDC-42A3-9474-1A3956D46DE8}") = "03", "03", "{766E89F3-040A-4F01-8DB0-81B4FFA6DA41}"
EndProject
Project("{2150E333-8FDC-42A3-9474-1A3956D46DE8}") = "04", "04", "{F0B75382-6AD2-451E-928E-4A588386B9A3}"
EndProject
Project("{9A19103F-16F7-4668-BE54-9A1E7A4F7556}") = "App", "S1802\App.csproj", "{B301EF61-F0FC-4365-8BB1-795D44DAA596}"
EndProject
Project("{9A19103F-16F7-4668-BE54-9A1E7A4F7556}") = "App", "S1803\App.csproj", "{7FEC7E96-490F-437A-842B-8FD5C8E1ACD0}"
EndProject
Project("{9A19103F-16F7-4668-BE54-9A1E7A4F7556}") = "App", "S1804\App.csproj", "{32FCB6EE-F393-4200-AB7E-53AC505E4045}"
EndProject
Project("{2150E333-8FDC-42A3-9474-1A3956D46DE8}") = "05", "05", "{833C70FB-5505-4028-8AA7-746387DF6057}"
EndProject
Project("{9A19103F-16F7-4668-BE54-9A1E7A4F7556}") = "App", "S1805\App.csproj", "{4CEA307B-C6E9-482D-9552-FD887B06A870}"
EndProject
Project("{2150E333-8FDC-42A3-9474-1A3956D46DE8}") = "06", "06", "{D23C6AF0-1B3F-47D2-A4C1-663C69C1B50E}"
EndProject
Project("{9A19103F-16F7-4668-BE54-9A1E7A4F7556}") = "App", "S1806\App.csproj", "{F6052059-ECC2-4371-88ED-CAFACBF9FDAE}"
EndProject
Global
	GlobalSection(SolutionConfigurationPlatforms) = preSolution
		Debug|Any CPU = Debug|Any CPU
		Release|Any CPU = Release|Any CPU
	EndGlobalSection
	GlobalSection(ProjectConfigurationPlatforms) = postSolution
		{D2C80B62-059F-4289-912B-2AC841C2E8C4}.Debug|Any CPU.ActiveCfg = Debug|Any CPU
		{D2C80B62-059F-4289-912B-2AC841C2E8C4}.Debug|Any CPU.Build.0 = Debug|Any CPU
		{D2C80B62-059F-4289-912B-2AC841C2E8C4}.Release|Any CPU.ActiveCfg = Release|Any CPU
		{D2C80B62-059F-4289-912B-2AC841C2E8C4}.Release|Any CPU.Build.0 = Release|Any CPU
		{B301EF61-F0FC-4365-8BB1-795D44DAA596}.Debug|Any CPU.ActiveCfg = Debug|Any CPU
		{B301EF61-F0FC-4365-8BB1-795D44DAA596}.Debug|Any CPU.Build.0 = Debug|Any CPU
		{B301EF61-F0FC-4365-8BB1-795D44DAA596}.Release|Any CPU.ActiveCfg = Release|Any CPU
		{B301EF61-F0FC-4365-8BB1-795D44DAA596}.Release|Any CPU.Build.0 = Release|Any CPU
		{7FEC7E96-490F-437A-842B-8FD5C8E1ACD0}.Debug|Any CPU.ActiveCfg = Debug|Any CPU
		{7FEC7E96-490F-437A-842B-8FD5C8E1ACD0}.Debug|Any CPU.Build.0 = Debug|Any CPU
		{7FEC7E96-490F-437A-842B-8FD5C8E1ACD0}.Release|Any CPU.ActiveCfg = Release|Any CPU
		{7FEC7E96-490F-437A-842B-8FD5C8E1ACD0}.Release|Any CPU.Build.0 = Release|Any CPU
		{32FCB6EE-F393-4200-AB7E-53AC505E4045}.Debug|Any CPU.ActiveCfg = Debug|Any CPU
		{32FCB6EE-F393-4200-AB7E-53AC505E4045}.Debug|Any CPU.Build.0 = Debug|Any CPU
		{32FCB6EE-F393-4200-AB7E-53AC505E4045}.Release|Any CPU.ActiveCfg = Release|Any CPU
		{32FCB6EE-F393-4200-AB7E-53AC505E4045}.Release|Any CPU.Build.0 = Release|Any CPU
		{4CEA307B-C6E9-482D-9552-FD887B06A870}.Debug|Any CPU.ActiveCfg = Debug|Any CPU
		{4CEA307B-C6E9-482D-9552-FD887B06A870}.Debug|Any CPU.Build.0 = Debug|Any CPU
		{4CEA307B-C6E9-482D-9552-FD887B06A870}.Release|Any CPU.ActiveCfg = Release|Any CPU
		{4CEA307B-C6E9-482D-9552-FD887B06A870}.Release|Any CPU.Build.0 = Release|Any CPU
		{F6052059-ECC2-4371-88ED-CAFACBF9FDAE}.Debug|Any CPU.ActiveCfg = Debug|Any CPU
		{F6052059-ECC2-4371-88ED-CAFACBF9FDAE}.Debug|Any CPU.Build.0 = Debug|Any CPU
		{F6052059-ECC2-4371-88ED-CAFACBF9FDAE}.Release|Any CPU.ActiveCfg = Release|Any CPU
		{F6052059-ECC2-4371-88ED-CAFACBF9FDAE}.Release|Any CPU.Build.0 = Release|Any CPU
	EndGlobalSection
	GlobalSection(SolutionProperties) = preSolution
		HideSolutionNode = FALSE
	EndGlobalSection
	GlobalSection(NestedProjects) = preSolution
		{D2C80B62-059F-4289-912B-2AC841C2E8C4} = {85F54F4E-7E46-4420-85A4-41BAB938AD0A}
		{B301EF61-F0FC-4365-8BB1-795D44DAA596} = {7A396472-0AD9-45F8-A9FA-8822B388C1B8}
		{7FEC7E96-490F-437A-842B-8FD5C8E1ACD0} = {766E89F3-040A-4F01-8DB0-81B4FFA6DA41}
		{32FCB6EE-F393-4200-AB7E-53AC505E4045} = {F0B75382-6AD2-451E-928E-4A588386B9A3}
		{4CEA307B-C6E9-482D-9552-FD887B06A870} = {833C70FB-5505-4028-8AA7-746387DF6057}
		{F6052059-ECC2-4371-88ED-CAFACBF9FDAE} = {D23C6AF0-1B3F-47D2-A4C1-663C69C1B50E}
	EndGlobalSection
	GlobalSection(ExtensibilityGlobals) = postSolution
		SolutionGuid = {EC3FCBE3-E76D-4127-B472-026A2C510F05}
	EndGlobalSection
EndGlobal
