
Microsoft Visual Studio Solution File, Format Version 12.00
# Visual Studio Version 17
VisualStudioVersion = 17.0.31717.71
MinimumVisualStudioVersion = 10.0.40219.1
Project("{FAE04EC0-301F-11D3-BF4B-00C04F79EFBC}") = "App", "App.csproj", "{CEC48F27-765A-42E5-B89D-38D105F7C480}"
EndProject
Global
	GlobalSection(SolutionConfigurationPlatforms) = preSolution
		Debug|Any CPU = Debug|Any CPU
		Release|Any CPU = Release|Any CPU
	EndGlobalSection
	GlobalSection(ProjectConfigurationPlatforms) = postSolution
		{CEC48F27-765A-42E5-B89D-38D105F7C480}.Debug|Any CPU.ActiveCfg = Debug|Any CPU
		{CEC48F27-765A-42E5-B89D-38D105F7C480}.Debug|Any CPU.Build.0 = Debug|Any CPU
		{CEC48F27-765A-42E5-B89D-38D105F7C480}.Release|Any CPU.ActiveCfg = Release|Any CPU
		{CEC48F27-765A-42E5-B89D-38D105F7C480}.Release|Any CPU.Build.0 = Release|Any CPU
	EndGlobalSection
	GlobalSection(SolutionProperties) = preSolution
		HideSolutionNode = FALSE
	EndGlobalSection
	GlobalSection(ExtensibilityGlobals) = postSolution
		SolutionGuid = {60076D7F-D521-47AB-A1E9-71BD5B443D30}
	EndGlobalSection
EndGlobal
