
Microsoft Visual Studio Solution File, Format Version 12.00
# Visual Studio Version 17
VisualStudioVersion = 17.0.31903.59
MinimumVisualStudioVersion = 10.0.40219.1
Project("{2150E333-8FDC-42A3-9474-1A3956D46DE8}") = "01", "01", "{66397007-3BB6-4381-9FB3-9E13FC634B79}"
EndProject
Project("{9A19103F-16F7-4668-BE54-9A1E7A4F7556}") = "App", "S1501\App.csproj", "{8B78F928-2271-4B7F-A328-9A4C1D710979}"
EndProject
Project("{2150E333-8FDC-42A3-9474-1A3956D46DE8}") = "02", "02", "{15D7B21D-4E4F-4CA2-B4C2-73DEEFD951AC}"
EndProject
Project("{9A19103F-16F7-4668-BE54-9A1E7A4F7556}") = "App", "S1502\App.csproj", "{E83DB7C9-77E9-4F09-8179-B1A8ED51F023}"
EndProject
Project("{2150E333-8FDC-42A3-9474-1A3956D46DE8}") = "03", "03", "{0BDB4243-ED8C-4228-9871-463EC8913EED}"
EndProject
Project("{9A19103F-16F7-4668-BE54-9A1E7A4F7556}") = "App", "S1503\App.csproj", "{66EE21C9-ACF4-4A44-B2F8-470574462BF5}"
EndProject
Project("{2150E333-8FDC-42A3-9474-1A3956D46DE8}") = "04", "04", "{B2202E76-F312-46F7-9E39-DABB1D564E4F}"
EndProject
Project("{9A19103F-16F7-4668-BE54-9A1E7A4F7556}") = "App", "S1504\App.csproj", "{DF23278D-1206-4BE4-B4FD-8EAB4E420FE7}"
EndProject
Project("{2150E333-8FDC-42A3-9474-1A3956D46DE8}") = "05", "05", "{7ECE4309-2892-4296-BF71-90ACC4085E3D}"
EndProject
Project("{9A19103F-16F7-4668-BE54-9A1E7A4F7556}") = "App", "S1505\App.csproj", "{2FA5FDF6-2D20-4134-872C-E7909954F7D5}"
EndProject
Project("{2150E333-8FDC-42A3-9474-1A3956D46DE8}") = "06", "06", "{FF0E7A8D-8212-4367-A192-974A37AFA2BD}"
EndProject
Project("{9A19103F-16F7-4668-BE54-9A1E7A4F7556}") = "App", "S1506\App.csproj", "{63C5CECE-6BC5-46A7-BC3E-D68D1504AAD3}"
EndProject
Project("{2150E333-8FDC-42A3-9474-1A3956D46DE8}") = "07", "07", "{335D2607-15F0-4FBE-8BA2-2D1721BB339E}"
EndProject
Project("{9A19103F-16F7-4668-BE54-9A1E7A4F7556}") = "App", "S1507\App.csproj", "{13951865-C39B-4E6B-8E9B-07BCF7D9AF7C}"
EndProject
Project("{2150E333-8FDC-42A3-9474-1A3956D46DE8}") = "08", "08", "{92510879-8980-45A7-83B4-93B2A24015B4}"
EndProject
Project("{9A19103F-16F7-4668-BE54-9A1E7A4F7556}") = "App", "S1508\App.csproj", "{27B4520B-A8D4-4F71-A8FA-0811F11FB02C}"
EndProject
Project("{2150E333-8FDC-42A3-9474-1A3956D46DE8}") = "09", "09", "{09943375-B67C-4782-A1D9-37496238F698}"
EndProject
Project("{9A19103F-16F7-4668-BE54-9A1E7A4F7556}") = "App", "S1509\App.csproj", "{22FDE5E4-CBC0-4C58-B601-44FD10EE61A8}"
EndProject
Project("{2150E333-8FDC-42A3-9474-1A3956D46DE8}") = "10", "10", "{ED96134A-256C-4B71-889B-5FDF0A1D6337}"
EndProject
Project("{9A19103F-16F7-4668-BE54-9A1E7A4F7556}") = "App", "S1510\App.csproj", "{04D16757-E662-4241-AD29-D38D4A48A44A}"
EndProject
Project("{2150E333-8FDC-42A3-9474-1A3956D46DE8}") = "11", "11", "{5D7F41DA-5F5E-4D6D-9287-C59ADF7EF997}"
EndProject
Project("{9A19103F-16F7-4668-BE54-9A1E7A4F7556}") = "App", "S1511\App.csproj", "{AC84094B-EB1D-4322-B3B0-E54CEE657F6D}"
EndProject
Project("{2150E333-8FDC-42A3-9474-1A3956D46DE8}") = "12", "12", "{DD414686-70B1-4C4F-A9C4-8AA39BC6224B}"
EndProject
Project("{9A19103F-16F7-4668-BE54-9A1E7A4F7556}") = "App", "S1512\App.csproj", "{2B1B6025-435A-4839-A35C-624E9DA21D67}"
EndProject
Project("{2150E333-8FDC-42A3-9474-1A3956D46DE8}") = "13", "13", "{F7B606B7-0B37-418A-A33F-50B3AB2711E8}"
EndProject
Project("{9A19103F-16F7-4668-BE54-9A1E7A4F7556}") = "App", "S1513\App.csproj", "{FA761248-4480-4D6D-AC7A-EB3BEB8305AD}"
EndProject
Project("{2150E333-8FDC-42A3-9474-1A3956D46DE8}") = "14", "14", "{1D11B86D-53F7-43E9-917A-58A502E8A982}"
EndProject
Project("{9A19103F-16F7-4668-BE54-9A1E7A4F7556}") = "App", "S1514\App.csproj", "{85B9996E-93AD-4805-A15B-7272222841E2}"
EndProject
Project("{2150E333-8FDC-42A3-9474-1A3956D46DE8}") = "15", "15", "{14923F73-6CC0-41E9-8CAA-912434472760}"
EndProject
Project("{9A19103F-16F7-4668-BE54-9A1E7A4F7556}") = "App", "S1515\App.csproj", "{5544D945-91D8-44E8-924D-37203C063AD7}"
EndProject
Project("{2150E333-8FDC-42A3-9474-1A3956D46DE8}") = "16", "16", "{7B1B28D0-74E5-4185-BAE7-04C3F5D04C5D}"
EndProject
Project("{9A19103F-16F7-4668-BE54-9A1E7A4F7556}") = "App", "S1516\App.csproj", "{3C0D9371-4391-4AAD-B3F5-893A5B3B6615}"
EndProject
Project("{2150E333-8FDC-42A3-9474-1A3956D46DE8}") = "17", "17", "{49FE9389-82A8-4C87-AB8A-3DD55387AB75}"
EndProject
Project("{9A19103F-16F7-4668-BE54-9A1E7A4F7556}") = "App", "S1517\App.csproj", "{10ED7E6F-CB8A-4880-B0F7-A16495E2E57B}"
EndProject
Project("{2150E333-8FDC-42A3-9474-1A3956D46DE8}") = "18", "18", "{03B2BC94-4BD3-46B1-AB09-FBD8B081C973}"
EndProject
Project("{9A19103F-16F7-4668-BE54-9A1E7A4F7556}") = "App", "S1518\App.csproj", "{30FFB1BC-8DF7-4D3F-A656-9A223A236124}"
EndProject
Project("{2150E333-8FDC-42A3-9474-1A3956D46DE8}") = "19", "19", "{1E60CC56-49D8-454C-8C0C-1A06AC4814FD}"
EndProject
Project("{9A19103F-16F7-4668-BE54-9A1E7A4F7556}") = "App", "S1519\App.csproj", "{F15D5E8C-3D9C-4008-9936-318216080998}"
EndProject
Global
	GlobalSection(SolutionConfigurationPlatforms) = preSolution
		Debug|Any CPU = Debug|Any CPU
		Release|Any CPU = Release|Any CPU
	EndGlobalSection
	GlobalSection(ProjectConfigurationPlatforms) = postSolution
		{8B78F928-2271-4B7F-A328-9A4C1D710979}.Debug|Any CPU.ActiveCfg = Debug|Any CPU
		{8B78F928-2271-4B7F-A328-9A4C1D710979}.Debug|Any CPU.Build.0 = Debug|Any CPU
		{8B78F928-2271-4B7F-A328-9A4C1D710979}.Release|Any CPU.ActiveCfg = Release|Any CPU
		{8B78F928-2271-4B7F-A328-9A4C1D710979}.Release|Any CPU.Build.0 = Release|Any CPU
		{E83DB7C9-77E9-4F09-8179-B1A8ED51F023}.Debug|Any CPU.ActiveCfg = Debug|Any CPU
		{E83DB7C9-77E9-4F09-8179-B1A8ED51F023}.Debug|Any CPU.Build.0 = Debug|Any CPU
		{E83DB7C9-77E9-4F09-8179-B1A8ED51F023}.Release|Any CPU.ActiveCfg = Release|Any CPU
		{E83DB7C9-77E9-4F09-8179-B1A8ED51F023}.Release|Any CPU.Build.0 = Release|Any CPU
		{66EE21C9-ACF4-4A44-B2F8-470574462BF5}.Debug|Any CPU.ActiveCfg = Debug|Any CPU
		{66EE21C9-ACF4-4A44-B2F8-470574462BF5}.Debug|Any CPU.Build.0 = Debug|Any CPU
		{66EE21C9-ACF4-4A44-B2F8-470574462BF5}.Release|Any CPU.ActiveCfg = Release|Any CPU
		{66EE21C9-ACF4-4A44-B2F8-470574462BF5}.Release|Any CPU.Build.0 = Release|Any CPU
		{DF23278D-1206-4BE4-B4FD-8EAB4E420FE7}.Debug|Any CPU.ActiveCfg = Debug|Any CPU
		{DF23278D-1206-4BE4-B4FD-8EAB4E420FE7}.Debug|Any CPU.Build.0 = Debug|Any CPU
		{DF23278D-1206-4BE4-B4FD-8EAB4E420FE7}.Release|Any CPU.ActiveCfg = Release|Any CPU
		{DF23278D-1206-4BE4-B4FD-8EAB4E420FE7}.Release|Any CPU.Build.0 = Release|Any CPU
		{2FA5FDF6-2D20-4134-872C-E7909954F7D5}.Debug|Any CPU.ActiveCfg = Debug|Any CPU
		{2FA5FDF6-2D20-4134-872C-E7909954F7D5}.Debug|Any CPU.Build.0 = Debug|Any CPU
		{2FA5FDF6-2D20-4134-872C-E7909954F7D5}.Release|Any CPU.ActiveCfg = Release|Any CPU
		{2FA5FDF6-2D20-4134-872C-E7909954F7D5}.Release|Any CPU.Build.0 = Release|Any CPU
		{63C5CECE-6BC5-46A7-BC3E-D68D1504AAD3}.Debug|Any CPU.ActiveCfg = Debug|Any CPU
		{63C5CECE-6BC5-46A7-BC3E-D68D1504AAD3}.Debug|Any CPU.Build.0 = Debug|Any CPU
		{63C5CECE-6BC5-46A7-BC3E-D68D1504AAD3}.Release|Any CPU.ActiveCfg = Release|Any CPU
		{63C5CECE-6BC5-46A7-BC3E-D68D1504AAD3}.Release|Any CPU.Build.0 = Release|Any CPU
		{13951865-C39B-4E6B-8E9B-07BCF7D9AF7C}.Debug|Any CPU.ActiveCfg = Debug|Any CPU
		{13951865-C39B-4E6B-8E9B-07BCF7D9AF7C}.Debug|Any CPU.Build.0 = Debug|Any CPU
		{13951865-C39B-4E6B-8E9B-07BCF7D9AF7C}.Release|Any CPU.ActiveCfg = Release|Any CPU
		{13951865-C39B-4E6B-8E9B-07BCF7D9AF7C}.Release|Any CPU.Build.0 = Release|Any CPU
		{27B4520B-A8D4-4F71-A8FA-0811F11FB02C}.Debug|Any CPU.ActiveCfg = Debug|Any CPU
		{27B4520B-A8D4-4F71-A8FA-0811F11FB02C}.Debug|Any CPU.Build.0 = Debug|Any CPU
		{27B4520B-A8D4-4F71-A8FA-0811F11FB02C}.Release|Any CPU.ActiveCfg = Release|Any CPU
		{27B4520B-A8D4-4F71-A8FA-0811F11FB02C}.Release|Any CPU.Build.0 = Release|Any CPU
		{22FDE5E4-CBC0-4C58-B601-44FD10EE61A8}.Debug|Any CPU.ActiveCfg = Debug|Any CPU
		{22FDE5E4-CBC0-4C58-B601-44FD10EE61A8}.Debug|Any CPU.Build.0 = Debug|Any CPU
		{22FDE5E4-CBC0-4C58-B601-44FD10EE61A8}.Release|Any CPU.ActiveCfg = Release|Any CPU
		{22FDE5E4-CBC0-4C58-B601-44FD10EE61A8}.Release|Any CPU.Build.0 = Release|Any CPU
		{04D16757-E662-4241-AD29-D38D4A48A44A}.Debug|Any CPU.ActiveCfg = Debug|Any CPU
		{04D16757-E662-4241-AD29-D38D4A48A44A}.Debug|Any CPU.Build.0 = Debug|Any CPU
		{04D16757-E662-4241-AD29-D38D4A48A44A}.Release|Any CPU.ActiveCfg = Release|Any CPU
		{04D16757-E662-4241-AD29-D38D4A48A44A}.Release|Any CPU.Build.0 = Release|Any CPU
		{AC84094B-EB1D-4322-B3B0-E54CEE657F6D}.Debug|Any CPU.ActiveCfg = Debug|Any CPU
		{AC84094B-EB1D-4322-B3B0-E54CEE657F6D}.Debug|Any CPU.Build.0 = Debug|Any CPU
		{AC84094B-EB1D-4322-B3B0-E54CEE657F6D}.Release|Any CPU.ActiveCfg = Release|Any CPU
		{AC84094B-EB1D-4322-B3B0-E54CEE657F6D}.Release|Any CPU.Build.0 = Release|Any CPU
		{2B1B6025-435A-4839-A35C-624E9DA21D67}.Debug|Any CPU.ActiveCfg = Debug|Any CPU
		{2B1B6025-435A-4839-A35C-624E9DA21D67}.Debug|Any CPU.Build.0 = Debug|Any CPU
		{2B1B6025-435A-4839-A35C-624E9DA21D67}.Release|Any CPU.ActiveCfg = Release|Any CPU
		{2B1B6025-435A-4839-A35C-624E9DA21D67}.Release|Any CPU.Build.0 = Release|Any CPU
		{FA761248-4480-4D6D-AC7A-EB3BEB8305AD}.Debug|Any CPU.ActiveCfg = Debug|Any CPU
		{FA761248-4480-4D6D-AC7A-EB3BEB8305AD}.Debug|Any CPU.Build.0 = Debug|Any CPU
		{FA761248-4480-4D6D-AC7A-EB3BEB8305AD}.Release|Any CPU.ActiveCfg = Release|Any CPU
		{FA761248-4480-4D6D-AC7A-EB3BEB8305AD}.Release|Any CPU.Build.0 = Release|Any CPU
		{85B9996E-93AD-4805-A15B-7272222841E2}.Debug|Any CPU.ActiveCfg = Debug|Any CPU
		{85B9996E-93AD-4805-A15B-7272222841E2}.Debug|Any CPU.Build.0 = Debug|Any CPU
		{85B9996E-93AD-4805-A15B-7272222841E2}.Release|Any CPU.ActiveCfg = Release|Any CPU
		{85B9996E-93AD-4805-A15B-7272222841E2}.Release|Any CPU.Build.0 = Release|Any CPU
		{5544D945-91D8-44E8-924D-37203C063AD7}.Debug|Any CPU.ActiveCfg = Debug|Any CPU
		{5544D945-91D8-44E8-924D-37203C063AD7}.Debug|Any CPU.Build.0 = Debug|Any CPU
		{5544D945-91D8-44E8-924D-37203C063AD7}.Release|Any CPU.ActiveCfg = Release|Any CPU
		{5544D945-91D8-44E8-924D-37203C063AD7}.Release|Any CPU.Build.0 = Release|Any CPU
		{3C0D9371-4391-4AAD-B3F5-893A5B3B6615}.Debug|Any CPU.ActiveCfg = Debug|Any CPU
		{3C0D9371-4391-4AAD-B3F5-893A5B3B6615}.Debug|Any CPU.Build.0 = Debug|Any CPU
		{3C0D9371-4391-4AAD-B3F5-893A5B3B6615}.Release|Any CPU.ActiveCfg = Release|Any CPU
		{3C0D9371-4391-4AAD-B3F5-893A5B3B6615}.Release|Any CPU.Build.0 = Release|Any CPU
		{10ED7E6F-CB8A-4880-B0F7-A16495E2E57B}.Debug|Any CPU.ActiveCfg = Debug|Any CPU
		{10ED7E6F-CB8A-4880-B0F7-A16495E2E57B}.Debug|Any CPU.Build.0 = Debug|Any CPU
		{10ED7E6F-CB8A-4880-B0F7-A16495E2E57B}.Release|Any CPU.ActiveCfg = Release|Any CPU
		{10ED7E6F-CB8A-4880-B0F7-A16495E2E57B}.Release|Any CPU.Build.0 = Release|Any CPU
		{30FFB1BC-8DF7-4D3F-A656-9A223A236124}.Debug|Any CPU.ActiveCfg = Debug|Any CPU
		{30FFB1BC-8DF7-4D3F-A656-9A223A236124}.Debug|Any CPU.Build.0 = Debug|Any CPU
		{30FFB1BC-8DF7-4D3F-A656-9A223A236124}.Release|Any CPU.ActiveCfg = Release|Any CPU
		{30FFB1BC-8DF7-4D3F-A656-9A223A236124}.Release|Any CPU.Build.0 = Release|Any CPU
		{F15D5E8C-3D9C-4008-9936-318216080998}.Debug|Any CPU.ActiveCfg = Debug|Any CPU
		{F15D5E8C-3D9C-4008-9936-318216080998}.Debug|Any CPU.Build.0 = Debug|Any CPU
		{F15D5E8C-3D9C-4008-9936-318216080998}.Release|Any CPU.ActiveCfg = Release|Any CPU
		{F15D5E8C-3D9C-4008-9936-318216080998}.Release|Any CPU.Build.0 = Release|Any CPU
	EndGlobalSection
	GlobalSection(SolutionProperties) = preSolution
		HideSolutionNode = FALSE
	EndGlobalSection
	GlobalSection(NestedProjects) = preSolution
		{8B78F928-2271-4B7F-A328-9A4C1D710979} = {66397007-3BB6-4381-9FB3-9E13FC634B79}
		{E83DB7C9-77E9-4F09-8179-B1A8ED51F023} = {15D7B21D-4E4F-4CA2-B4C2-73DEEFD951AC}
		{66EE21C9-ACF4-4A44-B2F8-470574462BF5} = {0BDB4243-ED8C-4228-9871-463EC8913EED}
		{DF23278D-1206-4BE4-B4FD-8EAB4E420FE7} = {B2202E76-F312-46F7-9E39-DABB1D564E4F}
		{2FA5FDF6-2D20-4134-872C-E7909954F7D5} = {7ECE4309-2892-4296-BF71-90ACC4085E3D}
		{63C5CECE-6BC5-46A7-BC3E-D68D1504AAD3} = {FF0E7A8D-8212-4367-A192-974A37AFA2BD}
		{13951865-C39B-4E6B-8E9B-07BCF7D9AF7C} = {335D2607-15F0-4FBE-8BA2-2D1721BB339E}
		{27B4520B-A8D4-4F71-A8FA-0811F11FB02C} = {92510879-8980-45A7-83B4-93B2A24015B4}
		{22FDE5E4-CBC0-4C58-B601-44FD10EE61A8} = {09943375-B67C-4782-A1D9-37496238F698}
		{04D16757-E662-4241-AD29-D38D4A48A44A} = {ED96134A-256C-4B71-889B-5FDF0A1D6337}
		{AC84094B-EB1D-4322-B3B0-E54CEE657F6D} = {5D7F41DA-5F5E-4D6D-9287-C59ADF7EF997}
		{2B1B6025-435A-4839-A35C-624E9DA21D67} = {DD414686-70B1-4C4F-A9C4-8AA39BC6224B}
		{FA761248-4480-4D6D-AC7A-EB3BEB8305AD} = {F7B606B7-0B37-418A-A33F-50B3AB2711E8}
		{85B9996E-93AD-4805-A15B-7272222841E2} = {1D11B86D-53F7-43E9-917A-58A502E8A982}
		{5544D945-91D8-44E8-924D-37203C063AD7} = {14923F73-6CC0-41E9-8CAA-912434472760}
		{3C0D9371-4391-4AAD-B3F5-893A5B3B6615} = {7B1B28D0-74E5-4185-BAE7-04C3F5D04C5D}
		{10ED7E6F-CB8A-4880-B0F7-A16495E2E57B} = {49FE9389-82A8-4C87-AB8A-3DD55387AB75}
		{30FFB1BC-8DF7-4D3F-A656-9A223A236124} = {03B2BC94-4BD3-46B1-AB09-FBD8B081C973}
		{F15D5E8C-3D9C-4008-9936-318216080998} = {1E60CC56-49D8-454C-8C0C-1A06AC4814FD}
	EndGlobalSection
	GlobalSection(ExtensibilityGlobals) = postSolution
		SolutionGuid = {EC3FCBE3-E76D-4127-B472-026A2C510F05}
	EndGlobalSection
EndGlobal
