
Microsoft Visual Studio Solution File, Format Version 12.00
# Visual Studio Version 17
VisualStudioVersion = 17.0.31903.59
MinimumVisualStudioVersion = 10.0.40219.1
Project("{2150E333-8FDC-42A3-9474-1A3956D46DE8}") = "01", "01", "{A4E5919B-F1A0-4AAA-BB41-8032DD493973}"
EndProject
Project("{9A19103F-16F7-4668-BE54-9A1E7A4F7556}") = "App", "S1401\App.csproj", "{14149B8E-61C7-4668-AF87-9B89CE95E2A7}"
EndProject
Project("{2150E333-8FDC-42A3-9474-1A3956D46DE8}") = "02", "02", "{6471032B-FADD-459F-9ADD-BCBE973F3B21}"
EndProject
Project("{9A19103F-16F7-4668-BE54-9A1E7A4F7556}") = "App", "S1402\App.csproj", "{DFDDFFA0-4D3C-4F0F-84C6-A862E734B2B9}"
EndProject
Project("{2150E333-8FDC-42A3-9474-1A3956D46DE8}") = "03", "03", "{AE469441-1703-4093-B707-F5DD01E69EC7}"
EndProject
Project("{9A19103F-16F7-4668-BE54-9A1E7A4F7556}") = "App", "S1403\App.csproj", "{5962CF08-C240-44B2-88C1-6497D6A48276}"
EndProject
Project("{2150E333-8FDC-42A3-9474-1A3956D46DE8}") = "04", "04", "{D20EA876-00A4-4D32-A6A4-4CFFF5B3A6B9}"
EndProject
Project("{9A19103F-16F7-4668-BE54-9A1E7A4F7556}") = "App", "S1404\App.csproj", "{02CC0A95-CDED-45EE-BA75-8F9C4B4B4B9E}"
EndProject
Project("{2150E333-8FDC-42A3-9474-1A3956D46DE8}") = "05", "05", "{F7E83486-AC53-4A5E-BB23-56F13E986246}"
EndProject
Project("{9A19103F-16F7-4668-BE54-9A1E7A4F7556}") = "App", "S1405\App.csproj", "{613C054D-4BD1-4EA4-8A62-B9B9AAEBFD3E}"
EndProject
Project("{2150E333-8FDC-42A3-9474-1A3956D46DE8}") = "06", "06", "{0059F112-A51F-4A3E-86D2-1A2939429C4C}"
EndProject
Project("{9A19103F-16F7-4668-BE54-9A1E7A4F7556}") = "App", "S1406\App.csproj", "{08216014-09A7-464E-A63B-32A4E6F81FEB}"
EndProject
Project("{2150E333-8FDC-42A3-9474-1A3956D46DE8}") = "07", "07", "{D8E61A70-A668-4A08-9091-7981A1C41B08}"
EndProject
Project("{9A19103F-16F7-4668-BE54-9A1E7A4F7556}") = "App", "S1407\App.csproj", "{EA1AB87F-E87E-43A9-8154-15C87226E71B}"
EndProject
Project("{2150E333-8FDC-42A3-9474-1A3956D46DE8}") = "08", "08", "{4AE3B153-1ABE-4B09-BC66-B1D713A2DAE1}"
EndProject
Project("{9A19103F-16F7-4668-BE54-9A1E7A4F7556}") = "App", "S1408\App.csproj", "{D1A16BF4-B796-4868-A0CB-8DAC3D781ABE}"
EndProject
Project("{2150E333-8FDC-42A3-9474-1A3956D46DE8}") = "09", "09", "{5E25CDAB-FA0F-4AA3-B5B9-7DF681CFFA26}"
EndProject
Project("{9A19103F-16F7-4668-BE54-9A1E7A4F7556}") = "App", "S1409\App.csproj", "{EC7B08F4-159C-48B2-A2F7-F7EB03517213}"
EndProject
Global
	GlobalSection(SolutionConfigurationPlatforms) = preSolution
		Debug|Any CPU = Debug|Any CPU
		Release|Any CPU = Release|Any CPU
	EndGlobalSection
	GlobalSection(ProjectConfigurationPlatforms) = postSolution
		{14149B8E-61C7-4668-AF87-9B89CE95E2A7}.Debug|Any CPU.ActiveCfg = Debug|Any CPU
		{14149B8E-61C7-4668-AF87-9B89CE95E2A7}.Debug|Any CPU.Build.0 = Debug|Any CPU
		{14149B8E-61C7-4668-AF87-9B89CE95E2A7}.Release|Any CPU.ActiveCfg = Release|Any CPU
		{14149B8E-61C7-4668-AF87-9B89CE95E2A7}.Release|Any CPU.Build.0 = Release|Any CPU
		{DFDDFFA0-4D3C-4F0F-84C6-A862E734B2B9}.Debug|Any CPU.ActiveCfg = Debug|Any CPU
		{DFDDFFA0-4D3C-4F0F-84C6-A862E734B2B9}.Debug|Any CPU.Build.0 = Debug|Any CPU
		{DFDDFFA0-4D3C-4F0F-84C6-A862E734B2B9}.Release|Any CPU.ActiveCfg = Release|Any CPU
		{DFDDFFA0-4D3C-4F0F-84C6-A862E734B2B9}.Release|Any CPU.Build.0 = Release|Any CPU
		{5962CF08-C240-44B2-88C1-6497D6A48276}.Debug|Any CPU.ActiveCfg = Debug|Any CPU
		{5962CF08-C240-44B2-88C1-6497D6A48276}.Debug|Any CPU.Build.0 = Debug|Any CPU
		{5962CF08-C240-44B2-88C1-6497D6A48276}.Release|Any CPU.ActiveCfg = Release|Any CPU
		{5962CF08-C240-44B2-88C1-6497D6A48276}.Release|Any CPU.Build.0 = Release|Any CPU
		{02CC0A95-CDED-45EE-BA75-8F9C4B4B4B9E}.Debug|Any CPU.ActiveCfg = Debug|Any CPU
		{02CC0A95-CDED-45EE-BA75-8F9C4B4B4B9E}.Debug|Any CPU.Build.0 = Debug|Any CPU
		{02CC0A95-CDED-45EE-BA75-8F9C4B4B4B9E}.Release|Any CPU.ActiveCfg = Release|Any CPU
		{02CC0A95-CDED-45EE-BA75-8F9C4B4B4B9E}.Release|Any CPU.Build.0 = Release|Any CPU
		{613C054D-4BD1-4EA4-8A62-B9B9AAEBFD3E}.Debug|Any CPU.ActiveCfg = Debug|Any CPU
		{613C054D-4BD1-4EA4-8A62-B9B9AAEBFD3E}.Debug|Any CPU.Build.0 = Debug|Any CPU
		{613C054D-4BD1-4EA4-8A62-B9B9AAEBFD3E}.Release|Any CPU.ActiveCfg = Release|Any CPU
		{613C054D-4BD1-4EA4-8A62-B9B9AAEBFD3E}.Release|Any CPU.Build.0 = Release|Any CPU
		{08216014-09A7-464E-A63B-32A4E6F81FEB}.Debug|Any CPU.ActiveCfg = Debug|Any CPU
		{08216014-09A7-464E-A63B-32A4E6F81FEB}.Debug|Any CPU.Build.0 = Debug|Any CPU
		{08216014-09A7-464E-A63B-32A4E6F81FEB}.Release|Any CPU.ActiveCfg = Release|Any CPU
		{08216014-09A7-464E-A63B-32A4E6F81FEB}.Release|Any CPU.Build.0 = Release|Any CPU
		{EA1AB87F-E87E-43A9-8154-15C87226E71B}.Debug|Any CPU.ActiveCfg = Debug|Any CPU
		{EA1AB87F-E87E-43A9-8154-15C87226E71B}.Debug|Any CPU.Build.0 = Debug|Any CPU
		{EA1AB87F-E87E-43A9-8154-15C87226E71B}.Release|Any CPU.ActiveCfg = Release|Any CPU
		{EA1AB87F-E87E-43A9-8154-15C87226E71B}.Release|Any CPU.Build.0 = Release|Any CPU
		{D1A16BF4-B796-4868-A0CB-8DAC3D781ABE}.Debug|Any CPU.ActiveCfg = Debug|Any CPU
		{D1A16BF4-B796-4868-A0CB-8DAC3D781ABE}.Debug|Any CPU.Build.0 = Debug|Any CPU
		{D1A16BF4-B796-4868-A0CB-8DAC3D781ABE}.Release|Any CPU.ActiveCfg = Release|Any CPU
		{D1A16BF4-B796-4868-A0CB-8DAC3D781ABE}.Release|Any CPU.Build.0 = Release|Any CPU
		{EC7B08F4-159C-48B2-A2F7-F7EB03517213}.Debug|Any CPU.ActiveCfg = Debug|Any CPU
		{EC7B08F4-159C-48B2-A2F7-F7EB03517213}.Debug|Any CPU.Build.0 = Debug|Any CPU
		{EC7B08F4-159C-48B2-A2F7-F7EB03517213}.Release|Any CPU.ActiveCfg = Release|Any CPU
		{EC7B08F4-159C-48B2-A2F7-F7EB03517213}.Release|Any CPU.Build.0 = Release|Any CPU
	EndGlobalSection
	GlobalSection(SolutionProperties) = preSolution
		HideSolutionNode = FALSE
	EndGlobalSection
	GlobalSection(NestedProjects) = preSolution
		{14149B8E-61C7-4668-AF87-9B89CE95E2A7} = {A4E5919B-F1A0-4AAA-BB41-8032DD493973}
		{DFDDFFA0-4D3C-4F0F-84C6-A862E734B2B9} = {6471032B-FADD-459F-9ADD-BCBE973F3B21}
		{5962CF08-C240-44B2-88C1-6497D6A48276} = {AE469441-1703-4093-B707-F5DD01E69EC7}
		{02CC0A95-CDED-45EE-BA75-8F9C4B4B4B9E} = {D20EA876-00A4-4D32-A6A4-4CFFF5B3A6B9}
		{613C054D-4BD1-4EA4-8A62-B9B9AAEBFD3E} = {F7E83486-AC53-4A5E-BB23-56F13E986246}
		{08216014-09A7-464E-A63B-32A4E6F81FEB} = {0059F112-A51F-4A3E-86D2-1A2939429C4C}
		{EA1AB87F-E87E-43A9-8154-15C87226E71B} = {D8E61A70-A668-4A08-9091-7981A1C41B08}
		{D1A16BF4-B796-4868-A0CB-8DAC3D781ABE} = {4AE3B153-1ABE-4B09-BC66-B1D713A2DAE1}
		{EC7B08F4-159C-48B2-A2F7-F7EB03517213} = {5E25CDAB-FA0F-4AA3-B5B9-7DF681CFFA26}
	EndGlobalSection
	GlobalSection(ExtensibilityGlobals) = postSolution
		SolutionGuid = {EC3FCBE3-E76D-4127-B472-026A2C510F05}
	EndGlobalSection
EndGlobal
