
Microsoft Visual Studio Solution File, Format Version 12.00
# Visual Studio Version 17
VisualStudioVersion = 17.0.31903.59
MinimumVisualStudioVersion = 10.0.40219.1
Project("{FAE04EC0-301F-11D3-BF4B-00C04F79EFBC}") = "Api", "Api\Api.csproj", "{47634FE7-DD92-4C79-B0D7-F00A60AA4849}"
EndProject
Project("{FAE04EC0-301F-11D3-BF4B-00C04F79EFBC}") = "App", "App\App.csproj", "{807F7067-2C6F-4DF2-B60D-12067F515C6B}"
EndProject
Global
	GlobalSection(SolutionConfigurationPlatforms) = preSolution
		Debug|Any CPU = Debug|Any CPU
		Release|Any CPU = Release|Any CPU
	EndGlobalSection
	GlobalSection(ProjectConfigurationPlatforms) = postSolution
		{47634FE7-DD92-4C79-B0D7-F00A60AA4849}.Debug|Any CPU.ActiveCfg = Debug|Any CPU
		{47634FE7-DD92-4C79-B0D7-F00A60AA4849}.Debug|Any CPU.Build.0 = Debug|Any CPU
		{47634FE7-DD92-4C79-B0D7-F00A60AA4849}.Release|Any CPU.ActiveCfg = Release|Any CPU
		{47634FE7-DD92-4C79-B0D7-F00A60AA4849}.Release|Any CPU.Build.0 = Release|Any CPU
		{807F7067-2C6F-4DF2-B60D-12067F515C6B}.Debug|Any CPU.ActiveCfg = Debug|Any CPU
		{807F7067-2C6F-4DF2-B60D-12067F515C6B}.Debug|Any CPU.Build.0 = Debug|Any CPU
		{807F7067-2C6F-4DF2-B60D-12067F515C6B}.Release|Any CPU.ActiveCfg = Release|Any CPU
		{807F7067-2C6F-4DF2-B60D-12067F515C6B}.Release|Any CPU.Build.0 = Release|Any CPU
	EndGlobalSection
	GlobalSection(SolutionProperties) = preSolution
		HideSolutionNode = FALSE
	EndGlobalSection
	GlobalSection(ExtensibilityGlobals) = postSolution
		SolutionGuid = {E277C938-BF76-4A08-97DB-A4BE8CAAF7DF}
	EndGlobalSection
EndGlobal
